
Microsoft Visual Studio Solution File, Format Version 12.00
# Visual Studio 2013
VisualStudioVersion = 12.0.40629.0
MinimumVisualStudioVersion = 10.0.40219.1
Project("{FAE04EC0-301F-11D3-BF4B-00C04F79EFBC}") = "Web4", "Web4.csproj", "{A34E819D-607A-45FA-87C2-CFEF760F58F1}"
	ProjectSection(ProjectDependencies) = postProject
		{CCA00A17-8310-4F1E-A1E2-DFE32483B02A} = {CCA00A17-8310-4F1E-A1E2-DFE32483B02A}
		{0AAE90F3-14E7-4DD8-8FCE-55AF88DC6698} = {0AAE90F3-14E7-4DD8-8FCE-55AF88DC6698}
	EndProjectSection
EndProject
Project("{FAE04EC0-301F-11D3-BF4B-00C04F79EFBC}") = "ObjectModel", "..\ObjectModel\ObjectModel.csproj", "{E88C653D-5518-4B96-9B99-6EFBD46A9141}"
	ProjectSection(ProjectDependencies) = postProject
		{0FD4B1DD-45A8-4F02-BEB0-5881CD512573} = {0FD4B1DD-45A8-4F02-BEB0-5881CD512573}
	EndProjectSection
EndProject
Project("{FAE04EC0-301F-11D3-BF4B-00C04F79EFBC}") = "NewLMComModel", "..\NewLMComModel\NewLMComModel.csproj", "{81713F8F-6D25-4E48-AE82-AC1BD2565442}"
EndProject
Project("{2150E333-8FDC-42A3-9474-1A3956D46DE8}") = "Libs", "Libs", "{A4B29FE9-48FA-4973-A5A4-B02F9920761A}"
EndProject
Project("{2150E333-8FDC-42A3-9474-1A3956D46DE8}") = "SLLibs", "SLLibs", "{AA8F1558-9FE4-4C50-9F9F-2DC43EEA5232}"
EndProject
Project("{FAE04EC0-301F-11D3-BF4B-00C04F79EFBC}") = "SLLib", "..\..\SLLib\SLLib.csproj", "{443CCFC2-2F27-4A5D-B6B6-A3EC07881D0B}"
EndProject
Project("{FAE04EC0-301F-11D3-BF4B-00C04F79EFBC}") = "Client", "..\..\rw2\client\Client.csproj", "{CCA00A17-8310-4F1E-A1E2-DFE32483B02A}"
EndProject
Project("{FAE04EC0-301F-11D3-BF4B-00C04F79EFBC}") = "SLExtension", "..\SLExtension\SLExtension.csproj", "{0AAE90F3-14E7-4DD8-8FCE-55AF88DC6698}"
EndProject
Project("{FAE04EC0-301F-11D3-BF4B-00C04F79EFBC}") = "ScormExNet35", "ScormExNet35\ScormExNet35.csproj", "{3D1E3BEB-CCF3-4E18-82FA-B7DB4DDFFDF6}"
EndProject
Project("{FAE04EC0-301F-11D3-BF4B-00C04F79EFBC}") = "EduAuthor", "..\EduAuthor\EduAuthor.csproj", "{0E71CDCE-D1C8-459E-AC82-2869F3200953}"
EndProject
Project("{FAE04EC0-301F-11D3-BF4B-00C04F79EFBC}") = "LMComExternal", "..\LMComExternal\LMComExternal.csproj", "{A0024FC2-C528-45F8-9391-4B45889E53D9}"
EndProject
Project("{FAE04EC0-301F-11D3-BF4B-00C04F79EFBC}") = "LMComLib", "..\LMComLib\LMComLib.csproj", "{C4201447-B3C3-4F3A-9E5F-4FF9B5F48570}"
EndProject
Project("{FAE04EC0-301F-11D3-BF4B-00C04F79EFBC}") = "LMDatabaseExtension", "..\LMDatabaseExtension\LMDatabaseExtension.csproj", "{6007A583-636D-46D4-BE41-7149B106E7EB}"
EndProject
Project("{2150E333-8FDC-42A3-9474-1A3956D46DE8}") = "Cubes", "Cubes", "{CF4B039C-7597-4B14-8CDD-8D449FBF66A1}"
EndProject
Project("{FAE04EC0-301F-11D3-BF4B-00C04F79EFBC}") = "CubesDeployment", "..\CubesDeployment\CubesDeployment.csproj", "{0FC085A6-D00C-4C2A-80F9-CAB83E9F5DF4}"
EndProject
Project("{FAE04EC0-301F-11D3-BF4B-00C04F79EFBC}") = "Test", "..\Test\Test.csproj", "{1C16CD79-8F0E-40CE-B332-4F489F8D0AE3}"
EndProject
Project("{2150E333-8FDC-42A3-9474-1A3956D46DE8}") = "Utils", "Utils", "{1001F659-7BD8-4F28-8CB6-BEE9331DCFE9}"
EndProject
Project("{FAE04EC0-301F-11D3-BF4B-00C04F79EFBC}") = "TheFreeDictionary", "..\Utils\TheFreeDictionary\SqlLite\TheFreeDictionary.csproj", "{C3E7B7B3-5821-4BC3-BFE3-8040C048F0F8}"
EndProject
Project("{FAE04EC0-301F-11D3-BF4B-00C04F79EFBC}") = "KDict", "..\utils\KDict\KDict.csproj", "{A87D1AB1-7245-46EA-86C1-EAFFECA0FDE5}"
EndProject
Project("{FAE04EC0-301F-11D3-BF4B-00C04F79EFBC}") = "LMClient", "..\LMClient\LMClient.csproj", "{A8303774-412F-46E0-9095-E3DFEFF58127}"
EndProject
Project("{FAE04EC0-301F-11D3-BF4B-00C04F79EFBC}") = "LMPortable", "..\LMPortable\LMPortable.csproj", "{471315BF-6C9F-491C-B057-3F85F1EC3509}"
EndProject
Project("{2150E333-8FDC-42A3-9474-1A3956D46DE8}") = "Offline", "Offline", "{0E441056-ABDE-4D06-921D-1B85085959DB}"
EndProject
Project("{FAE04EC0-301F-11D3-BF4B-00C04F79EFBC}") = "LMWindows", "..\LMWindows\LMWindows.csproj", "{EEF7AA6D-3C87-415C-912C-4B48694DF61B}"
EndProject
Project("{E24C65DC-7377-472B-9ABA-BC803B73C61A}") = "eduauthornew", "http://localhost/eduauthornew", "{A4DF6805-30FC-4D35-84F7-245473324DE2}"
	ProjectSection(WebsiteProperties) = preProject
		UseIISExpress = "false"
		TargetFrameworkMoniker = ".NETFramework,Version%3Dv4.0"
		ProjectReferences = "{0e71cdce-d1c8-459e-ac82-2869f3200953}|EduAuthor.dll;{A0024FC2-C528-45F8-9391-4B45889E53D9}|LMComExternal.dll;{C4201447-B3C3-4F3A-9E5F-4FF9B5F48570}|LMComLib.dll;{E88C653D-5518-4B96-9B99-6EFBD46A9141}|ObjectModel.dll;{81713F8F-6D25-4E48-AE82-AC1BD2565442}|NewLMComModel.dll;{0FD4B1DD-45A8-4F02-BEB0-5881CD512573}|CommonMark.dll;"
		Debug.AspNetCompiler.VirtualPath = "/eduauthornew"
		Debug.AspNetCompiler.PhysicalPath = "..\EduAuthorNew\"
		Debug.AspNetCompiler.TargetPath = "PrecompiledWeb\eduauthornew\"
		Debug.AspNetCompiler.Updateable = "true"
		Debug.AspNetCompiler.ForceOverwrite = "true"
		Debug.AspNetCompiler.FixedNames = "false"
		Debug.AspNetCompiler.Debug = "True"
		Release.AspNetCompiler.VirtualPath = "/eduauthornew"
		Release.AspNetCompiler.PhysicalPath = "..\EduAuthorNew\"
		Release.AspNetCompiler.TargetPath = "PrecompiledWeb\eduauthornew\"
		Release.AspNetCompiler.Updateable = "true"
		Release.AspNetCompiler.ForceOverwrite = "true"
		Release.AspNetCompiler.FixedNames = "false"
		Release.AspNetCompiler.Debug = "False"
		SlnRelativePath = "..\EduAuthorNew\"
	EndProjectSection
EndProject
Project("{FAE04EC0-301F-11D3-BF4B-00C04F79EFBC}") = "SolutionToolbar", "..\SolutionToolbar\SolutionToolbar.csproj", "{6F8BE115-A31C-46B7-8C93-58093FAD8CD8}"
EndProject
Project("{FAE04EC0-301F-11D3-BF4B-00C04F79EFBC}") = "SchemaDefinition", "..\SchemaDefinition\SchemaDefinition.csproj", "{427558D5-EF8D-40CF-90EA-91BBAB759FE6}"
EndProject
Project("{FAE04EC0-301F-11D3-BF4B-00C04F79EFBC}") = "ChinhTestStats", "..\ChinhTestStats\ChinhTestStats.csproj", "{2EE10CC8-C435-4D10-8983-A2974218D8ED}"
EndProject
Project("{FAE04EC0-301F-11D3-BF4B-00C04F79EFBC}") = "OldToNewViewer", "..\OldToNewViewer\OldToNewViewer.csproj", "{7F271925-B356-406F-905C-B50228883B24}"
EndProject
Project("{FAE04EC0-301F-11D3-BF4B-00C04F79EFBC}") = "TestIEHost", "..\..\..\temp\TestIEHost\TestIEHost.csproj", "{1C59772E-61FA-41B8-ADAE-F8B11560E0EA}"
EndProject
Project("{FAE04EC0-301F-11D3-BF4B-00C04F79EFBC}") = "OpenXMLExcel", "..\OpenXMLExcel\OpenXMLExcel.csproj", "{4013EDD4-6E6F-4E66-8327-26DC1CF9E4E0}"
EndProject
Project("{FAE04EC0-301F-11D3-BF4B-00C04F79EFBC}") = "Azure", "..\Azure\Azure.csproj", "{B480D140-6E51-476D-BBA0-CB0A8805FBAD}"
EndProject
Project("{FAE04EC0-301F-11D3-BF4B-00C04F79EFBC}") = "CommonMark.Base", "..\CommonMark\CommonMark.Base.csproj", "{0FD4B1DD-45A8-4F02-BEB0-5881CD512573}"
EndProject
Project("{FAE04EC0-301F-11D3-BF4B-00C04F79EFBC}") = "ChinhTestStatNew", "..\ChinhTestStatNew\ChinhTestStatNew.csproj", "{86BCB0DE-A674-40C8-B852-451F5FFD7FD6}"
EndProject
Global
	GlobalSection(SolutionConfigurationPlatforms) = preSolution
		CD_ROM|Any CPU = CD_ROM|Any CPU
		CD_ROM|Mixed Platforms = CD_ROM|Mixed Platforms
		CD_ROM|x86 = CD_ROM|x86
		Debug|Any CPU = Debug|Any CPU
		Debug|Mixed Platforms = Debug|Mixed Platforms
		Debug|x86 = Debug|x86
		DVD-5|Any CPU = DVD-5|Any CPU
		DVD-5|Mixed Platforms = DVD-5|Mixed Platforms
		DVD-5|x86 = DVD-5|x86
		Release|Any CPU = Release|Any CPU
		Release|Mixed Platforms = Release|Mixed Platforms
		Release|x86 = Release|x86
		SingleImage|Any CPU = SingleImage|Any CPU
		SingleImage|Mixed Platforms = SingleImage|Mixed Platforms
		SingleImage|x86 = SingleImage|x86
	EndGlobalSection
	GlobalSection(ProjectConfigurationPlatforms) = postSolution
		{A34E819D-607A-45FA-87C2-CFEF760F58F1}.CD_ROM|Any CPU.ActiveCfg = Release|Any CPU
		{A34E819D-607A-45FA-87C2-CFEF760F58F1}.CD_ROM|Mixed Platforms.ActiveCfg = Debug|Any CPU
		{A34E819D-607A-45FA-87C2-CFEF760F58F1}.CD_ROM|Mixed Platforms.Build.0 = Debug|Any CPU
		{A34E819D-607A-45FA-87C2-CFEF760F58F1}.CD_ROM|x86.ActiveCfg = Debug|Any CPU
		{A34E819D-607A-45FA-87C2-CFEF760F58F1}.Debug|Any CPU.ActiveCfg = Debug|Any CPU
		{A34E819D-607A-45FA-87C2-CFEF760F58F1}.Debug|Any CPU.Build.0 = Debug|Any CPU
		{A34E819D-607A-45FA-87C2-CFEF760F58F1}.Debug|Mixed Platforms.ActiveCfg = Debug|Any CPU
		{A34E819D-607A-45FA-87C2-CFEF760F58F1}.Debug|Mixed Platforms.Build.0 = Debug|Any CPU
		{A34E819D-607A-45FA-87C2-CFEF760F58F1}.Debug|x86.ActiveCfg = Debug|Any CPU
		{A34E819D-607A-45FA-87C2-CFEF760F58F1}.DVD-5|Any CPU.ActiveCfg = Debug|Any CPU
		{A34E819D-607A-45FA-87C2-CFEF760F58F1}.DVD-5|Any CPU.Build.0 = Debug|Any CPU
		{A34E819D-607A-45FA-87C2-CFEF760F58F1}.DVD-5|Mixed Platforms.ActiveCfg = Debug|Any CPU
		{A34E819D-607A-45FA-87C2-CFEF760F58F1}.DVD-5|Mixed Platforms.Build.0 = Debug|Any CPU
		{A34E819D-607A-45FA-87C2-CFEF760F58F1}.DVD-5|x86.ActiveCfg = Debug|Any CPU
		{A34E819D-607A-45FA-87C2-CFEF760F58F1}.Release|Any CPU.ActiveCfg = Debug|Any CPU
		{A34E819D-607A-45FA-87C2-CFEF760F58F1}.Release|Any CPU.Build.0 = Debug|Any CPU
		{A34E819D-607A-45FA-87C2-CFEF760F58F1}.Release|Mixed Platforms.ActiveCfg = Release|Any CPU
		{A34E819D-607A-45FA-87C2-CFEF760F58F1}.Release|Mixed Platforms.Build.0 = Release|Any CPU
		{A34E819D-607A-45FA-87C2-CFEF760F58F1}.Release|x86.ActiveCfg = Release|Any CPU
		{A34E819D-607A-45FA-87C2-CFEF760F58F1}.SingleImage|Any CPU.ActiveCfg = Release|Any CPU
		{A34E819D-607A-45FA-87C2-CFEF760F58F1}.SingleImage|Any CPU.Build.0 = Release|Any CPU
		{A34E819D-607A-45FA-87C2-CFEF760F58F1}.SingleImage|Mixed Platforms.ActiveCfg = Debug|Any CPU
		{A34E819D-607A-45FA-87C2-CFEF760F58F1}.SingleImage|Mixed Platforms.Build.0 = Debug|Any CPU
		{A34E819D-607A-45FA-87C2-CFEF760F58F1}.SingleImage|x86.ActiveCfg = Debug|Any CPU
		{E88C653D-5518-4B96-9B99-6EFBD46A9141}.CD_ROM|Any CPU.ActiveCfg = Release|Any CPU
		{E88C653D-5518-4B96-9B99-6EFBD46A9141}.CD_ROM|Any CPU.Build.0 = Release|Any CPU
		{E88C653D-5518-4B96-9B99-6EFBD46A9141}.CD_ROM|Mixed Platforms.ActiveCfg = Debug|Any CPU
		{E88C653D-5518-4B96-9B99-6EFBD46A9141}.CD_ROM|Mixed Platforms.Build.0 = Debug|Any CPU
		{E88C653D-5518-4B96-9B99-6EFBD46A9141}.CD_ROM|x86.ActiveCfg = Debug|Any CPU
		{E88C653D-5518-4B96-9B99-6EFBD46A9141}.Debug|Any CPU.ActiveCfg = Debug|Any CPU
		{E88C653D-5518-4B96-9B99-6EFBD46A9141}.Debug|Any CPU.Build.0 = Debug|Any CPU
		{E88C653D-5518-4B96-9B99-6EFBD46A9141}.Debug|Mixed Platforms.ActiveCfg = Debug|Any CPU
		{E88C653D-5518-4B96-9B99-6EFBD46A9141}.Debug|Mixed Platforms.Build.0 = Debug|Any CPU
		{E88C653D-5518-4B96-9B99-6EFBD46A9141}.Debug|x86.ActiveCfg = Debug|Any CPU
		{E88C653D-5518-4B96-9B99-6EFBD46A9141}.DVD-5|Any CPU.ActiveCfg = Debug|Any CPU
		{E88C653D-5518-4B96-9B99-6EFBD46A9141}.DVD-5|Any CPU.Build.0 = Debug|Any CPU
		{E88C653D-5518-4B96-9B99-6EFBD46A9141}.DVD-5|Mixed Platforms.ActiveCfg = Debug|Any CPU
		{E88C653D-5518-4B96-9B99-6EFBD46A9141}.DVD-5|Mixed Platforms.Build.0 = Debug|Any CPU
		{E88C653D-5518-4B96-9B99-6EFBD46A9141}.DVD-5|x86.ActiveCfg = Debug|Any CPU
		{E88C653D-5518-4B96-9B99-6EFBD46A9141}.Release|Any CPU.ActiveCfg = Debug|Any CPU
		{E88C653D-5518-4B96-9B99-6EFBD46A9141}.Release|Any CPU.Build.0 = Debug|Any CPU
		{E88C653D-5518-4B96-9B99-6EFBD46A9141}.Release|Mixed Platforms.ActiveCfg = Release|Any CPU
		{E88C653D-5518-4B96-9B99-6EFBD46A9141}.Release|Mixed Platforms.Build.0 = Release|Any CPU
		{E88C653D-5518-4B96-9B99-6EFBD46A9141}.Release|x86.ActiveCfg = Release|Any CPU
		{E88C653D-5518-4B96-9B99-6EFBD46A9141}.SingleImage|Any CPU.ActiveCfg = Release|Any CPU
		{E88C653D-5518-4B96-9B99-6EFBD46A9141}.SingleImage|Any CPU.Build.0 = Release|Any CPU
		{E88C653D-5518-4B96-9B99-6EFBD46A9141}.SingleImage|Mixed Platforms.ActiveCfg = Debug|Any CPU
		{E88C653D-5518-4B96-9B99-6EFBD46A9141}.SingleImage|Mixed Platforms.Build.0 = Debug|Any CPU
		{E88C653D-5518-4B96-9B99-6EFBD46A9141}.SingleImage|x86.ActiveCfg = Debug|Any CPU
		{81713F8F-6D25-4E48-AE82-AC1BD2565442}.CD_ROM|Any CPU.ActiveCfg = Release|Any CPU
		{81713F8F-6D25-4E48-AE82-AC1BD2565442}.CD_ROM|Any CPU.Build.0 = Release|Any CPU
		{81713F8F-6D25-4E48-AE82-AC1BD2565442}.CD_ROM|Mixed Platforms.ActiveCfg = Debug|Any CPU
		{81713F8F-6D25-4E48-AE82-AC1BD2565442}.CD_ROM|Mixed Platforms.Build.0 = Debug|Any CPU
		{81713F8F-6D25-4E48-AE82-AC1BD2565442}.CD_ROM|x86.ActiveCfg = Debug|Any CPU
		{81713F8F-6D25-4E48-AE82-AC1BD2565442}.Debug|Any CPU.ActiveCfg = Debug|Any CPU
		{81713F8F-6D25-4E48-AE82-AC1BD2565442}.Debug|Any CPU.Build.0 = Debug|Any CPU
		{81713F8F-6D25-4E48-AE82-AC1BD2565442}.Debug|Mixed Platforms.ActiveCfg = Debug|Any CPU
		{81713F8F-6D25-4E48-AE82-AC1BD2565442}.Debug|Mixed Platforms.Build.0 = Debug|Any CPU
		{81713F8F-6D25-4E48-AE82-AC1BD2565442}.Debug|x86.ActiveCfg = Debug|Any CPU
		{81713F8F-6D25-4E48-AE82-AC1BD2565442}.DVD-5|Any CPU.ActiveCfg = Debug|Any CPU
		{81713F8F-6D25-4E48-AE82-AC1BD2565442}.DVD-5|Any CPU.Build.0 = Debug|Any CPU
		{81713F8F-6D25-4E48-AE82-AC1BD2565442}.DVD-5|Mixed Platforms.ActiveCfg = Debug|Any CPU
		{81713F8F-6D25-4E48-AE82-AC1BD2565442}.DVD-5|Mixed Platforms.Build.0 = Debug|Any CPU
		{81713F8F-6D25-4E48-AE82-AC1BD2565442}.DVD-5|x86.ActiveCfg = Debug|Any CPU
		{81713F8F-6D25-4E48-AE82-AC1BD2565442}.Release|Any CPU.ActiveCfg = Debug|Any CPU
		{81713F8F-6D25-4E48-AE82-AC1BD2565442}.Release|Any CPU.Build.0 = Debug|Any CPU
		{81713F8F-6D25-4E48-AE82-AC1BD2565442}.Release|Mixed Platforms.ActiveCfg = Release|Any CPU
		{81713F8F-6D25-4E48-AE82-AC1BD2565442}.Release|Mixed Platforms.Build.0 = Release|Any CPU
		{81713F8F-6D25-4E48-AE82-AC1BD2565442}.Release|x86.ActiveCfg = Release|Any CPU
		{81713F8F-6D25-4E48-AE82-AC1BD2565442}.SingleImage|Any CPU.ActiveCfg = Release|Any CPU
		{81713F8F-6D25-4E48-AE82-AC1BD2565442}.SingleImage|Any CPU.Build.0 = Release|Any CPU
		{81713F8F-6D25-4E48-AE82-AC1BD2565442}.SingleImage|Mixed Platforms.ActiveCfg = Debug|Any CPU
		{81713F8F-6D25-4E48-AE82-AC1BD2565442}.SingleImage|Mixed Platforms.Build.0 = Debug|Any CPU
		{81713F8F-6D25-4E48-AE82-AC1BD2565442}.SingleImage|x86.ActiveCfg = Debug|Any CPU
		{443CCFC2-2F27-4A5D-B6B6-A3EC07881D0B}.CD_ROM|Any CPU.ActiveCfg = Release|Any CPU
		{443CCFC2-2F27-4A5D-B6B6-A3EC07881D0B}.CD_ROM|Mixed Platforms.ActiveCfg = Debug|Any CPU
		{443CCFC2-2F27-4A5D-B6B6-A3EC07881D0B}.CD_ROM|Mixed Platforms.Build.0 = Debug|Any CPU
		{443CCFC2-2F27-4A5D-B6B6-A3EC07881D0B}.CD_ROM|x86.ActiveCfg = Debug|Any CPU
		{443CCFC2-2F27-4A5D-B6B6-A3EC07881D0B}.Debug|Any CPU.ActiveCfg = Debug|Any CPU
		{443CCFC2-2F27-4A5D-B6B6-A3EC07881D0B}.Debug|Mixed Platforms.ActiveCfg = Debug|Any CPU
		{443CCFC2-2F27-4A5D-B6B6-A3EC07881D0B}.Debug|x86.ActiveCfg = Debug|Any CPU
		{443CCFC2-2F27-4A5D-B6B6-A3EC07881D0B}.DVD-5|Any CPU.ActiveCfg = Debug|Any CPU
		{443CCFC2-2F27-4A5D-B6B6-A3EC07881D0B}.DVD-5|Any CPU.Build.0 = Debug|Any CPU
		{443CCFC2-2F27-4A5D-B6B6-A3EC07881D0B}.DVD-5|Mixed Platforms.ActiveCfg = Debug|Any CPU
		{443CCFC2-2F27-4A5D-B6B6-A3EC07881D0B}.DVD-5|Mixed Platforms.Build.0 = Debug|Any CPU
		{443CCFC2-2F27-4A5D-B6B6-A3EC07881D0B}.DVD-5|x86.ActiveCfg = Debug|Any CPU
		{443CCFC2-2F27-4A5D-B6B6-A3EC07881D0B}.Release|Any CPU.ActiveCfg = Debug|Any CPU
		{443CCFC2-2F27-4A5D-B6B6-A3EC07881D0B}.Release|Mixed Platforms.ActiveCfg = Release|Any CPU
		{443CCFC2-2F27-4A5D-B6B6-A3EC07881D0B}.Release|Mixed Platforms.Build.0 = Release|Any CPU
		{443CCFC2-2F27-4A5D-B6B6-A3EC07881D0B}.Release|x86.ActiveCfg = Release|Any CPU
		{443CCFC2-2F27-4A5D-B6B6-A3EC07881D0B}.SingleImage|Any CPU.ActiveCfg = Release|Any CPU
		{443CCFC2-2F27-4A5D-B6B6-A3EC07881D0B}.SingleImage|Any CPU.Build.0 = Release|Any CPU
		{443CCFC2-2F27-4A5D-B6B6-A3EC07881D0B}.SingleImage|Mixed Platforms.ActiveCfg = Debug|Any CPU
		{443CCFC2-2F27-4A5D-B6B6-A3EC07881D0B}.SingleImage|Mixed Platforms.Build.0 = Debug|Any CPU
		{443CCFC2-2F27-4A5D-B6B6-A3EC07881D0B}.SingleImage|x86.ActiveCfg = Debug|Any CPU
		{CCA00A17-8310-4F1E-A1E2-DFE32483B02A}.CD_ROM|Any CPU.ActiveCfg = Release|Any CPU
		{CCA00A17-8310-4F1E-A1E2-DFE32483B02A}.CD_ROM|Mixed Platforms.ActiveCfg = Debug|Any CPU
		{CCA00A17-8310-4F1E-A1E2-DFE32483B02A}.CD_ROM|Mixed Platforms.Build.0 = Debug|Any CPU
		{CCA00A17-8310-4F1E-A1E2-DFE32483B02A}.CD_ROM|x86.ActiveCfg = Debug|Any CPU
		{CCA00A17-8310-4F1E-A1E2-DFE32483B02A}.Debug|Any CPU.ActiveCfg = Debug|Any CPU
		{CCA00A17-8310-4F1E-A1E2-DFE32483B02A}.Debug|Mixed Platforms.ActiveCfg = Debug|Any CPU
		{CCA00A17-8310-4F1E-A1E2-DFE32483B02A}.Debug|x86.ActiveCfg = Debug|Any CPU
		{CCA00A17-8310-4F1E-A1E2-DFE32483B02A}.DVD-5|Any CPU.ActiveCfg = Debug|Any CPU
		{CCA00A17-8310-4F1E-A1E2-DFE32483B02A}.DVD-5|Any CPU.Build.0 = Debug|Any CPU
		{CCA00A17-8310-4F1E-A1E2-DFE32483B02A}.DVD-5|Mixed Platforms.ActiveCfg = Debug|Any CPU
		{CCA00A17-8310-4F1E-A1E2-DFE32483B02A}.DVD-5|Mixed Platforms.Build.0 = Debug|Any CPU
		{CCA00A17-8310-4F1E-A1E2-DFE32483B02A}.DVD-5|x86.ActiveCfg = Debug|Any CPU
		{CCA00A17-8310-4F1E-A1E2-DFE32483B02A}.Release|Any CPU.ActiveCfg = Debug|Any CPU
		{CCA00A17-8310-4F1E-A1E2-DFE32483B02A}.Release|Mixed Platforms.ActiveCfg = Release|Any CPU
		{CCA00A17-8310-4F1E-A1E2-DFE32483B02A}.Release|Mixed Platforms.Build.0 = Release|Any CPU
		{CCA00A17-8310-4F1E-A1E2-DFE32483B02A}.Release|x86.ActiveCfg = Release|Any CPU
		{CCA00A17-8310-4F1E-A1E2-DFE32483B02A}.SingleImage|Any CPU.ActiveCfg = Release|Any CPU
		{CCA00A17-8310-4F1E-A1E2-DFE32483B02A}.SingleImage|Any CPU.Build.0 = Release|Any CPU
		{CCA00A17-8310-4F1E-A1E2-DFE32483B02A}.SingleImage|Mixed Platforms.ActiveCfg = Debug|Any CPU
		{CCA00A17-8310-4F1E-A1E2-DFE32483B02A}.SingleImage|Mixed Platforms.Build.0 = Debug|Any CPU
		{CCA00A17-8310-4F1E-A1E2-DFE32483B02A}.SingleImage|x86.ActiveCfg = Debug|Any CPU
		{0AAE90F3-14E7-4DD8-8FCE-55AF88DC6698}.CD_ROM|Any CPU.ActiveCfg = Release|Any CPU
		{0AAE90F3-14E7-4DD8-8FCE-55AF88DC6698}.CD_ROM|Mixed Platforms.ActiveCfg = Debug|Any CPU
		{0AAE90F3-14E7-4DD8-8FCE-55AF88DC6698}.CD_ROM|Mixed Platforms.Build.0 = Debug|Any CPU
		{0AAE90F3-14E7-4DD8-8FCE-55AF88DC6698}.CD_ROM|x86.ActiveCfg = Debug|Any CPU
		{0AAE90F3-14E7-4DD8-8FCE-55AF88DC6698}.Debug|Any CPU.ActiveCfg = Debug|Any CPU
		{0AAE90F3-14E7-4DD8-8FCE-55AF88DC6698}.Debug|Any CPU.Build.0 = Debug|Any CPU
		{0AAE90F3-14E7-4DD8-8FCE-55AF88DC6698}.Debug|Mixed Platforms.ActiveCfg = Debug|Any CPU
		{0AAE90F3-14E7-4DD8-8FCE-55AF88DC6698}.Debug|Mixed Platforms.Build.0 = Debug|Any CPU
		{0AAE90F3-14E7-4DD8-8FCE-55AF88DC6698}.Debug|x86.ActiveCfg = Debug|Any CPU
		{0AAE90F3-14E7-4DD8-8FCE-55AF88DC6698}.DVD-5|Any CPU.ActiveCfg = Debug|Any CPU
		{0AAE90F3-14E7-4DD8-8FCE-55AF88DC6698}.DVD-5|Any CPU.Build.0 = Debug|Any CPU
		{0AAE90F3-14E7-4DD8-8FCE-55AF88DC6698}.DVD-5|Mixed Platforms.ActiveCfg = Debug|Any CPU
		{0AAE90F3-14E7-4DD8-8FCE-55AF88DC6698}.DVD-5|Mixed Platforms.Build.0 = Debug|Any CPU
		{0AAE90F3-14E7-4DD8-8FCE-55AF88DC6698}.DVD-5|x86.ActiveCfg = Debug|Any CPU
		{0AAE90F3-14E7-4DD8-8FCE-55AF88DC6698}.Release|Any CPU.ActiveCfg = Debug|Any CPU
		{0AAE90F3-14E7-4DD8-8FCE-55AF88DC6698}.Release|Mixed Platforms.ActiveCfg = Release|Any CPU
		{0AAE90F3-14E7-4DD8-8FCE-55AF88DC6698}.Release|Mixed Platforms.Build.0 = Release|Any CPU
		{0AAE90F3-14E7-4DD8-8FCE-55AF88DC6698}.Release|x86.ActiveCfg = Release|Any CPU
		{0AAE90F3-14E7-4DD8-8FCE-55AF88DC6698}.SingleImage|Any CPU.ActiveCfg = Release|Any CPU
		{0AAE90F3-14E7-4DD8-8FCE-55AF88DC6698}.SingleImage|Any CPU.Build.0 = Release|Any CPU
		{0AAE90F3-14E7-4DD8-8FCE-55AF88DC6698}.SingleImage|Mixed Platforms.ActiveCfg = Debug|Any CPU
		{0AAE90F3-14E7-4DD8-8FCE-55AF88DC6698}.SingleImage|Mixed Platforms.Build.0 = Debug|Any CPU
		{0AAE90F3-14E7-4DD8-8FCE-55AF88DC6698}.SingleImage|x86.ActiveCfg = Debug|Any CPU
		{3D1E3BEB-CCF3-4E18-82FA-B7DB4DDFFDF6}.CD_ROM|Any CPU.ActiveCfg = Release|Any CPU
		{3D1E3BEB-CCF3-4E18-82FA-B7DB4DDFFDF6}.CD_ROM|Mixed Platforms.ActiveCfg = Debug|Any CPU
		{3D1E3BEB-CCF3-4E18-82FA-B7DB4DDFFDF6}.CD_ROM|Mixed Platforms.Build.0 = Debug|Any CPU
		{3D1E3BEB-CCF3-4E18-82FA-B7DB4DDFFDF6}.CD_ROM|x86.ActiveCfg = Debug|Any CPU
		{3D1E3BEB-CCF3-4E18-82FA-B7DB4DDFFDF6}.Debug|Any CPU.ActiveCfg = Debug|Any CPU
		{3D1E3BEB-CCF3-4E18-82FA-B7DB4DDFFDF6}.Debug|Mixed Platforms.ActiveCfg = Debug|Any CPU
		{3D1E3BEB-CCF3-4E18-82FA-B7DB4DDFFDF6}.Debug|Mixed Platforms.Build.0 = Debug|Any CPU
		{3D1E3BEB-CCF3-4E18-82FA-B7DB4DDFFDF6}.Debug|x86.ActiveCfg = Debug|Any CPU
		{3D1E3BEB-CCF3-4E18-82FA-B7DB4DDFFDF6}.DVD-5|Any CPU.ActiveCfg = Debug|Any CPU
		{3D1E3BEB-CCF3-4E18-82FA-B7DB4DDFFDF6}.DVD-5|Any CPU.Build.0 = Debug|Any CPU
		{3D1E3BEB-CCF3-4E18-82FA-B7DB4DDFFDF6}.DVD-5|Mixed Platforms.ActiveCfg = Debug|Any CPU
		{3D1E3BEB-CCF3-4E18-82FA-B7DB4DDFFDF6}.DVD-5|Mixed Platforms.Build.0 = Debug|Any CPU
		{3D1E3BEB-CCF3-4E18-82FA-B7DB4DDFFDF6}.DVD-5|x86.ActiveCfg = Debug|Any CPU
		{3D1E3BEB-CCF3-4E18-82FA-B7DB4DDFFDF6}.Release|Any CPU.ActiveCfg = Release|Any CPU
		{3D1E3BEB-CCF3-4E18-82FA-B7DB4DDFFDF6}.Release|Any CPU.Build.0 = Release|Any CPU
		{3D1E3BEB-CCF3-4E18-82FA-B7DB4DDFFDF6}.Release|Mixed Platforms.ActiveCfg = Release|Any CPU
		{3D1E3BEB-CCF3-4E18-82FA-B7DB4DDFFDF6}.Release|Mixed Platforms.Build.0 = Release|Any CPU
		{3D1E3BEB-CCF3-4E18-82FA-B7DB4DDFFDF6}.Release|x86.ActiveCfg = Release|Any CPU
		{3D1E3BEB-CCF3-4E18-82FA-B7DB4DDFFDF6}.SingleImage|Any CPU.ActiveCfg = Release|Any CPU
		{3D1E3BEB-CCF3-4E18-82FA-B7DB4DDFFDF6}.SingleImage|Any CPU.Build.0 = Release|Any CPU
		{3D1E3BEB-CCF3-4E18-82FA-B7DB4DDFFDF6}.SingleImage|Mixed Platforms.ActiveCfg = Debug|Any CPU
		{3D1E3BEB-CCF3-4E18-82FA-B7DB4DDFFDF6}.SingleImage|Mixed Platforms.Build.0 = Debug|Any CPU
		{3D1E3BEB-CCF3-4E18-82FA-B7DB4DDFFDF6}.SingleImage|x86.ActiveCfg = Debug|Any CPU
		{0E71CDCE-D1C8-459E-AC82-2869F3200953}.CD_ROM|Any CPU.ActiveCfg = Release|Any CPU
		{0E71CDCE-D1C8-459E-AC82-2869F3200953}.CD_ROM|Mixed Platforms.ActiveCfg = Debug|Any CPU
		{0E71CDCE-D1C8-459E-AC82-2869F3200953}.CD_ROM|Mixed Platforms.Build.0 = Debug|Any CPU
		{0E71CDCE-D1C8-459E-AC82-2869F3200953}.CD_ROM|x86.ActiveCfg = Debug|Any CPU
		{0E71CDCE-D1C8-459E-AC82-2869F3200953}.Debug|Any CPU.ActiveCfg = Debug|Any CPU
		{0E71CDCE-D1C8-459E-AC82-2869F3200953}.Debug|Any CPU.Build.0 = Debug|Any CPU
		{0E71CDCE-D1C8-459E-AC82-2869F3200953}.Debug|Mixed Platforms.ActiveCfg = Debug|Any CPU
		{0E71CDCE-D1C8-459E-AC82-2869F3200953}.Debug|Mixed Platforms.Build.0 = Debug|Any CPU
		{0E71CDCE-D1C8-459E-AC82-2869F3200953}.Debug|x86.ActiveCfg = Debug|Any CPU
		{0E71CDCE-D1C8-459E-AC82-2869F3200953}.DVD-5|Any CPU.ActiveCfg = Debug|Any CPU
		{0E71CDCE-D1C8-459E-AC82-2869F3200953}.DVD-5|Any CPU.Build.0 = Debug|Any CPU
		{0E71CDCE-D1C8-459E-AC82-2869F3200953}.DVD-5|Mixed Platforms.ActiveCfg = Debug|Any CPU
		{0E71CDCE-D1C8-459E-AC82-2869F3200953}.DVD-5|Mixed Platforms.Build.0 = Debug|Any CPU
		{0E71CDCE-D1C8-459E-AC82-2869F3200953}.DVD-5|x86.ActiveCfg = Debug|Any CPU
		{0E71CDCE-D1C8-459E-AC82-2869F3200953}.Release|Any CPU.ActiveCfg = Release|Any CPU
		{0E71CDCE-D1C8-459E-AC82-2869F3200953}.Release|Any CPU.Build.0 = Release|Any CPU
		{0E71CDCE-D1C8-459E-AC82-2869F3200953}.Release|Mixed Platforms.ActiveCfg = Release|Any CPU
		{0E71CDCE-D1C8-459E-AC82-2869F3200953}.Release|Mixed Platforms.Build.0 = Release|Any CPU
		{0E71CDCE-D1C8-459E-AC82-2869F3200953}.Release|x86.ActiveCfg = Release|Any CPU
		{0E71CDCE-D1C8-459E-AC82-2869F3200953}.SingleImage|Any CPU.ActiveCfg = Release|Any CPU
		{0E71CDCE-D1C8-459E-AC82-2869F3200953}.SingleImage|Any CPU.Build.0 = Release|Any CPU
		{0E71CDCE-D1C8-459E-AC82-2869F3200953}.SingleImage|Mixed Platforms.ActiveCfg = Debug|Any CPU
		{0E71CDCE-D1C8-459E-AC82-2869F3200953}.SingleImage|Mixed Platforms.Build.0 = Debug|Any CPU
		{0E71CDCE-D1C8-459E-AC82-2869F3200953}.SingleImage|x86.ActiveCfg = Debug|Any CPU
		{A0024FC2-C528-45F8-9391-4B45889E53D9}.CD_ROM|Any CPU.ActiveCfg = Release|Any CPU
		{A0024FC2-C528-45F8-9391-4B45889E53D9}.CD_ROM|Any CPU.Build.0 = Release|Any CPU
		{A0024FC2-C528-45F8-9391-4B45889E53D9}.CD_ROM|Mixed Platforms.ActiveCfg = Debug|Any CPU
		{A0024FC2-C528-45F8-9391-4B45889E53D9}.CD_ROM|Mixed Platforms.Build.0 = Debug|Any CPU
		{A0024FC2-C528-45F8-9391-4B45889E53D9}.CD_ROM|x86.ActiveCfg = Debug|Any CPU
		{A0024FC2-C528-45F8-9391-4B45889E53D9}.Debug|Any CPU.ActiveCfg = Debug|Any CPU
		{A0024FC2-C528-45F8-9391-4B45889E53D9}.Debug|Mixed Platforms.ActiveCfg = Debug|Any CPU
		{A0024FC2-C528-45F8-9391-4B45889E53D9}.Debug|x86.ActiveCfg = Debug|Any CPU
		{A0024FC2-C528-45F8-9391-4B45889E53D9}.DVD-5|Any CPU.ActiveCfg = Debug|Any CPU
		{A0024FC2-C528-45F8-9391-4B45889E53D9}.DVD-5|Any CPU.Build.0 = Debug|Any CPU
		{A0024FC2-C528-45F8-9391-4B45889E53D9}.DVD-5|Mixed Platforms.ActiveCfg = Debug|Any CPU
		{A0024FC2-C528-45F8-9391-4B45889E53D9}.DVD-5|Mixed Platforms.Build.0 = Debug|Any CPU
		{A0024FC2-C528-45F8-9391-4B45889E53D9}.DVD-5|x86.ActiveCfg = Debug|Any CPU
		{A0024FC2-C528-45F8-9391-4B45889E53D9}.Release|Any CPU.ActiveCfg = Release|Any CPU
		{A0024FC2-C528-45F8-9391-4B45889E53D9}.Release|Any CPU.Build.0 = Release|Any CPU
		{A0024FC2-C528-45F8-9391-4B45889E53D9}.Release|Mixed Platforms.ActiveCfg = Release|Any CPU
		{A0024FC2-C528-45F8-9391-4B45889E53D9}.Release|Mixed Platforms.Build.0 = Release|Any CPU
		{A0024FC2-C528-45F8-9391-4B45889E53D9}.Release|x86.ActiveCfg = Release|Any CPU
		{A0024FC2-C528-45F8-9391-4B45889E53D9}.SingleImage|Any CPU.ActiveCfg = Release|Any CPU
		{A0024FC2-C528-45F8-9391-4B45889E53D9}.SingleImage|Any CPU.Build.0 = Release|Any CPU
		{A0024FC2-C528-45F8-9391-4B45889E53D9}.SingleImage|Mixed Platforms.ActiveCfg = Debug|Any CPU
		{A0024FC2-C528-45F8-9391-4B45889E53D9}.SingleImage|Mixed Platforms.Build.0 = Debug|Any CPU
		{A0024FC2-C528-45F8-9391-4B45889E53D9}.SingleImage|x86.ActiveCfg = Debug|Any CPU
		{C4201447-B3C3-4F3A-9E5F-4FF9B5F48570}.CD_ROM|Any CPU.ActiveCfg = Release|Any CPU
		{C4201447-B3C3-4F3A-9E5F-4FF9B5F48570}.CD_ROM|Any CPU.Build.0 = Release|Any CPU
		{C4201447-B3C3-4F3A-9E5F-4FF9B5F48570}.CD_ROM|Mixed Platforms.ActiveCfg = Debug|Any CPU
		{C4201447-B3C3-4F3A-9E5F-4FF9B5F48570}.CD_ROM|Mixed Platforms.Build.0 = Debug|Any CPU
		{C4201447-B3C3-4F3A-9E5F-4FF9B5F48570}.CD_ROM|x86.ActiveCfg = Debug|Any CPU
		{C4201447-B3C3-4F3A-9E5F-4FF9B5F48570}.Debug|Any CPU.ActiveCfg = Debug|Any CPU
		{C4201447-B3C3-4F3A-9E5F-4FF9B5F48570}.Debug|Any CPU.Build.0 = Debug|Any CPU
		{C4201447-B3C3-4F3A-9E5F-4FF9B5F48570}.Debug|Mixed Platforms.ActiveCfg = Debug|Any CPU
		{C4201447-B3C3-4F3A-9E5F-4FF9B5F48570}.Debug|Mixed Platforms.Build.0 = Debug|Any CPU
		{C4201447-B3C3-4F3A-9E5F-4FF9B5F48570}.Debug|x86.ActiveCfg = Debug|Any CPU
		{C4201447-B3C3-4F3A-9E5F-4FF9B5F48570}.DVD-5|Any CPU.ActiveCfg = Debug|Any CPU
		{C4201447-B3C3-4F3A-9E5F-4FF9B5F48570}.DVD-5|Any CPU.Build.0 = Debug|Any CPU
		{C4201447-B3C3-4F3A-9E5F-4FF9B5F48570}.DVD-5|Mixed Platforms.ActiveCfg = Debug|Any CPU
		{C4201447-B3C3-4F3A-9E5F-4FF9B5F48570}.DVD-5|Mixed Platforms.Build.0 = Debug|Any CPU
		{C4201447-B3C3-4F3A-9E5F-4FF9B5F48570}.DVD-5|x86.ActiveCfg = Debug|Any CPU
		{C4201447-B3C3-4F3A-9E5F-4FF9B5F48570}.Release|Any CPU.ActiveCfg = Release|Any CPU
		{C4201447-B3C3-4F3A-9E5F-4FF9B5F48570}.Release|Any CPU.Build.0 = Release|Any CPU
		{C4201447-B3C3-4F3A-9E5F-4FF9B5F48570}.Release|Mixed Platforms.ActiveCfg = Release|Any CPU
		{C4201447-B3C3-4F3A-9E5F-4FF9B5F48570}.Release|Mixed Platforms.Build.0 = Release|Any CPU
		{C4201447-B3C3-4F3A-9E5F-4FF9B5F48570}.Release|x86.ActiveCfg = Release|Any CPU
		{C4201447-B3C3-4F3A-9E5F-4FF9B5F48570}.SingleImage|Any CPU.ActiveCfg = Release|Any CPU
		{C4201447-B3C3-4F3A-9E5F-4FF9B5F48570}.SingleImage|Any CPU.Build.0 = Release|Any CPU
		{C4201447-B3C3-4F3A-9E5F-4FF9B5F48570}.SingleImage|Mixed Platforms.ActiveCfg = Debug|Any CPU
		{C4201447-B3C3-4F3A-9E5F-4FF9B5F48570}.SingleImage|Mixed Platforms.Build.0 = Debug|Any CPU
		{C4201447-B3C3-4F3A-9E5F-4FF9B5F48570}.SingleImage|x86.ActiveCfg = Debug|Any CPU
		{6007A583-636D-46D4-BE41-7149B106E7EB}.CD_ROM|Any CPU.ActiveCfg = Release|Any CPU
		{6007A583-636D-46D4-BE41-7149B106E7EB}.CD_ROM|Any CPU.Build.0 = Release|Any CPU
		{6007A583-636D-46D4-BE41-7149B106E7EB}.CD_ROM|Mixed Platforms.ActiveCfg = Debug|Any CPU
		{6007A583-636D-46D4-BE41-7149B106E7EB}.CD_ROM|Mixed Platforms.Build.0 = Debug|Any CPU
		{6007A583-636D-46D4-BE41-7149B106E7EB}.CD_ROM|x86.ActiveCfg = Debug|Any CPU
		{6007A583-636D-46D4-BE41-7149B106E7EB}.Debug|Any CPU.ActiveCfg = Debug|Any CPU
		{6007A583-636D-46D4-BE41-7149B106E7EB}.Debug|Mixed Platforms.ActiveCfg = Debug|Any CPU
		{6007A583-636D-46D4-BE41-7149B106E7EB}.Debug|x86.ActiveCfg = Debug|Any CPU
		{6007A583-636D-46D4-BE41-7149B106E7EB}.DVD-5|Any CPU.ActiveCfg = Debug|Any CPU
		{6007A583-636D-46D4-BE41-7149B106E7EB}.DVD-5|Any CPU.Build.0 = Debug|Any CPU
		{6007A583-636D-46D4-BE41-7149B106E7EB}.DVD-5|Mixed Platforms.ActiveCfg = Debug|Any CPU
		{6007A583-636D-46D4-BE41-7149B106E7EB}.DVD-5|Mixed Platforms.Build.0 = Debug|Any CPU
		{6007A583-636D-46D4-BE41-7149B106E7EB}.DVD-5|x86.ActiveCfg = Debug|Any CPU
		{6007A583-636D-46D4-BE41-7149B106E7EB}.Release|Any CPU.ActiveCfg = Release|Any CPU
		{6007A583-636D-46D4-BE41-7149B106E7EB}.Release|Any CPU.Build.0 = Release|Any CPU
		{6007A583-636D-46D4-BE41-7149B106E7EB}.Release|Mixed Platforms.ActiveCfg = Release|Any CPU
		{6007A583-636D-46D4-BE41-7149B106E7EB}.Release|Mixed Platforms.Build.0 = Release|Any CPU
		{6007A583-636D-46D4-BE41-7149B106E7EB}.Release|x86.ActiveCfg = Release|Any CPU
		{6007A583-636D-46D4-BE41-7149B106E7EB}.SingleImage|Any CPU.ActiveCfg = Release|Any CPU
		{6007A583-636D-46D4-BE41-7149B106E7EB}.SingleImage|Any CPU.Build.0 = Release|Any CPU
		{6007A583-636D-46D4-BE41-7149B106E7EB}.SingleImage|Mixed Platforms.ActiveCfg = Debug|Any CPU
		{6007A583-636D-46D4-BE41-7149B106E7EB}.SingleImage|Mixed Platforms.Build.0 = Debug|Any CPU
		{6007A583-636D-46D4-BE41-7149B106E7EB}.SingleImage|x86.ActiveCfg = Debug|Any CPU
		{0FC085A6-D00C-4C2A-80F9-CAB83E9F5DF4}.CD_ROM|Any CPU.ActiveCfg = Release|Any CPU
		{0FC085A6-D00C-4C2A-80F9-CAB83E9F5DF4}.CD_ROM|Any CPU.Build.0 = Release|Any CPU
		{0FC085A6-D00C-4C2A-80F9-CAB83E9F5DF4}.CD_ROM|Mixed Platforms.ActiveCfg = Debug|Any CPU
		{0FC085A6-D00C-4C2A-80F9-CAB83E9F5DF4}.CD_ROM|Mixed Platforms.Build.0 = Debug|Any CPU
		{0FC085A6-D00C-4C2A-80F9-CAB83E9F5DF4}.CD_ROM|x86.ActiveCfg = Debug|Any CPU
		{0FC085A6-D00C-4C2A-80F9-CAB83E9F5DF4}.Debug|Any CPU.ActiveCfg = Debug|Any CPU
		{0FC085A6-D00C-4C2A-80F9-CAB83E9F5DF4}.Debug|Any CPU.Build.0 = Debug|Any CPU
		{0FC085A6-D00C-4C2A-80F9-CAB83E9F5DF4}.Debug|Mixed Platforms.ActiveCfg = Debug|Any CPU
		{0FC085A6-D00C-4C2A-80F9-CAB83E9F5DF4}.Debug|Mixed Platforms.Build.0 = Debug|Any CPU
		{0FC085A6-D00C-4C2A-80F9-CAB83E9F5DF4}.Debug|x86.ActiveCfg = Debug|Any CPU
		{0FC085A6-D00C-4C2A-80F9-CAB83E9F5DF4}.DVD-5|Any CPU.ActiveCfg = Debug|Any CPU
		{0FC085A6-D00C-4C2A-80F9-CAB83E9F5DF4}.DVD-5|Any CPU.Build.0 = Debug|Any CPU
		{0FC085A6-D00C-4C2A-80F9-CAB83E9F5DF4}.DVD-5|Mixed Platforms.ActiveCfg = Debug|Any CPU
		{0FC085A6-D00C-4C2A-80F9-CAB83E9F5DF4}.DVD-5|Mixed Platforms.Build.0 = Debug|Any CPU
		{0FC085A6-D00C-4C2A-80F9-CAB83E9F5DF4}.DVD-5|x86.ActiveCfg = Debug|Any CPU
		{0FC085A6-D00C-4C2A-80F9-CAB83E9F5DF4}.Release|Any CPU.ActiveCfg = Release|Any CPU
		{0FC085A6-D00C-4C2A-80F9-CAB83E9F5DF4}.Release|Any CPU.Build.0 = Release|Any CPU
		{0FC085A6-D00C-4C2A-80F9-CAB83E9F5DF4}.Release|Mixed Platforms.ActiveCfg = Release|Any CPU
		{0FC085A6-D00C-4C2A-80F9-CAB83E9F5DF4}.Release|Mixed Platforms.Build.0 = Release|Any CPU
		{0FC085A6-D00C-4C2A-80F9-CAB83E9F5DF4}.Release|x86.ActiveCfg = Release|Any CPU
		{0FC085A6-D00C-4C2A-80F9-CAB83E9F5DF4}.SingleImage|Any CPU.ActiveCfg = Release|Any CPU
		{0FC085A6-D00C-4C2A-80F9-CAB83E9F5DF4}.SingleImage|Any CPU.Build.0 = Release|Any CPU
		{0FC085A6-D00C-4C2A-80F9-CAB83E9F5DF4}.SingleImage|Mixed Platforms.ActiveCfg = Debug|Any CPU
		{0FC085A6-D00C-4C2A-80F9-CAB83E9F5DF4}.SingleImage|Mixed Platforms.Build.0 = Debug|Any CPU
		{0FC085A6-D00C-4C2A-80F9-CAB83E9F5DF4}.SingleImage|x86.ActiveCfg = Debug|Any CPU
		{1C16CD79-8F0E-40CE-B332-4F489F8D0AE3}.CD_ROM|Any CPU.ActiveCfg = Release|Any CPU
		{1C16CD79-8F0E-40CE-B332-4F489F8D0AE3}.CD_ROM|Any CPU.Build.0 = Release|Any CPU
		{1C16CD79-8F0E-40CE-B332-4F489F8D0AE3}.CD_ROM|Mixed Platforms.ActiveCfg = Debug|Any CPU
		{1C16CD79-8F0E-40CE-B332-4F489F8D0AE3}.CD_ROM|Mixed Platforms.Build.0 = Debug|Any CPU
		{1C16CD79-8F0E-40CE-B332-4F489F8D0AE3}.CD_ROM|x86.ActiveCfg = Debug|Any CPU
		{1C16CD79-8F0E-40CE-B332-4F489F8D0AE3}.Debug|Any CPU.ActiveCfg = Debug|Any CPU
		{1C16CD79-8F0E-40CE-B332-4F489F8D0AE3}.Debug|Mixed Platforms.ActiveCfg = Debug|Any CPU
		{1C16CD79-8F0E-40CE-B332-4F489F8D0AE3}.Debug|x86.ActiveCfg = Debug|Any CPU
		{1C16CD79-8F0E-40CE-B332-4F489F8D0AE3}.DVD-5|Any CPU.ActiveCfg = Debug|Any CPU
		{1C16CD79-8F0E-40CE-B332-4F489F8D0AE3}.DVD-5|Any CPU.Build.0 = Debug|Any CPU
		{1C16CD79-8F0E-40CE-B332-4F489F8D0AE3}.DVD-5|Mixed Platforms.ActiveCfg = Debug|Any CPU
		{1C16CD79-8F0E-40CE-B332-4F489F8D0AE3}.DVD-5|Mixed Platforms.Build.0 = Debug|Any CPU
		{1C16CD79-8F0E-40CE-B332-4F489F8D0AE3}.DVD-5|x86.ActiveCfg = Debug|Any CPU
		{1C16CD79-8F0E-40CE-B332-4F489F8D0AE3}.Release|Any CPU.ActiveCfg = Release|Any CPU
		{1C16CD79-8F0E-40CE-B332-4F489F8D0AE3}.Release|Any CPU.Build.0 = Release|Any CPU
		{1C16CD79-8F0E-40CE-B332-4F489F8D0AE3}.Release|Mixed Platforms.ActiveCfg = Release|Any CPU
		{1C16CD79-8F0E-40CE-B332-4F489F8D0AE3}.Release|Mixed Platforms.Build.0 = Release|Any CPU
		{1C16CD79-8F0E-40CE-B332-4F489F8D0AE3}.Release|x86.ActiveCfg = Release|Any CPU
		{1C16CD79-8F0E-40CE-B332-4F489F8D0AE3}.SingleImage|Any CPU.ActiveCfg = Release|Any CPU
		{1C16CD79-8F0E-40CE-B332-4F489F8D0AE3}.SingleImage|Any CPU.Build.0 = Release|Any CPU
		{1C16CD79-8F0E-40CE-B332-4F489F8D0AE3}.SingleImage|Mixed Platforms.ActiveCfg = Debug|Any CPU
		{1C16CD79-8F0E-40CE-B332-4F489F8D0AE3}.SingleImage|Mixed Platforms.Build.0 = Debug|Any CPU
		{1C16CD79-8F0E-40CE-B332-4F489F8D0AE3}.SingleImage|x86.ActiveCfg = Debug|Any CPU
		{C3E7B7B3-5821-4BC3-BFE3-8040C048F0F8}.CD_ROM|Any CPU.ActiveCfg = Release|Any CPU
		{C3E7B7B3-5821-4BC3-BFE3-8040C048F0F8}.CD_ROM|Any CPU.Build.0 = Release|Any CPU
		{C3E7B7B3-5821-4BC3-BFE3-8040C048F0F8}.CD_ROM|Mixed Platforms.ActiveCfg = Debug|Any CPU
		{C3E7B7B3-5821-4BC3-BFE3-8040C048F0F8}.CD_ROM|Mixed Platforms.Build.0 = Debug|Any CPU
		{C3E7B7B3-5821-4BC3-BFE3-8040C048F0F8}.CD_ROM|x86.ActiveCfg = Debug|Any CPU
		{C3E7B7B3-5821-4BC3-BFE3-8040C048F0F8}.Debug|Any CPU.ActiveCfg = Debug|Any CPU
		{C3E7B7B3-5821-4BC3-BFE3-8040C048F0F8}.Debug|Mixed Platforms.ActiveCfg = Debug|Any CPU
		{C3E7B7B3-5821-4BC3-BFE3-8040C048F0F8}.Debug|x86.ActiveCfg = Debug|Any CPU
		{C3E7B7B3-5821-4BC3-BFE3-8040C048F0F8}.DVD-5|Any CPU.ActiveCfg = Debug|Any CPU
		{C3E7B7B3-5821-4BC3-BFE3-8040C048F0F8}.DVD-5|Any CPU.Build.0 = Debug|Any CPU
		{C3E7B7B3-5821-4BC3-BFE3-8040C048F0F8}.DVD-5|Mixed Platforms.ActiveCfg = Debug|Any CPU
		{C3E7B7B3-5821-4BC3-BFE3-8040C048F0F8}.DVD-5|Mixed Platforms.Build.0 = Debug|Any CPU
		{C3E7B7B3-5821-4BC3-BFE3-8040C048F0F8}.DVD-5|x86.ActiveCfg = Debug|Any CPU
		{C3E7B7B3-5821-4BC3-BFE3-8040C048F0F8}.Release|Any CPU.ActiveCfg = Release|Any CPU
		{C3E7B7B3-5821-4BC3-BFE3-8040C048F0F8}.Release|Any CPU.Build.0 = Release|Any CPU
		{C3E7B7B3-5821-4BC3-BFE3-8040C048F0F8}.Release|Mixed Platforms.ActiveCfg = Release|Any CPU
		{C3E7B7B3-5821-4BC3-BFE3-8040C048F0F8}.Release|Mixed Platforms.Build.0 = Release|Any CPU
		{C3E7B7B3-5821-4BC3-BFE3-8040C048F0F8}.Release|x86.ActiveCfg = Release|Any CPU
		{C3E7B7B3-5821-4BC3-BFE3-8040C048F0F8}.SingleImage|Any CPU.ActiveCfg = Release|Any CPU
		{C3E7B7B3-5821-4BC3-BFE3-8040C048F0F8}.SingleImage|Any CPU.Build.0 = Release|Any CPU
		{C3E7B7B3-5821-4BC3-BFE3-8040C048F0F8}.SingleImage|Mixed Platforms.ActiveCfg = Debug|Any CPU
		{C3E7B7B3-5821-4BC3-BFE3-8040C048F0F8}.SingleImage|Mixed Platforms.Build.0 = Debug|Any CPU
		{C3E7B7B3-5821-4BC3-BFE3-8040C048F0F8}.SingleImage|x86.ActiveCfg = Debug|Any CPU
		{A87D1AB1-7245-46EA-86C1-EAFFECA0FDE5}.CD_ROM|Any CPU.ActiveCfg = Release|Any CPU
		{A87D1AB1-7245-46EA-86C1-EAFFECA0FDE5}.CD_ROM|Any CPU.Build.0 = Release|Any CPU
		{A87D1AB1-7245-46EA-86C1-EAFFECA0FDE5}.CD_ROM|Mixed Platforms.ActiveCfg = Debug|Any CPU
		{A87D1AB1-7245-46EA-86C1-EAFFECA0FDE5}.CD_ROM|Mixed Platforms.Build.0 = Debug|Any CPU
		{A87D1AB1-7245-46EA-86C1-EAFFECA0FDE5}.CD_ROM|x86.ActiveCfg = Debug|Any CPU
		{A87D1AB1-7245-46EA-86C1-EAFFECA0FDE5}.Debug|Any CPU.ActiveCfg = Debug|Any CPU
		{A87D1AB1-7245-46EA-86C1-EAFFECA0FDE5}.Debug|Mixed Platforms.ActiveCfg = Debug|Any CPU
		{A87D1AB1-7245-46EA-86C1-EAFFECA0FDE5}.Debug|x86.ActiveCfg = Debug|Any CPU
		{A87D1AB1-7245-46EA-86C1-EAFFECA0FDE5}.DVD-5|Any CPU.ActiveCfg = Debug|Any CPU
		{A87D1AB1-7245-46EA-86C1-EAFFECA0FDE5}.DVD-5|Any CPU.Build.0 = Debug|Any CPU
		{A87D1AB1-7245-46EA-86C1-EAFFECA0FDE5}.DVD-5|Mixed Platforms.ActiveCfg = Debug|Any CPU
		{A87D1AB1-7245-46EA-86C1-EAFFECA0FDE5}.DVD-5|Mixed Platforms.Build.0 = Debug|Any CPU
		{A87D1AB1-7245-46EA-86C1-EAFFECA0FDE5}.DVD-5|x86.ActiveCfg = Debug|Any CPU
		{A87D1AB1-7245-46EA-86C1-EAFFECA0FDE5}.Release|Any CPU.ActiveCfg = Release|Any CPU
		{A87D1AB1-7245-46EA-86C1-EAFFECA0FDE5}.Release|Any CPU.Build.0 = Release|Any CPU
		{A87D1AB1-7245-46EA-86C1-EAFFECA0FDE5}.Release|Mixed Platforms.ActiveCfg = Release|Any CPU
		{A87D1AB1-7245-46EA-86C1-EAFFECA0FDE5}.Release|Mixed Platforms.Build.0 = Release|Any CPU
		{A87D1AB1-7245-46EA-86C1-EAFFECA0FDE5}.Release|x86.ActiveCfg = Release|Any CPU
		{A87D1AB1-7245-46EA-86C1-EAFFECA0FDE5}.SingleImage|Any CPU.ActiveCfg = Release|Any CPU
		{A87D1AB1-7245-46EA-86C1-EAFFECA0FDE5}.SingleImage|Any CPU.Build.0 = Release|Any CPU
		{A87D1AB1-7245-46EA-86C1-EAFFECA0FDE5}.SingleImage|Mixed Platforms.ActiveCfg = Debug|Any CPU
		{A87D1AB1-7245-46EA-86C1-EAFFECA0FDE5}.SingleImage|Mixed Platforms.Build.0 = Debug|Any CPU
		{A87D1AB1-7245-46EA-86C1-EAFFECA0FDE5}.SingleImage|x86.ActiveCfg = Debug|Any CPU
		{A8303774-412F-46E0-9095-E3DFEFF58127}.CD_ROM|Any CPU.ActiveCfg = Release|Any CPU
		{A8303774-412F-46E0-9095-E3DFEFF58127}.CD_ROM|Any CPU.Build.0 = Release|Any CPU
		{A8303774-412F-46E0-9095-E3DFEFF58127}.CD_ROM|Mixed Platforms.ActiveCfg = Debug|Any CPU
		{A8303774-412F-46E0-9095-E3DFEFF58127}.CD_ROM|Mixed Platforms.Build.0 = Debug|Any CPU
		{A8303774-412F-46E0-9095-E3DFEFF58127}.CD_ROM|x86.ActiveCfg = Debug|Any CPU
		{A8303774-412F-46E0-9095-E3DFEFF58127}.Debug|Any CPU.ActiveCfg = Debug|Any CPU
		{A8303774-412F-46E0-9095-E3DFEFF58127}.Debug|Mixed Platforms.ActiveCfg = Debug|Any CPU
		{A8303774-412F-46E0-9095-E3DFEFF58127}.Debug|x86.ActiveCfg = Debug|Any CPU
		{A8303774-412F-46E0-9095-E3DFEFF58127}.DVD-5|Any CPU.ActiveCfg = Debug|Any CPU
		{A8303774-412F-46E0-9095-E3DFEFF58127}.DVD-5|Any CPU.Build.0 = Debug|Any CPU
		{A8303774-412F-46E0-9095-E3DFEFF58127}.DVD-5|Mixed Platforms.ActiveCfg = Debug|Any CPU
		{A8303774-412F-46E0-9095-E3DFEFF58127}.DVD-5|Mixed Platforms.Build.0 = Debug|Any CPU
		{A8303774-412F-46E0-9095-E3DFEFF58127}.DVD-5|x86.ActiveCfg = Debug|Any CPU
		{A8303774-412F-46E0-9095-E3DFEFF58127}.Release|Any CPU.ActiveCfg = Release|Any CPU
		{A8303774-412F-46E0-9095-E3DFEFF58127}.Release|Any CPU.Build.0 = Release|Any CPU
		{A8303774-412F-46E0-9095-E3DFEFF58127}.Release|Mixed Platforms.ActiveCfg = Release|Any CPU
		{A8303774-412F-46E0-9095-E3DFEFF58127}.Release|Mixed Platforms.Build.0 = Release|Any CPU
		{A8303774-412F-46E0-9095-E3DFEFF58127}.Release|x86.ActiveCfg = Release|Any CPU
		{A8303774-412F-46E0-9095-E3DFEFF58127}.SingleImage|Any CPU.ActiveCfg = Release|Any CPU
		{A8303774-412F-46E0-9095-E3DFEFF58127}.SingleImage|Any CPU.Build.0 = Release|Any CPU
		{A8303774-412F-46E0-9095-E3DFEFF58127}.SingleImage|Mixed Platforms.ActiveCfg = Debug|Any CPU
		{A8303774-412F-46E0-9095-E3DFEFF58127}.SingleImage|Mixed Platforms.Build.0 = Debug|Any CPU
		{A8303774-412F-46E0-9095-E3DFEFF58127}.SingleImage|x86.ActiveCfg = Debug|Any CPU
		{471315BF-6C9F-491C-B057-3F85F1EC3509}.CD_ROM|Any CPU.ActiveCfg = Release|Any CPU
		{471315BF-6C9F-491C-B057-3F85F1EC3509}.CD_ROM|Any CPU.Build.0 = Release|Any CPU
		{471315BF-6C9F-491C-B057-3F85F1EC3509}.CD_ROM|Mixed Platforms.ActiveCfg = Debug|Any CPU
		{471315BF-6C9F-491C-B057-3F85F1EC3509}.CD_ROM|Mixed Platforms.Build.0 = Debug|Any CPU
		{471315BF-6C9F-491C-B057-3F85F1EC3509}.CD_ROM|x86.ActiveCfg = Debug|Any CPU
		{471315BF-6C9F-491C-B057-3F85F1EC3509}.Debug|Any CPU.ActiveCfg = Debug|Any CPU
		{471315BF-6C9F-491C-B057-3F85F1EC3509}.Debug|Mixed Platforms.ActiveCfg = Debug|Any CPU
		{471315BF-6C9F-491C-B057-3F85F1EC3509}.Debug|x86.ActiveCfg = Debug|Any CPU
		{471315BF-6C9F-491C-B057-3F85F1EC3509}.DVD-5|Any CPU.ActiveCfg = Debug|Any CPU
		{471315BF-6C9F-491C-B057-3F85F1EC3509}.DVD-5|Any CPU.Build.0 = Debug|Any CPU
		{471315BF-6C9F-491C-B057-3F85F1EC3509}.DVD-5|Mixed Platforms.ActiveCfg = Debug|Any CPU
		{471315BF-6C9F-491C-B057-3F85F1EC3509}.DVD-5|Mixed Platforms.Build.0 = Debug|Any CPU
		{471315BF-6C9F-491C-B057-3F85F1EC3509}.DVD-5|x86.ActiveCfg = Debug|Any CPU
		{471315BF-6C9F-491C-B057-3F85F1EC3509}.Release|Any CPU.ActiveCfg = Release|Any CPU
		{471315BF-6C9F-491C-B057-3F85F1EC3509}.Release|Any CPU.Build.0 = Release|Any CPU
		{471315BF-6C9F-491C-B057-3F85F1EC3509}.Release|Mixed Platforms.ActiveCfg = Release|Any CPU
		{471315BF-6C9F-491C-B057-3F85F1EC3509}.Release|Mixed Platforms.Build.0 = Release|Any CPU
		{471315BF-6C9F-491C-B057-3F85F1EC3509}.Release|x86.ActiveCfg = Release|Any CPU
		{471315BF-6C9F-491C-B057-3F85F1EC3509}.SingleImage|Any CPU.ActiveCfg = Release|Any CPU
		{471315BF-6C9F-491C-B057-3F85F1EC3509}.SingleImage|Any CPU.Build.0 = Release|Any CPU
		{471315BF-6C9F-491C-B057-3F85F1EC3509}.SingleImage|Mixed Platforms.ActiveCfg = Debug|Any CPU
		{471315BF-6C9F-491C-B057-3F85F1EC3509}.SingleImage|Mixed Platforms.Build.0 = Debug|Any CPU
		{471315BF-6C9F-491C-B057-3F85F1EC3509}.SingleImage|x86.ActiveCfg = Debug|Any CPU
		{EEF7AA6D-3C87-415C-912C-4B48694DF61B}.CD_ROM|Any CPU.ActiveCfg = Release|Any CPU
		{EEF7AA6D-3C87-415C-912C-4B48694DF61B}.CD_ROM|Any CPU.Build.0 = Release|Any CPU
		{EEF7AA6D-3C87-415C-912C-4B48694DF61B}.CD_ROM|Mixed Platforms.ActiveCfg = Debug|Any CPU
		{EEF7AA6D-3C87-415C-912C-4B48694DF61B}.CD_ROM|Mixed Platforms.Build.0 = Debug|Any CPU
		{EEF7AA6D-3C87-415C-912C-4B48694DF61B}.CD_ROM|x86.ActiveCfg = Debug|Any CPU
		{EEF7AA6D-3C87-415C-912C-4B48694DF61B}.Debug|Any CPU.ActiveCfg = Debug|Any CPU
		{EEF7AA6D-3C87-415C-912C-4B48694DF61B}.Debug|Mixed Platforms.ActiveCfg = Debug|Any CPU
		{EEF7AA6D-3C87-415C-912C-4B48694DF61B}.Debug|x86.ActiveCfg = Debug|Any CPU
		{EEF7AA6D-3C87-415C-912C-4B48694DF61B}.DVD-5|Any CPU.ActiveCfg = Debug|Any CPU
		{EEF7AA6D-3C87-415C-912C-4B48694DF61B}.DVD-5|Any CPU.Build.0 = Debug|Any CPU
		{EEF7AA6D-3C87-415C-912C-4B48694DF61B}.DVD-5|Mixed Platforms.ActiveCfg = Debug|Any CPU
		{EEF7AA6D-3C87-415C-912C-4B48694DF61B}.DVD-5|Mixed Platforms.Build.0 = Debug|Any CPU
		{EEF7AA6D-3C87-415C-912C-4B48694DF61B}.DVD-5|x86.ActiveCfg = Debug|Any CPU
		{EEF7AA6D-3C87-415C-912C-4B48694DF61B}.Release|Any CPU.ActiveCfg = Release|Any CPU
		{EEF7AA6D-3C87-415C-912C-4B48694DF61B}.Release|Any CPU.Build.0 = Release|Any CPU
		{EEF7AA6D-3C87-415C-912C-4B48694DF61B}.Release|Mixed Platforms.ActiveCfg = Release|Any CPU
		{EEF7AA6D-3C87-415C-912C-4B48694DF61B}.Release|Mixed Platforms.Build.0 = Release|Any CPU
		{EEF7AA6D-3C87-415C-912C-4B48694DF61B}.Release|x86.ActiveCfg = Release|Any CPU
		{EEF7AA6D-3C87-415C-912C-4B48694DF61B}.SingleImage|Any CPU.ActiveCfg = Release|Any CPU
		{EEF7AA6D-3C87-415C-912C-4B48694DF61B}.SingleImage|Any CPU.Build.0 = Release|Any CPU
		{EEF7AA6D-3C87-415C-912C-4B48694DF61B}.SingleImage|Mixed Platforms.ActiveCfg = Debug|Any CPU
		{EEF7AA6D-3C87-415C-912C-4B48694DF61B}.SingleImage|Mixed Platforms.Build.0 = Debug|Any CPU
		{EEF7AA6D-3C87-415C-912C-4B48694DF61B}.SingleImage|x86.ActiveCfg = Debug|Any CPU
		{A4DF6805-30FC-4D35-84F7-245473324DE2}.CD_ROM|Any CPU.ActiveCfg = Debug|Any CPU
		{A4DF6805-30FC-4D35-84F7-245473324DE2}.CD_ROM|Any CPU.Build.0 = Debug|Any CPU
		{A4DF6805-30FC-4D35-84F7-245473324DE2}.CD_ROM|Mixed Platforms.ActiveCfg = Debug|Any CPU
		{A4DF6805-30FC-4D35-84F7-245473324DE2}.CD_ROM|Mixed Platforms.Build.0 = Debug|Any CPU
		{A4DF6805-30FC-4D35-84F7-245473324DE2}.CD_ROM|x86.ActiveCfg = Debug|Any CPU
		{A4DF6805-30FC-4D35-84F7-245473324DE2}.Debug|Any CPU.ActiveCfg = Debug|Any CPU
		{A4DF6805-30FC-4D35-84F7-245473324DE2}.Debug|Mixed Platforms.ActiveCfg = Debug|Any CPU
		{A4DF6805-30FC-4D35-84F7-245473324DE2}.Debug|x86.ActiveCfg = Debug|Any CPU
		{A4DF6805-30FC-4D35-84F7-245473324DE2}.DVD-5|Any CPU.ActiveCfg = Debug|Any CPU
		{A4DF6805-30FC-4D35-84F7-245473324DE2}.DVD-5|Any CPU.Build.0 = Debug|Any CPU
		{A4DF6805-30FC-4D35-84F7-245473324DE2}.DVD-5|Mixed Platforms.ActiveCfg = Debug|Any CPU
		{A4DF6805-30FC-4D35-84F7-245473324DE2}.DVD-5|Mixed Platforms.Build.0 = Debug|Any CPU
		{A4DF6805-30FC-4D35-84F7-245473324DE2}.DVD-5|x86.ActiveCfg = Debug|Any CPU
		{A4DF6805-30FC-4D35-84F7-245473324DE2}.Release|Any CPU.ActiveCfg = Debug|Any CPU
		{A4DF6805-30FC-4D35-84F7-245473324DE2}.Release|Any CPU.Build.0 = Debug|Any CPU
		{A4DF6805-30FC-4D35-84F7-245473324DE2}.Release|Mixed Platforms.ActiveCfg = Debug|Any CPU
		{A4DF6805-30FC-4D35-84F7-245473324DE2}.Release|Mixed Platforms.Build.0 = Debug|Any CPU
		{A4DF6805-30FC-4D35-84F7-245473324DE2}.Release|x86.ActiveCfg = Debug|Any CPU
		{A4DF6805-30FC-4D35-84F7-245473324DE2}.SingleImage|Any CPU.ActiveCfg = Debug|Any CPU
		{A4DF6805-30FC-4D35-84F7-245473324DE2}.SingleImage|Any CPU.Build.0 = Debug|Any CPU
		{A4DF6805-30FC-4D35-84F7-245473324DE2}.SingleImage|Mixed Platforms.ActiveCfg = Debug|Any CPU
		{A4DF6805-30FC-4D35-84F7-245473324DE2}.SingleImage|Mixed Platforms.Build.0 = Debug|Any CPU
		{A4DF6805-30FC-4D35-84F7-245473324DE2}.SingleImage|x86.ActiveCfg = Debug|Any CPU
		{6F8BE115-A31C-46B7-8C93-58093FAD8CD8}.CD_ROM|Any CPU.ActiveCfg = Release|Any CPU
		{6F8BE115-A31C-46B7-8C93-58093FAD8CD8}.CD_ROM|Any CPU.Build.0 = Release|Any CPU
		{6F8BE115-A31C-46B7-8C93-58093FAD8CD8}.CD_ROM|Mixed Platforms.ActiveCfg = Debug|Any CPU
		{6F8BE115-A31C-46B7-8C93-58093FAD8CD8}.CD_ROM|Mixed Platforms.Build.0 = Debug|Any CPU
		{6F8BE115-A31C-46B7-8C93-58093FAD8CD8}.CD_ROM|x86.ActiveCfg = Debug|Any CPU
		{6F8BE115-A31C-46B7-8C93-58093FAD8CD8}.Debug|Any CPU.ActiveCfg = Debug|Any CPU
		{6F8BE115-A31C-46B7-8C93-58093FAD8CD8}.Debug|Any CPU.Build.0 = Debug|Any CPU
		{6F8BE115-A31C-46B7-8C93-58093FAD8CD8}.Debug|Mixed Platforms.ActiveCfg = Debug|Any CPU
		{6F8BE115-A31C-46B7-8C93-58093FAD8CD8}.Debug|Mixed Platforms.Build.0 = Debug|Any CPU
		{6F8BE115-A31C-46B7-8C93-58093FAD8CD8}.Debug|x86.ActiveCfg = Debug|Any CPU
		{6F8BE115-A31C-46B7-8C93-58093FAD8CD8}.DVD-5|Any CPU.ActiveCfg = Debug|Any CPU
		{6F8BE115-A31C-46B7-8C93-58093FAD8CD8}.DVD-5|Any CPU.Build.0 = Debug|Any CPU
		{6F8BE115-A31C-46B7-8C93-58093FAD8CD8}.DVD-5|Mixed Platforms.ActiveCfg = Debug|Any CPU
		{6F8BE115-A31C-46B7-8C93-58093FAD8CD8}.DVD-5|Mixed Platforms.Build.0 = Debug|Any CPU
		{6F8BE115-A31C-46B7-8C93-58093FAD8CD8}.DVD-5|x86.ActiveCfg = Debug|Any CPU
		{6F8BE115-A31C-46B7-8C93-58093FAD8CD8}.Release|Any CPU.ActiveCfg = Release|Any CPU
		{6F8BE115-A31C-46B7-8C93-58093FAD8CD8}.Release|Any CPU.Build.0 = Release|Any CPU
		{6F8BE115-A31C-46B7-8C93-58093FAD8CD8}.Release|Mixed Platforms.ActiveCfg = Release|Any CPU
		{6F8BE115-A31C-46B7-8C93-58093FAD8CD8}.Release|Mixed Platforms.Build.0 = Release|Any CPU
		{6F8BE115-A31C-46B7-8C93-58093FAD8CD8}.Release|x86.ActiveCfg = Release|Any CPU
		{6F8BE115-A31C-46B7-8C93-58093FAD8CD8}.SingleImage|Any CPU.ActiveCfg = Release|Any CPU
		{6F8BE115-A31C-46B7-8C93-58093FAD8CD8}.SingleImage|Any CPU.Build.0 = Release|Any CPU
		{6F8BE115-A31C-46B7-8C93-58093FAD8CD8}.SingleImage|Mixed Platforms.ActiveCfg = Debug|Any CPU
		{6F8BE115-A31C-46B7-8C93-58093FAD8CD8}.SingleImage|Mixed Platforms.Build.0 = Debug|Any CPU
		{6F8BE115-A31C-46B7-8C93-58093FAD8CD8}.SingleImage|x86.ActiveCfg = Debug|Any CPU
		{427558D5-EF8D-40CF-90EA-91BBAB759FE6}.CD_ROM|Any CPU.ActiveCfg = Release|Any CPU
		{427558D5-EF8D-40CF-90EA-91BBAB759FE6}.CD_ROM|Any CPU.Build.0 = Release|Any CPU
		{427558D5-EF8D-40CF-90EA-91BBAB759FE6}.CD_ROM|Mixed Platforms.ActiveCfg = Debug|Any CPU
		{427558D5-EF8D-40CF-90EA-91BBAB759FE6}.CD_ROM|Mixed Platforms.Build.0 = Debug|Any CPU
		{427558D5-EF8D-40CF-90EA-91BBAB759FE6}.CD_ROM|x86.ActiveCfg = Debug|Any CPU
		{427558D5-EF8D-40CF-90EA-91BBAB759FE6}.Debug|Any CPU.ActiveCfg = Debug|Any CPU
		{427558D5-EF8D-40CF-90EA-91BBAB759FE6}.Debug|Mixed Platforms.ActiveCfg = Debug|Any CPU
		{427558D5-EF8D-40CF-90EA-91BBAB759FE6}.Debug|x86.ActiveCfg = Debug|Any CPU
		{427558D5-EF8D-40CF-90EA-91BBAB759FE6}.DVD-5|Any CPU.ActiveCfg = Debug|Any CPU
		{427558D5-EF8D-40CF-90EA-91BBAB759FE6}.DVD-5|Any CPU.Build.0 = Debug|Any CPU
		{427558D5-EF8D-40CF-90EA-91BBAB759FE6}.DVD-5|Mixed Platforms.ActiveCfg = Debug|Any CPU
		{427558D5-EF8D-40CF-90EA-91BBAB759FE6}.DVD-5|Mixed Platforms.Build.0 = Debug|Any CPU
		{427558D5-EF8D-40CF-90EA-91BBAB759FE6}.DVD-5|x86.ActiveCfg = Debug|Any CPU
		{427558D5-EF8D-40CF-90EA-91BBAB759FE6}.Release|Any CPU.ActiveCfg = Release|Any CPU
		{427558D5-EF8D-40CF-90EA-91BBAB759FE6}.Release|Any CPU.Build.0 = Release|Any CPU
		{427558D5-EF8D-40CF-90EA-91BBAB759FE6}.Release|Mixed Platforms.ActiveCfg = Release|Any CPU
		{427558D5-EF8D-40CF-90EA-91BBAB759FE6}.Release|Mixed Platforms.Build.0 = Release|Any CPU
		{427558D5-EF8D-40CF-90EA-91BBAB759FE6}.Release|x86.ActiveCfg = Release|Any CPU
		{427558D5-EF8D-40CF-90EA-91BBAB759FE6}.SingleImage|Any CPU.ActiveCfg = Release|Any CPU
		{427558D5-EF8D-40CF-90EA-91BBAB759FE6}.SingleImage|Any CPU.Build.0 = Release|Any CPU
		{427558D5-EF8D-40CF-90EA-91BBAB759FE6}.SingleImage|Mixed Platforms.ActiveCfg = Debug|Any CPU
		{427558D5-EF8D-40CF-90EA-91BBAB759FE6}.SingleImage|Mixed Platforms.Build.0 = Debug|Any CPU
		{427558D5-EF8D-40CF-90EA-91BBAB759FE6}.SingleImage|x86.ActiveCfg = Debug|Any CPU
		{2EE10CC8-C435-4D10-8983-A2974218D8ED}.CD_ROM|Any CPU.ActiveCfg = Release|Any CPU
		{2EE10CC8-C435-4D10-8983-A2974218D8ED}.CD_ROM|Any CPU.Build.0 = Release|Any CPU
		{2EE10CC8-C435-4D10-8983-A2974218D8ED}.CD_ROM|Mixed Platforms.ActiveCfg = Debug|Any CPU
		{2EE10CC8-C435-4D10-8983-A2974218D8ED}.CD_ROM|Mixed Platforms.Build.0 = Debug|Any CPU
		{2EE10CC8-C435-4D10-8983-A2974218D8ED}.CD_ROM|x86.ActiveCfg = Debug|Any CPU
		{2EE10CC8-C435-4D10-8983-A2974218D8ED}.Debug|Any CPU.ActiveCfg = Debug|Any CPU
		{2EE10CC8-C435-4D10-8983-A2974218D8ED}.Debug|Mixed Platforms.ActiveCfg = Debug|Any CPU
		{2EE10CC8-C435-4D10-8983-A2974218D8ED}.Debug|x86.ActiveCfg = Debug|Any CPU
		{2EE10CC8-C435-4D10-8983-A2974218D8ED}.DVD-5|Any CPU.ActiveCfg = Debug|Any CPU
		{2EE10CC8-C435-4D10-8983-A2974218D8ED}.DVD-5|Any CPU.Build.0 = Debug|Any CPU
		{2EE10CC8-C435-4D10-8983-A2974218D8ED}.DVD-5|Mixed Platforms.ActiveCfg = Debug|Any CPU
		{2EE10CC8-C435-4D10-8983-A2974218D8ED}.DVD-5|Mixed Platforms.Build.0 = Debug|Any CPU
		{2EE10CC8-C435-4D10-8983-A2974218D8ED}.DVD-5|x86.ActiveCfg = Debug|Any CPU
		{2EE10CC8-C435-4D10-8983-A2974218D8ED}.Release|Any CPU.ActiveCfg = Release|Any CPU
		{2EE10CC8-C435-4D10-8983-A2974218D8ED}.Release|Any CPU.Build.0 = Release|Any CPU
		{2EE10CC8-C435-4D10-8983-A2974218D8ED}.Release|Mixed Platforms.ActiveCfg = Release|Any CPU
		{2EE10CC8-C435-4D10-8983-A2974218D8ED}.Release|Mixed Platforms.Build.0 = Release|Any CPU
		{2EE10CC8-C435-4D10-8983-A2974218D8ED}.Release|x86.ActiveCfg = Release|Any CPU
		{2EE10CC8-C435-4D10-8983-A2974218D8ED}.SingleImage|Any CPU.ActiveCfg = Release|Any CPU
		{2EE10CC8-C435-4D10-8983-A2974218D8ED}.SingleImage|Any CPU.Build.0 = Release|Any CPU
		{2EE10CC8-C435-4D10-8983-A2974218D8ED}.SingleImage|Mixed Platforms.ActiveCfg = Debug|Any CPU
		{2EE10CC8-C435-4D10-8983-A2974218D8ED}.SingleImage|Mixed Platforms.Build.0 = Debug|Any CPU
		{2EE10CC8-C435-4D10-8983-A2974218D8ED}.SingleImage|x86.ActiveCfg = Debug|Any CPU
		{7F271925-B356-406F-905C-B50228883B24}.CD_ROM|Any CPU.ActiveCfg = Release|Any CPU
		{7F271925-B356-406F-905C-B50228883B24}.CD_ROM|Any CPU.Build.0 = Release|Any CPU
		{7F271925-B356-406F-905C-B50228883B24}.CD_ROM|Mixed Platforms.ActiveCfg = Debug|Any CPU
		{7F271925-B356-406F-905C-B50228883B24}.CD_ROM|Mixed Platforms.Build.0 = Debug|Any CPU
		{7F271925-B356-406F-905C-B50228883B24}.CD_ROM|x86.ActiveCfg = Debug|Any CPU
		{7F271925-B356-406F-905C-B50228883B24}.Debug|Any CPU.ActiveCfg = Debug|Any CPU
		{7F271925-B356-406F-905C-B50228883B24}.Debug|Any CPU.Build.0 = Debug|Any CPU
		{7F271925-B356-406F-905C-B50228883B24}.Debug|Mixed Platforms.ActiveCfg = Debug|Any CPU
		{7F271925-B356-406F-905C-B50228883B24}.Debug|Mixed Platforms.Build.0 = Debug|Any CPU
		{7F271925-B356-406F-905C-B50228883B24}.Debug|x86.ActiveCfg = Debug|Any CPU
		{7F271925-B356-406F-905C-B50228883B24}.DVD-5|Any CPU.ActiveCfg = Debug|Any CPU
		{7F271925-B356-406F-905C-B50228883B24}.DVD-5|Any CPU.Build.0 = Debug|Any CPU
		{7F271925-B356-406F-905C-B50228883B24}.DVD-5|Mixed Platforms.ActiveCfg = Debug|Any CPU
		{7F271925-B356-406F-905C-B50228883B24}.DVD-5|Mixed Platforms.Build.0 = Debug|Any CPU
		{7F271925-B356-406F-905C-B50228883B24}.DVD-5|x86.ActiveCfg = Debug|Any CPU
		{7F271925-B356-406F-905C-B50228883B24}.Release|Any CPU.ActiveCfg = Release|Any CPU
		{7F271925-B356-406F-905C-B50228883B24}.Release|Any CPU.Build.0 = Release|Any CPU
		{7F271925-B356-406F-905C-B50228883B24}.Release|Mixed Platforms.ActiveCfg = Release|Any CPU
		{7F271925-B356-406F-905C-B50228883B24}.Release|Mixed Platforms.Build.0 = Release|Any CPU
		{7F271925-B356-406F-905C-B50228883B24}.Release|x86.ActiveCfg = Release|Any CPU
		{7F271925-B356-406F-905C-B50228883B24}.SingleImage|Any CPU.ActiveCfg = Release|Any CPU
		{7F271925-B356-406F-905C-B50228883B24}.SingleImage|Any CPU.Build.0 = Release|Any CPU
		{7F271925-B356-406F-905C-B50228883B24}.SingleImage|Mixed Platforms.ActiveCfg = Debug|Any CPU
		{7F271925-B356-406F-905C-B50228883B24}.SingleImage|Mixed Platforms.Build.0 = Debug|Any CPU
		{7F271925-B356-406F-905C-B50228883B24}.SingleImage|x86.ActiveCfg = Debug|Any CPU
		{1C59772E-61FA-41B8-ADAE-F8B11560E0EA}.CD_ROM|Any CPU.ActiveCfg = Release|Any CPU
		{1C59772E-61FA-41B8-ADAE-F8B11560E0EA}.CD_ROM|Any CPU.Build.0 = Release|Any CPU
		{1C59772E-61FA-41B8-ADAE-F8B11560E0EA}.CD_ROM|Mixed Platforms.ActiveCfg = Debug|Any CPU
		{1C59772E-61FA-41B8-ADAE-F8B11560E0EA}.CD_ROM|x86.ActiveCfg = Debug|Any CPU
		{1C59772E-61FA-41B8-ADAE-F8B11560E0EA}.Debug|Any CPU.ActiveCfg = Debug|Any CPU
		{1C59772E-61FA-41B8-ADAE-F8B11560E0EA}.Debug|Mixed Platforms.ActiveCfg = Debug|Any CPU
		{1C59772E-61FA-41B8-ADAE-F8B11560E0EA}.Debug|x86.ActiveCfg = Debug|Any CPU
		{1C59772E-61FA-41B8-ADAE-F8B11560E0EA}.DVD-5|Any CPU.ActiveCfg = Debug|Any CPU
		{1C59772E-61FA-41B8-ADAE-F8B11560E0EA}.DVD-5|Any CPU.Build.0 = Debug|Any CPU
		{1C59772E-61FA-41B8-ADAE-F8B11560E0EA}.DVD-5|Mixed Platforms.ActiveCfg = Debug|Any CPU
		{1C59772E-61FA-41B8-ADAE-F8B11560E0EA}.DVD-5|x86.ActiveCfg = Debug|Any CPU
		{1C59772E-61FA-41B8-ADAE-F8B11560E0EA}.Release|Any CPU.ActiveCfg = Release|Any CPU
		{1C59772E-61FA-41B8-ADAE-F8B11560E0EA}.Release|Any CPU.Build.0 = Release|Any CPU
		{1C59772E-61FA-41B8-ADAE-F8B11560E0EA}.Release|Mixed Platforms.ActiveCfg = Release|Any CPU
		{1C59772E-61FA-41B8-ADAE-F8B11560E0EA}.Release|x86.ActiveCfg = Release|Any CPU
		{1C59772E-61FA-41B8-ADAE-F8B11560E0EA}.SingleImage|Any CPU.ActiveCfg = Release|Any CPU
		{1C59772E-61FA-41B8-ADAE-F8B11560E0EA}.SingleImage|Any CPU.Build.0 = Release|Any CPU
		{1C59772E-61FA-41B8-ADAE-F8B11560E0EA}.SingleImage|Mixed Platforms.ActiveCfg = Debug|Any CPU
		{1C59772E-61FA-41B8-ADAE-F8B11560E0EA}.SingleImage|x86.ActiveCfg = Debug|Any CPU
		{4013EDD4-6E6F-4E66-8327-26DC1CF9E4E0}.CD_ROM|Any CPU.ActiveCfg = Release|Any CPU
		{4013EDD4-6E6F-4E66-8327-26DC1CF9E4E0}.CD_ROM|Any CPU.Build.0 = Release|Any CPU
		{4013EDD4-6E6F-4E66-8327-26DC1CF9E4E0}.CD_ROM|Mixed Platforms.ActiveCfg = Debug|Any CPU
		{4013EDD4-6E6F-4E66-8327-26DC1CF9E4E0}.CD_ROM|Mixed Platforms.Build.0 = Debug|Any CPU
		{4013EDD4-6E6F-4E66-8327-26DC1CF9E4E0}.CD_ROM|x86.ActiveCfg = Debug|Any CPU
		{4013EDD4-6E6F-4E66-8327-26DC1CF9E4E0}.Debug|Any CPU.ActiveCfg = Debug|Any CPU
		{4013EDD4-6E6F-4E66-8327-26DC1CF9E4E0}.Debug|Mixed Platforms.ActiveCfg = Debug|Any CPU
		{4013EDD4-6E6F-4E66-8327-26DC1CF9E4E0}.Debug|x86.ActiveCfg = Debug|Any CPU
		{4013EDD4-6E6F-4E66-8327-26DC1CF9E4E0}.DVD-5|Any CPU.ActiveCfg = Debug|Any CPU
		{4013EDD4-6E6F-4E66-8327-26DC1CF9E4E0}.DVD-5|Any CPU.Build.0 = Debug|Any CPU
		{4013EDD4-6E6F-4E66-8327-26DC1CF9E4E0}.DVD-5|Mixed Platforms.ActiveCfg = Debug|Any CPU
		{4013EDD4-6E6F-4E66-8327-26DC1CF9E4E0}.DVD-5|Mixed Platforms.Build.0 = Debug|Any CPU
		{4013EDD4-6E6F-4E66-8327-26DC1CF9E4E0}.DVD-5|x86.ActiveCfg = Debug|Any CPU
		{4013EDD4-6E6F-4E66-8327-26DC1CF9E4E0}.Release|Any CPU.ActiveCfg = Release|Any CPU
		{4013EDD4-6E6F-4E66-8327-26DC1CF9E4E0}.Release|Any CPU.Build.0 = Release|Any CPU
		{4013EDD4-6E6F-4E66-8327-26DC1CF9E4E0}.Release|Mixed Platforms.ActiveCfg = Release|Any CPU
		{4013EDD4-6E6F-4E66-8327-26DC1CF9E4E0}.Release|Mixed Platforms.Build.0 = Release|Any CPU
		{4013EDD4-6E6F-4E66-8327-26DC1CF9E4E0}.Release|x86.ActiveCfg = Release|Any CPU
		{4013EDD4-6E6F-4E66-8327-26DC1CF9E4E0}.SingleImage|Any CPU.ActiveCfg = Release|Any CPU
		{4013EDD4-6E6F-4E66-8327-26DC1CF9E4E0}.SingleImage|Any CPU.Build.0 = Release|Any CPU
		{4013EDD4-6E6F-4E66-8327-26DC1CF9E4E0}.SingleImage|Mixed Platforms.ActiveCfg = Debug|Any CPU
		{4013EDD4-6E6F-4E66-8327-26DC1CF9E4E0}.SingleImage|Mixed Platforms.Build.0 = Debug|Any CPU
		{4013EDD4-6E6F-4E66-8327-26DC1CF9E4E0}.SingleImage|x86.ActiveCfg = Debug|Any CPU
		{B480D140-6E51-476D-BBA0-CB0A8805FBAD}.CD_ROM|Any CPU.ActiveCfg = Release|Any CPU
		{B480D140-6E51-476D-BBA0-CB0A8805FBAD}.CD_ROM|Any CPU.Build.0 = Release|Any CPU
		{B480D140-6E51-476D-BBA0-CB0A8805FBAD}.CD_ROM|Mixed Platforms.ActiveCfg = Debug|Any CPU
		{B480D140-6E51-476D-BBA0-CB0A8805FBAD}.CD_ROM|Mixed Platforms.Build.0 = Debug|Any CPU
		{B480D140-6E51-476D-BBA0-CB0A8805FBAD}.CD_ROM|x86.ActiveCfg = Debug|Any CPU
		{B480D140-6E51-476D-BBA0-CB0A8805FBAD}.Debug|Any CPU.ActiveCfg = Debug|Any CPU
		{B480D140-6E51-476D-BBA0-CB0A8805FBAD}.Debug|Mixed Platforms.ActiveCfg = Debug|Any CPU
		{B480D140-6E51-476D-BBA0-CB0A8805FBAD}.Debug|x86.ActiveCfg = Debug|Any CPU
		{B480D140-6E51-476D-BBA0-CB0A8805FBAD}.DVD-5|Any CPU.ActiveCfg = Debug|Any CPU
		{B480D140-6E51-476D-BBA0-CB0A8805FBAD}.DVD-5|Any CPU.Build.0 = Debug|Any CPU
		{B480D140-6E51-476D-BBA0-CB0A8805FBAD}.DVD-5|Mixed Platforms.ActiveCfg = Debug|Any CPU
		{B480D140-6E51-476D-BBA0-CB0A8805FBAD}.DVD-5|Mixed Platforms.Build.0 = Debug|Any CPU
		{B480D140-6E51-476D-BBA0-CB0A8805FBAD}.DVD-5|x86.ActiveCfg = Debug|Any CPU
		{B480D140-6E51-476D-BBA0-CB0A8805FBAD}.Release|Any CPU.ActiveCfg = Release|Any CPU
		{B480D140-6E51-476D-BBA0-CB0A8805FBAD}.Release|Any CPU.Build.0 = Release|Any CPU
		{B480D140-6E51-476D-BBA0-CB0A8805FBAD}.Release|Mixed Platforms.ActiveCfg = Release|Any CPU
		{B480D140-6E51-476D-BBA0-CB0A8805FBAD}.Release|Mixed Platforms.Build.0 = Release|Any CPU
		{B480D140-6E51-476D-BBA0-CB0A8805FBAD}.Release|x86.ActiveCfg = Release|Any CPU
		{B480D140-6E51-476D-BBA0-CB0A8805FBAD}.SingleImage|Any CPU.ActiveCfg = Release|Any CPU
		{B480D140-6E51-476D-BBA0-CB0A8805FBAD}.SingleImage|Any CPU.Build.0 = Release|Any CPU
		{B480D140-6E51-476D-BBA0-CB0A8805FBAD}.SingleImage|Mixed Platforms.ActiveCfg = Debug|Any CPU
		{B480D140-6E51-476D-BBA0-CB0A8805FBAD}.SingleImage|Mixed Platforms.Build.0 = Debug|Any CPU
		{B480D140-6E51-476D-BBA0-CB0A8805FBAD}.SingleImage|x86.ActiveCfg = Debug|Any CPU
		{0FD4B1DD-45A8-4F02-BEB0-5881CD512573}.CD_ROM|Any CPU.ActiveCfg = Release|Any CPU
		{0FD4B1DD-45A8-4F02-BEB0-5881CD512573}.CD_ROM|Any CPU.Build.0 = Release|Any CPU
		{0FD4B1DD-45A8-4F02-BEB0-5881CD512573}.CD_ROM|Mixed Platforms.ActiveCfg = Release|Any CPU
		{0FD4B1DD-45A8-4F02-BEB0-5881CD512573}.CD_ROM|Mixed Platforms.Build.0 = Release|Any CPU
		{0FD4B1DD-45A8-4F02-BEB0-5881CD512573}.CD_ROM|x86.ActiveCfg = Release|Any CPU
		{0FD4B1DD-45A8-4F02-BEB0-5881CD512573}.Debug|Any CPU.ActiveCfg = Debug|Any CPU
		{0FD4B1DD-45A8-4F02-BEB0-5881CD512573}.Debug|Any CPU.Build.0 = Debug|Any CPU
		{0FD4B1DD-45A8-4F02-BEB0-5881CD512573}.Debug|Mixed Platforms.ActiveCfg = Debug|Any CPU
		{0FD4B1DD-45A8-4F02-BEB0-5881CD512573}.Debug|Mixed Platforms.Build.0 = Debug|Any CPU
		{0FD4B1DD-45A8-4F02-BEB0-5881CD512573}.Debug|x86.ActiveCfg = Debug|Any CPU
		{0FD4B1DD-45A8-4F02-BEB0-5881CD512573}.DVD-5|Any CPU.ActiveCfg = Debug|Any CPU
		{0FD4B1DD-45A8-4F02-BEB0-5881CD512573}.DVD-5|Any CPU.Build.0 = Debug|Any CPU
		{0FD4B1DD-45A8-4F02-BEB0-5881CD512573}.DVD-5|Mixed Platforms.ActiveCfg = Debug|Any CPU
		{0FD4B1DD-45A8-4F02-BEB0-5881CD512573}.DVD-5|Mixed Platforms.Build.0 = Debug|Any CPU
		{0FD4B1DD-45A8-4F02-BEB0-5881CD512573}.DVD-5|x86.ActiveCfg = Debug|Any CPU
		{0FD4B1DD-45A8-4F02-BEB0-5881CD512573}.Release|Any CPU.ActiveCfg = Release|Any CPU
		{0FD4B1DD-45A8-4F02-BEB0-5881CD512573}.Release|Any CPU.Build.0 = Release|Any CPU
		{0FD4B1DD-45A8-4F02-BEB0-5881CD512573}.Release|Mixed Platforms.ActiveCfg = Release|Any CPU
		{0FD4B1DD-45A8-4F02-BEB0-5881CD512573}.Release|Mixed Platforms.Build.0 = Release|Any CPU
		{0FD4B1DD-45A8-4F02-BEB0-5881CD512573}.Release|x86.ActiveCfg = Release|Any CPU
		{0FD4B1DD-45A8-4F02-BEB0-5881CD512573}.SingleImage|Any CPU.ActiveCfg = Release|Any CPU
		{0FD4B1DD-45A8-4F02-BEB0-5881CD512573}.SingleImage|Any CPU.Build.0 = Release|Any CPU
		{0FD4B1DD-45A8-4F02-BEB0-5881CD512573}.SingleImage|Mixed Platforms.ActiveCfg = Release|Any CPU
		{0FD4B1DD-45A8-4F02-BEB0-5881CD512573}.SingleImage|Mixed Platforms.Build.0 = Release|Any CPU
		{0FD4B1DD-45A8-4F02-BEB0-5881CD512573}.SingleImage|x86.ActiveCfg = Release|Any CPU
		{86BCB0DE-A674-40C8-B852-451F5FFD7FD6}.CD_ROM|Any CPU.ActiveCfg = Release|Any CPU
		{86BCB0DE-A674-40C8-B852-451F5FFD7FD6}.CD_ROM|Any CPU.Build.0 = Release|Any CPU
		{86BCB0DE-A674-40C8-B852-451F5FFD7FD6}.CD_ROM|Mixed Platforms.ActiveCfg = Release|Any CPU
		{86BCB0DE-A674-40C8-B852-451F5FFD7FD6}.CD_ROM|Mixed Platforms.Build.0 = Release|Any CPU
		{86BCB0DE-A674-40C8-B852-451F5FFD7FD6}.CD_ROM|x86.ActiveCfg = Release|Any CPU
		{86BCB0DE-A674-40C8-B852-451F5FFD7FD6}.Debug|Any CPU.ActiveCfg = Debug|Any CPU
		{86BCB0DE-A674-40C8-B852-451F5FFD7FD6}.Debug|Any CPU.Build.0 = Debug|Any CPU
		{86BCB0DE-A674-40C8-B852-451F5FFD7FD6}.Debug|Mixed Platforms.ActiveCfg = Debug|Any CPU
		{86BCB0DE-A674-40C8-B852-451F5FFD7FD6}.Debug|Mixed Platforms.Build.0 = Debug|Any CPU
		{86BCB0DE-A674-40C8-B852-451F5FFD7FD6}.Debug|x86.ActiveCfg = Debug|Any CPU
		{86BCB0DE-A674-40C8-B852-451F5FFD7FD6}.DVD-5|Any CPU.ActiveCfg = Debug|Any CPU
		{86BCB0DE-A674-40C8-B852-451F5FFD7FD6}.DVD-5|Any CPU.Build.0 = Debug|Any CPU
		{86BCB0DE-A674-40C8-B852-451F5FFD7FD6}.DVD-5|Mixed Platforms.ActiveCfg = Debug|Any CPU
		{86BCB0DE-A674-40C8-B852-451F5FFD7FD6}.DVD-5|Mixed Platforms.Build.0 = Debug|Any CPU
		{86BCB0DE-A674-40C8-B852-451F5FFD7FD6}.DVD-5|x86.ActiveCfg = Debug|Any CPU
		{86BCB0DE-A674-40C8-B852-451F5FFD7FD6}.Release|Any CPU.ActiveCfg = Release|Any CPU
		{86BCB0DE-A674-40C8-B852-451F5FFD7FD6}.Release|Any CPU.Build.0 = Release|Any CPU
		{86BCB0DE-A674-40C8-B852-451F5FFD7FD6}.Release|Mixed Platforms.ActiveCfg = Release|Any CPU
		{86BCB0DE-A674-40C8-B852-451F5FFD7FD6}.Release|Mixed Platforms.Build.0 = Release|Any CPU
		{86BCB0DE-A674-40C8-B852-451F5FFD7FD6}.Release|x86.ActiveCfg = Release|Any CPU
		{86BCB0DE-A674-40C8-B852-451F5FFD7FD6}.SingleImage|Any CPU.ActiveCfg = Release|Any CPU
		{86BCB0DE-A674-40C8-B852-451F5FFD7FD6}.SingleImage|Any CPU.Build.0 = Release|Any CPU
		{86BCB0DE-A674-40C8-B852-451F5FFD7FD6}.SingleImage|Mixed Platforms.ActiveCfg = Release|Any CPU
		{86BCB0DE-A674-40C8-B852-451F5FFD7FD6}.SingleImage|Mixed Platforms.Build.0 = Release|Any CPU
		{86BCB0DE-A674-40C8-B852-451F5FFD7FD6}.SingleImage|x86.ActiveCfg = Release|Any CPU
	EndGlobalSection
	GlobalSection(SolutionProperties) = preSolution
		HideSolutionNode = FALSE
	EndGlobalSection
	GlobalSection(NestedProjects) = preSolution
		{E88C653D-5518-4B96-9B99-6EFBD46A9141} = {A4B29FE9-48FA-4973-A5A4-B02F9920761A}
		{81713F8F-6D25-4E48-AE82-AC1BD2565442} = {A4B29FE9-48FA-4973-A5A4-B02F9920761A}
		{443CCFC2-2F27-4A5D-B6B6-A3EC07881D0B} = {AA8F1558-9FE4-4C50-9F9F-2DC43EEA5232}
		{CCA00A17-8310-4F1E-A1E2-DFE32483B02A} = {AA8F1558-9FE4-4C50-9F9F-2DC43EEA5232}
		{0AAE90F3-14E7-4DD8-8FCE-55AF88DC6698} = {AA8F1558-9FE4-4C50-9F9F-2DC43EEA5232}
		{3D1E3BEB-CCF3-4E18-82FA-B7DB4DDFFDF6} = {A4B29FE9-48FA-4973-A5A4-B02F9920761A}
		{0E71CDCE-D1C8-459E-AC82-2869F3200953} = {A4B29FE9-48FA-4973-A5A4-B02F9920761A}
		{A0024FC2-C528-45F8-9391-4B45889E53D9} = {A4B29FE9-48FA-4973-A5A4-B02F9920761A}
		{C4201447-B3C3-4F3A-9E5F-4FF9B5F48570} = {A4B29FE9-48FA-4973-A5A4-B02F9920761A}
		{6007A583-636D-46D4-BE41-7149B106E7EB} = {CF4B039C-7597-4B14-8CDD-8D449FBF66A1}
		{0FC085A6-D00C-4C2A-80F9-CAB83E9F5DF4} = {CF4B039C-7597-4B14-8CDD-8D449FBF66A1}
		{C3E7B7B3-5821-4BC3-BFE3-8040C048F0F8} = {1001F659-7BD8-4F28-8CB6-BEE9331DCFE9}
		{A87D1AB1-7245-46EA-86C1-EAFFECA0FDE5} = {1001F659-7BD8-4F28-8CB6-BEE9331DCFE9}
		{A8303774-412F-46E0-9095-E3DFEFF58127} = {0E441056-ABDE-4D06-921D-1B85085959DB}
		{471315BF-6C9F-491C-B057-3F85F1EC3509} = {0E441056-ABDE-4D06-921D-1B85085959DB}
		{EEF7AA6D-3C87-415C-912C-4B48694DF61B} = {0E441056-ABDE-4D06-921D-1B85085959DB}
		{6F8BE115-A31C-46B7-8C93-58093FAD8CD8} = {1001F659-7BD8-4F28-8CB6-BEE9331DCFE9}
		{427558D5-EF8D-40CF-90EA-91BBAB759FE6} = {A4B29FE9-48FA-4973-A5A4-B02F9920761A}
		{2EE10CC8-C435-4D10-8983-A2974218D8ED} = {1001F659-7BD8-4F28-8CB6-BEE9331DCFE9}
		{7F271925-B356-406F-905C-B50228883B24} = {1001F659-7BD8-4F28-8CB6-BEE9331DCFE9}
		{1C59772E-61FA-41B8-ADAE-F8B11560E0EA} = {1001F659-7BD8-4F28-8CB6-BEE9331DCFE9}
		{4013EDD4-6E6F-4E66-8327-26DC1CF9E4E0} = {1001F659-7BD8-4F28-8CB6-BEE9331DCFE9}
		{B480D140-6E51-476D-BBA0-CB0A8805FBAD} = {1001F659-7BD8-4F28-8CB6-BEE9331DCFE9}
		{0FD4B1DD-45A8-4F02-BEB0-5881CD512573} = {A4B29FE9-48FA-4973-A5A4-B02F9920761A}
		{86BCB0DE-A674-40C8-B852-451F5FFD7FD6} = {1001F659-7BD8-4F28-8CB6-BEE9331DCFE9}
	EndGlobalSection
EndGlobal
