
Microsoft Visual Studio Solution File, Format Version 12.00
# Visual Studio 14
VisualStudioVersion = 14.0.23107.0
MinimumVisualStudioVersion = 10.0.40219.1
Project("{2150E333-8FDC-42A3-9474-1A3956D46DE8}") = "Libs", "Libs", "{A4B29FE9-48FA-4973-A5A4-B02F9920761A}"
EndProject
Project("{2150E333-8FDC-42A3-9474-1A3956D46DE8}") = "Cubes", "Cubes", "{CF4B039C-7597-4B14-8CDD-8D449FBF66A1}"
EndProject
Project("{FAE04EC0-301F-11D3-BF4B-00C04F79EFBC}") = "Web4", "Web4\Web4.csproj", "{A34E819D-607A-45FA-87C2-CFEF760F58F1}"
EndProject
Project("{FAE04EC0-301F-11D3-BF4B-00C04F79EFBC}") = "ObjectModel", "ObjectModel\ObjectModel.csproj", "{E88C653D-5518-4B96-9B99-6EFBD46A9141}"
EndProject
Project("{FAE04EC0-301F-11D3-BF4B-00C04F79EFBC}") = "NewLMComModel", "NewLMComModel\NewLMComModel.csproj", "{81713F8F-6D25-4E48-AE82-AC1BD2565442}"
EndProject
Project("{FAE04EC0-301F-11D3-BF4B-00C04F79EFBC}") = "LMComLib", "LMComLib\LMComLib.csproj", "{C4201447-B3C3-4F3A-9E5F-4FF9B5F48570}"
EndProject
Project("{FAE04EC0-301F-11D3-BF4B-00C04F79EFBC}") = "CubesDeployment", "CubesDeployment\CubesDeployment.csproj", "{0FC085A6-D00C-4C2A-80F9-CAB83E9F5DF4}"
EndProject
Project("{FAE04EC0-301F-11D3-BF4B-00C04F79EFBC}") = "EPPlus", "EPPlus\EPPlus.csproj", "{7B288026-5502-4A39-BF41-77E086F3E4A3}"
EndProject
Project("{2150E333-8FDC-42A3-9474-1A3956D46DE8}") = "SL", "SL", "{E2D68A3A-A114-4509-B665-5EBA9D8487EB}"
EndProject
Project("{FAE04EC0-301F-11D3-BF4B-00C04F79EFBC}") = "SLExtension", "SLExtension\SLExtension.csproj", "{0AAE90F3-14E7-4DD8-8FCE-55AF88DC6698}"
EndProject
Project("{2150E333-8FDC-42A3-9474-1A3956D46DE8}") = "utils", "utils", "{72729E4C-164E-470F-ACE4-0127C95E8553}"
EndProject
Project("{FAE04EC0-301F-11D3-BF4B-00C04F79EFBC}") = "SolutionToolbar", "SolutionToolbar\SolutionToolbar.csproj", "{6F8BE115-A31C-46B7-8C93-58093FAD8CD8}"
EndProject
Project("{FAE04EC0-301F-11D3-BF4B-00C04F79EFBC}") = "DataLib2", "DataLib2\DataLib2.csproj", "{D6C78A04-6A43-4AA6-B552-E8C331D58460}"
EndProject
Project("{FAE04EC0-301F-11D3-BF4B-00C04F79EFBC}") = "WebCode", "WebCode\WebCode.csproj", "{7B9727BA-C862-46F1-9770-4FC29ABBA9FC}"
	ProjectSection(ProjectDependencies) = postProject
		{A34E819D-607A-45FA-87C2-CFEF760F58F1} = {A34E819D-607A-45FA-87C2-CFEF760F58F1}
	EndProjectSection
EndProject
Project("{FAE04EC0-301F-11D3-BF4B-00C04F79EFBC}") = "VyzvaLib", "VyzvaLib\VyzvaLib.csproj", "{88118662-E1E1-49FD-8498-67FAACC5726D}"
EndProject
Project("{FAE04EC0-301F-11D3-BF4B-00C04F79EFBC}") = "DataGraph", "DataGraph\DataGraph.csproj", "{78FDFA7D-B735-4B7E-BA2D-58376D482FEF}"
EndProject
Project("{2150E333-8FDC-42A3-9474-1A3956D46DE8}") = "WebParts", "WebParts", "{61092C0D-45AB-4B61-AE8C-8161B9C0F9C0}"
EndProject
Project("{FAE04EC0-301F-11D3-BF4B-00C04F79EFBC}") = "WebLogin", "WebLogin\WebLogin.csproj", "{327DA945-62EB-48C4-838A-B808E70157CD}"
EndProject
Project("{FAE04EC0-301F-11D3-BF4B-00C04F79EFBC}") = "WebCommon", "WebCommon\WebCommon.csproj", "{8EB2A2A0-CD4C-47EC-9099-419F8AE04B47}"
EndProject
Global
	GlobalSection(SolutionConfigurationPlatforms) = preSolution
		CD_ROM|Any CPU = CD_ROM|Any CPU
		CD_ROM|Mixed Platforms = CD_ROM|Mixed Platforms
		CD_ROM|x86 = CD_ROM|x86
		Debug|Any CPU = Debug|Any CPU
		Debug|Mixed Platforms = Debug|Mixed Platforms
		Debug|x86 = Debug|x86
		DVD-5|Any CPU = DVD-5|Any CPU
		DVD-5|Mixed Platforms = DVD-5|Mixed Platforms
		DVD-5|x86 = DVD-5|x86
		Release|Any CPU = Release|Any CPU
		Release|Mixed Platforms = Release|Mixed Platforms
		Release|x86 = Release|x86
		SingleImage|Any CPU = SingleImage|Any CPU
		SingleImage|Mixed Platforms = SingleImage|Mixed Platforms
		SingleImage|x86 = SingleImage|x86
	EndGlobalSection
	GlobalSection(ProjectConfigurationPlatforms) = postSolution
		{A34E819D-607A-45FA-87C2-CFEF760F58F1}.CD_ROM|Any CPU.ActiveCfg = Release|Any CPU
		{A34E819D-607A-45FA-87C2-CFEF760F58F1}.CD_ROM|Mixed Platforms.ActiveCfg = Debug|Any CPU
		{A34E819D-607A-45FA-87C2-CFEF760F58F1}.CD_ROM|Mixed Platforms.Build.0 = Debug|Any CPU
		{A34E819D-607A-45FA-87C2-CFEF760F58F1}.CD_ROM|x86.ActiveCfg = Debug|Any CPU
		{A34E819D-607A-45FA-87C2-CFEF760F58F1}.Debug|Any CPU.ActiveCfg = Debug|Any CPU
		{A34E819D-607A-45FA-87C2-CFEF760F58F1}.Debug|Any CPU.Build.0 = Debug|Any CPU
		{A34E819D-607A-45FA-87C2-CFEF760F58F1}.Debug|Mixed Platforms.ActiveCfg = Debug|Any CPU
		{A34E819D-607A-45FA-87C2-CFEF760F58F1}.Debug|Mixed Platforms.Build.0 = Debug|Any CPU
		{A34E819D-607A-45FA-87C2-CFEF760F58F1}.Debug|x86.ActiveCfg = Debug|Any CPU
		{A34E819D-607A-45FA-87C2-CFEF760F58F1}.DVD-5|Any CPU.ActiveCfg = Debug|Any CPU
		{A34E819D-607A-45FA-87C2-CFEF760F58F1}.DVD-5|Any CPU.Build.0 = Debug|Any CPU
		{A34E819D-607A-45FA-87C2-CFEF760F58F1}.DVD-5|Mixed Platforms.ActiveCfg = Debug|Any CPU
		{A34E819D-607A-45FA-87C2-CFEF760F58F1}.DVD-5|Mixed Platforms.Build.0 = Debug|Any CPU
		{A34E819D-607A-45FA-87C2-CFEF760F58F1}.DVD-5|x86.ActiveCfg = Debug|Any CPU
		{A34E819D-607A-45FA-87C2-CFEF760F58F1}.Release|Any CPU.ActiveCfg = Debug|Any CPU
		{A34E819D-607A-45FA-87C2-CFEF760F58F1}.Release|Any CPU.Build.0 = Debug|Any CPU
		{A34E819D-607A-45FA-87C2-CFEF760F58F1}.Release|Mixed Platforms.ActiveCfg = Release|Any CPU
		{A34E819D-607A-45FA-87C2-CFEF760F58F1}.Release|Mixed Platforms.Build.0 = Release|Any CPU
		{A34E819D-607A-45FA-87C2-CFEF760F58F1}.Release|x86.ActiveCfg = Release|Any CPU
		{A34E819D-607A-45FA-87C2-CFEF760F58F1}.SingleImage|Any CPU.ActiveCfg = Release|Any CPU
		{A34E819D-607A-45FA-87C2-CFEF760F58F1}.SingleImage|Any CPU.Build.0 = Release|Any CPU
		{A34E819D-607A-45FA-87C2-CFEF760F58F1}.SingleImage|Mixed Platforms.ActiveCfg = Debug|Any CPU
		{A34E819D-607A-45FA-87C2-CFEF760F58F1}.SingleImage|Mixed Platforms.Build.0 = Debug|Any CPU
		{A34E819D-607A-45FA-87C2-CFEF760F58F1}.SingleImage|x86.ActiveCfg = Debug|Any CPU
		{E88C653D-5518-4B96-9B99-6EFBD46A9141}.CD_ROM|Any CPU.ActiveCfg = Release|Any CPU
		{E88C653D-5518-4B96-9B99-6EFBD46A9141}.CD_ROM|Any CPU.Build.0 = Release|Any CPU
		{E88C653D-5518-4B96-9B99-6EFBD46A9141}.CD_ROM|Mixed Platforms.ActiveCfg = Debug|Any CPU
		{E88C653D-5518-4B96-9B99-6EFBD46A9141}.CD_ROM|Mixed Platforms.Build.0 = Debug|Any CPU
		{E88C653D-5518-4B96-9B99-6EFBD46A9141}.CD_ROM|x86.ActiveCfg = Debug|Any CPU
		{E88C653D-5518-4B96-9B99-6EFBD46A9141}.Debug|Any CPU.ActiveCfg = Debug|Any CPU
		{E88C653D-5518-4B96-9B99-6EFBD46A9141}.Debug|Any CPU.Build.0 = Debug|Any CPU
		{E88C653D-5518-4B96-9B99-6EFBD46A9141}.Debug|Mixed Platforms.ActiveCfg = Debug|Any CPU
		{E88C653D-5518-4B96-9B99-6EFBD46A9141}.Debug|Mixed Platforms.Build.0 = Debug|Any CPU
		{E88C653D-5518-4B96-9B99-6EFBD46A9141}.Debug|x86.ActiveCfg = Debug|Any CPU
		{E88C653D-5518-4B96-9B99-6EFBD46A9141}.DVD-5|Any CPU.ActiveCfg = Debug|Any CPU
		{E88C653D-5518-4B96-9B99-6EFBD46A9141}.DVD-5|Any CPU.Build.0 = Debug|Any CPU
		{E88C653D-5518-4B96-9B99-6EFBD46A9141}.DVD-5|Mixed Platforms.ActiveCfg = Debug|Any CPU
		{E88C653D-5518-4B96-9B99-6EFBD46A9141}.DVD-5|Mixed Platforms.Build.0 = Debug|Any CPU
		{E88C653D-5518-4B96-9B99-6EFBD46A9141}.DVD-5|x86.ActiveCfg = Debug|Any CPU
		{E88C653D-5518-4B96-9B99-6EFBD46A9141}.Release|Any CPU.ActiveCfg = Debug|Any CPU
		{E88C653D-5518-4B96-9B99-6EFBD46A9141}.Release|Any CPU.Build.0 = Debug|Any CPU
		{E88C653D-5518-4B96-9B99-6EFBD46A9141}.Release|Mixed Platforms.ActiveCfg = Release|Any CPU
		{E88C653D-5518-4B96-9B99-6EFBD46A9141}.Release|Mixed Platforms.Build.0 = Release|Any CPU
		{E88C653D-5518-4B96-9B99-6EFBD46A9141}.Release|x86.ActiveCfg = Release|Any CPU
		{E88C653D-5518-4B96-9B99-6EFBD46A9141}.SingleImage|Any CPU.ActiveCfg = Release|Any CPU
		{E88C653D-5518-4B96-9B99-6EFBD46A9141}.SingleImage|Any CPU.Build.0 = Release|Any CPU
		{E88C653D-5518-4B96-9B99-6EFBD46A9141}.SingleImage|Mixed Platforms.ActiveCfg = Debug|Any CPU
		{E88C653D-5518-4B96-9B99-6EFBD46A9141}.SingleImage|Mixed Platforms.Build.0 = Debug|Any CPU
		{E88C653D-5518-4B96-9B99-6EFBD46A9141}.SingleImage|x86.ActiveCfg = Debug|Any CPU
		{81713F8F-6D25-4E48-AE82-AC1BD2565442}.CD_ROM|Any CPU.ActiveCfg = Release|Any CPU
		{81713F8F-6D25-4E48-AE82-AC1BD2565442}.CD_ROM|Any CPU.Build.0 = Release|Any CPU
		{81713F8F-6D25-4E48-AE82-AC1BD2565442}.CD_ROM|Mixed Platforms.ActiveCfg = Debug|Any CPU
		{81713F8F-6D25-4E48-AE82-AC1BD2565442}.CD_ROM|Mixed Platforms.Build.0 = Debug|Any CPU
		{81713F8F-6D25-4E48-AE82-AC1BD2565442}.CD_ROM|x86.ActiveCfg = Debug|Any CPU
		{81713F8F-6D25-4E48-AE82-AC1BD2565442}.Debug|Any CPU.ActiveCfg = Debug|Any CPU
		{81713F8F-6D25-4E48-AE82-AC1BD2565442}.Debug|Any CPU.Build.0 = Debug|Any CPU
		{81713F8F-6D25-4E48-AE82-AC1BD2565442}.Debug|Mixed Platforms.ActiveCfg = Debug|Any CPU
		{81713F8F-6D25-4E48-AE82-AC1BD2565442}.Debug|Mixed Platforms.Build.0 = Debug|Any CPU
		{81713F8F-6D25-4E48-AE82-AC1BD2565442}.Debug|x86.ActiveCfg = Debug|Any CPU
		{81713F8F-6D25-4E48-AE82-AC1BD2565442}.DVD-5|Any CPU.ActiveCfg = Debug|Any CPU
		{81713F8F-6D25-4E48-AE82-AC1BD2565442}.DVD-5|Any CPU.Build.0 = Debug|Any CPU
		{81713F8F-6D25-4E48-AE82-AC1BD2565442}.DVD-5|Mixed Platforms.ActiveCfg = Debug|Any CPU
		{81713F8F-6D25-4E48-AE82-AC1BD2565442}.DVD-5|Mixed Platforms.Build.0 = Debug|Any CPU
		{81713F8F-6D25-4E48-AE82-AC1BD2565442}.DVD-5|x86.ActiveCfg = Debug|Any CPU
		{81713F8F-6D25-4E48-AE82-AC1BD2565442}.Release|Any CPU.ActiveCfg = Debug|Any CPU
		{81713F8F-6D25-4E48-AE82-AC1BD2565442}.Release|Any CPU.Build.0 = Debug|Any CPU
		{81713F8F-6D25-4E48-AE82-AC1BD2565442}.Release|Mixed Platforms.ActiveCfg = Release|Any CPU
		{81713F8F-6D25-4E48-AE82-AC1BD2565442}.Release|Mixed Platforms.Build.0 = Release|Any CPU
		{81713F8F-6D25-4E48-AE82-AC1BD2565442}.Release|x86.ActiveCfg = Release|Any CPU
		{81713F8F-6D25-4E48-AE82-AC1BD2565442}.SingleImage|Any CPU.ActiveCfg = Release|Any CPU
		{81713F8F-6D25-4E48-AE82-AC1BD2565442}.SingleImage|Any CPU.Build.0 = Release|Any CPU
		{81713F8F-6D25-4E48-AE82-AC1BD2565442}.SingleImage|Mixed Platforms.ActiveCfg = Debug|Any CPU
		{81713F8F-6D25-4E48-AE82-AC1BD2565442}.SingleImage|Mixed Platforms.Build.0 = Debug|Any CPU
		{81713F8F-6D25-4E48-AE82-AC1BD2565442}.SingleImage|x86.ActiveCfg = Debug|Any CPU
		{C4201447-B3C3-4F3A-9E5F-4FF9B5F48570}.CD_ROM|Any CPU.ActiveCfg = Release|Any CPU
		{C4201447-B3C3-4F3A-9E5F-4FF9B5F48570}.CD_ROM|Any CPU.Build.0 = Release|Any CPU
		{C4201447-B3C3-4F3A-9E5F-4FF9B5F48570}.CD_ROM|Mixed Platforms.ActiveCfg = Debug|Any CPU
		{C4201447-B3C3-4F3A-9E5F-4FF9B5F48570}.CD_ROM|Mixed Platforms.Build.0 = Debug|Any CPU
		{C4201447-B3C3-4F3A-9E5F-4FF9B5F48570}.CD_ROM|x86.ActiveCfg = Debug|Any CPU
		{C4201447-B3C3-4F3A-9E5F-4FF9B5F48570}.Debug|Any CPU.ActiveCfg = Debug|Any CPU
		{C4201447-B3C3-4F3A-9E5F-4FF9B5F48570}.Debug|Any CPU.Build.0 = Debug|Any CPU
		{C4201447-B3C3-4F3A-9E5F-4FF9B5F48570}.Debug|Mixed Platforms.ActiveCfg = Debug|Any CPU
		{C4201447-B3C3-4F3A-9E5F-4FF9B5F48570}.Debug|Mixed Platforms.Build.0 = Debug|Any CPU
		{C4201447-B3C3-4F3A-9E5F-4FF9B5F48570}.Debug|x86.ActiveCfg = Debug|Any CPU
		{C4201447-B3C3-4F3A-9E5F-4FF9B5F48570}.DVD-5|Any CPU.ActiveCfg = Debug|Any CPU
		{C4201447-B3C3-4F3A-9E5F-4FF9B5F48570}.DVD-5|Any CPU.Build.0 = Debug|Any CPU
		{C4201447-B3C3-4F3A-9E5F-4FF9B5F48570}.DVD-5|Mixed Platforms.ActiveCfg = Debug|Any CPU
		{C4201447-B3C3-4F3A-9E5F-4FF9B5F48570}.DVD-5|Mixed Platforms.Build.0 = Debug|Any CPU
		{C4201447-B3C3-4F3A-9E5F-4FF9B5F48570}.DVD-5|x86.ActiveCfg = Debug|Any CPU
		{C4201447-B3C3-4F3A-9E5F-4FF9B5F48570}.Release|Any CPU.ActiveCfg = Release|Any CPU
		{C4201447-B3C3-4F3A-9E5F-4FF9B5F48570}.Release|Any CPU.Build.0 = Release|Any CPU
		{C4201447-B3C3-4F3A-9E5F-4FF9B5F48570}.Release|Mixed Platforms.ActiveCfg = Release|Any CPU
		{C4201447-B3C3-4F3A-9E5F-4FF9B5F48570}.Release|Mixed Platforms.Build.0 = Release|Any CPU
		{C4201447-B3C3-4F3A-9E5F-4FF9B5F48570}.Release|x86.ActiveCfg = Release|Any CPU
		{C4201447-B3C3-4F3A-9E5F-4FF9B5F48570}.SingleImage|Any CPU.ActiveCfg = Release|Any CPU
		{C4201447-B3C3-4F3A-9E5F-4FF9B5F48570}.SingleImage|Any CPU.Build.0 = Release|Any CPU
		{C4201447-B3C3-4F3A-9E5F-4FF9B5F48570}.SingleImage|Mixed Platforms.ActiveCfg = Debug|Any CPU
		{C4201447-B3C3-4F3A-9E5F-4FF9B5F48570}.SingleImage|Mixed Platforms.Build.0 = Debug|Any CPU
		{C4201447-B3C3-4F3A-9E5F-4FF9B5F48570}.SingleImage|x86.ActiveCfg = Debug|Any CPU
		{0FC085A6-D00C-4C2A-80F9-CAB83E9F5DF4}.CD_ROM|Any CPU.ActiveCfg = Release|Any CPU
		{0FC085A6-D00C-4C2A-80F9-CAB83E9F5DF4}.CD_ROM|Any CPU.Build.0 = Release|Any CPU
		{0FC085A6-D00C-4C2A-80F9-CAB83E9F5DF4}.CD_ROM|Mixed Platforms.ActiveCfg = Debug|Any CPU
		{0FC085A6-D00C-4C2A-80F9-CAB83E9F5DF4}.CD_ROM|Mixed Platforms.Build.0 = Debug|Any CPU
		{0FC085A6-D00C-4C2A-80F9-CAB83E9F5DF4}.CD_ROM|x86.ActiveCfg = Debug|Any CPU
		{0FC085A6-D00C-4C2A-80F9-CAB83E9F5DF4}.Debug|Any CPU.ActiveCfg = Debug|Any CPU
		{0FC085A6-D00C-4C2A-80F9-CAB83E9F5DF4}.Debug|Any CPU.Build.0 = Debug|Any CPU
		{0FC085A6-D00C-4C2A-80F9-CAB83E9F5DF4}.Debug|Mixed Platforms.ActiveCfg = Debug|Any CPU
		{0FC085A6-D00C-4C2A-80F9-CAB83E9F5DF4}.Debug|Mixed Platforms.Build.0 = Debug|Any CPU
		{0FC085A6-D00C-4C2A-80F9-CAB83E9F5DF4}.Debug|x86.ActiveCfg = Debug|Any CPU
		{0FC085A6-D00C-4C2A-80F9-CAB83E9F5DF4}.DVD-5|Any CPU.ActiveCfg = Debug|Any CPU
		{0FC085A6-D00C-4C2A-80F9-CAB83E9F5DF4}.DVD-5|Any CPU.Build.0 = Debug|Any CPU
		{0FC085A6-D00C-4C2A-80F9-CAB83E9F5DF4}.DVD-5|Mixed Platforms.ActiveCfg = Debug|Any CPU
		{0FC085A6-D00C-4C2A-80F9-CAB83E9F5DF4}.DVD-5|Mixed Platforms.Build.0 = Debug|Any CPU
		{0FC085A6-D00C-4C2A-80F9-CAB83E9F5DF4}.DVD-5|x86.ActiveCfg = Debug|Any CPU
		{0FC085A6-D00C-4C2A-80F9-CAB83E9F5DF4}.Release|Any CPU.ActiveCfg = Release|Any CPU
		{0FC085A6-D00C-4C2A-80F9-CAB83E9F5DF4}.Release|Any CPU.Build.0 = Release|Any CPU
		{0FC085A6-D00C-4C2A-80F9-CAB83E9F5DF4}.Release|Mixed Platforms.ActiveCfg = Release|Any CPU
		{0FC085A6-D00C-4C2A-80F9-CAB83E9F5DF4}.Release|Mixed Platforms.Build.0 = Release|Any CPU
		{0FC085A6-D00C-4C2A-80F9-CAB83E9F5DF4}.Release|x86.ActiveCfg = Release|Any CPU
		{0FC085A6-D00C-4C2A-80F9-CAB83E9F5DF4}.SingleImage|Any CPU.ActiveCfg = Release|Any CPU
		{0FC085A6-D00C-4C2A-80F9-CAB83E9F5DF4}.SingleImage|Any CPU.Build.0 = Release|Any CPU
		{0FC085A6-D00C-4C2A-80F9-CAB83E9F5DF4}.SingleImage|Mixed Platforms.ActiveCfg = Debug|Any CPU
		{0FC085A6-D00C-4C2A-80F9-CAB83E9F5DF4}.SingleImage|Mixed Platforms.Build.0 = Debug|Any CPU
		{0FC085A6-D00C-4C2A-80F9-CAB83E9F5DF4}.SingleImage|x86.ActiveCfg = Debug|Any CPU
		{7B288026-5502-4A39-BF41-77E086F3E4A3}.CD_ROM|Any CPU.ActiveCfg = Release|Any CPU
		{7B288026-5502-4A39-BF41-77E086F3E4A3}.CD_ROM|Any CPU.Build.0 = Release|Any CPU
		{7B288026-5502-4A39-BF41-77E086F3E4A3}.CD_ROM|Mixed Platforms.ActiveCfg = Release|Any CPU
		{7B288026-5502-4A39-BF41-77E086F3E4A3}.CD_ROM|Mixed Platforms.Build.0 = Release|Any CPU
		{7B288026-5502-4A39-BF41-77E086F3E4A3}.CD_ROM|x86.ActiveCfg = Release|Any CPU
		{7B288026-5502-4A39-BF41-77E086F3E4A3}.CD_ROM|x86.Build.0 = Release|Any CPU
		{7B288026-5502-4A39-BF41-77E086F3E4A3}.Debug|Any CPU.ActiveCfg = Debug|Any CPU
		{7B288026-5502-4A39-BF41-77E086F3E4A3}.Debug|Any CPU.Build.0 = Debug|Any CPU
		{7B288026-5502-4A39-BF41-77E086F3E4A3}.Debug|Mixed Platforms.ActiveCfg = Debug|Any CPU
		{7B288026-5502-4A39-BF41-77E086F3E4A3}.Debug|Mixed Platforms.Build.0 = Debug|Any CPU
		{7B288026-5502-4A39-BF41-77E086F3E4A3}.Debug|x86.ActiveCfg = Debug|Any CPU
		{7B288026-5502-4A39-BF41-77E086F3E4A3}.Debug|x86.Build.0 = Debug|Any CPU
		{7B288026-5502-4A39-BF41-77E086F3E4A3}.DVD-5|Any CPU.ActiveCfg = Debug|Any CPU
		{7B288026-5502-4A39-BF41-77E086F3E4A3}.DVD-5|Any CPU.Build.0 = Debug|Any CPU
		{7B288026-5502-4A39-BF41-77E086F3E4A3}.DVD-5|Mixed Platforms.ActiveCfg = Debug|Any CPU
		{7B288026-5502-4A39-BF41-77E086F3E4A3}.DVD-5|Mixed Platforms.Build.0 = Debug|Any CPU
		{7B288026-5502-4A39-BF41-77E086F3E4A3}.DVD-5|x86.ActiveCfg = Debug|Any CPU
		{7B288026-5502-4A39-BF41-77E086F3E4A3}.DVD-5|x86.Build.0 = Debug|Any CPU
		{7B288026-5502-4A39-BF41-77E086F3E4A3}.Release|Any CPU.ActiveCfg = Release|Any CPU
		{7B288026-5502-4A39-BF41-77E086F3E4A3}.Release|Any CPU.Build.0 = Release|Any CPU
		{7B288026-5502-4A39-BF41-77E086F3E4A3}.Release|Mixed Platforms.ActiveCfg = Release|Any CPU
		{7B288026-5502-4A39-BF41-77E086F3E4A3}.Release|Mixed Platforms.Build.0 = Release|Any CPU
		{7B288026-5502-4A39-BF41-77E086F3E4A3}.Release|x86.ActiveCfg = Release|Any CPU
		{7B288026-5502-4A39-BF41-77E086F3E4A3}.Release|x86.Build.0 = Release|Any CPU
		{7B288026-5502-4A39-BF41-77E086F3E4A3}.SingleImage|Any CPU.ActiveCfg = Release|Any CPU
		{7B288026-5502-4A39-BF41-77E086F3E4A3}.SingleImage|Any CPU.Build.0 = Release|Any CPU
		{7B288026-5502-4A39-BF41-77E086F3E4A3}.SingleImage|Mixed Platforms.ActiveCfg = Release|Any CPU
		{7B288026-5502-4A39-BF41-77E086F3E4A3}.SingleImage|Mixed Platforms.Build.0 = Release|Any CPU
		{7B288026-5502-4A39-BF41-77E086F3E4A3}.SingleImage|x86.ActiveCfg = Release|Any CPU
		{7B288026-5502-4A39-BF41-77E086F3E4A3}.SingleImage|x86.Build.0 = Release|Any CPU
		{0AAE90F3-14E7-4DD8-8FCE-55AF88DC6698}.CD_ROM|Any CPU.ActiveCfg = Release|Any CPU
		{0AAE90F3-14E7-4DD8-8FCE-55AF88DC6698}.CD_ROM|Any CPU.Build.0 = Release|Any CPU
		{0AAE90F3-14E7-4DD8-8FCE-55AF88DC6698}.CD_ROM|Mixed Platforms.ActiveCfg = Release|Any CPU
		{0AAE90F3-14E7-4DD8-8FCE-55AF88DC6698}.CD_ROM|Mixed Platforms.Build.0 = Release|Any CPU
		{0AAE90F3-14E7-4DD8-8FCE-55AF88DC6698}.CD_ROM|x86.ActiveCfg = Release|Any CPU
		{0AAE90F3-14E7-4DD8-8FCE-55AF88DC6698}.CD_ROM|x86.Build.0 = Release|Any CPU
		{0AAE90F3-14E7-4DD8-8FCE-55AF88DC6698}.Debug|Any CPU.ActiveCfg = Debug|Any CPU
		{0AAE90F3-14E7-4DD8-8FCE-55AF88DC6698}.Debug|Any CPU.Build.0 = Debug|Any CPU
		{0AAE90F3-14E7-4DD8-8FCE-55AF88DC6698}.Debug|Mixed Platforms.ActiveCfg = Debug|Any CPU
		{0AAE90F3-14E7-4DD8-8FCE-55AF88DC6698}.Debug|Mixed Platforms.Build.0 = Debug|Any CPU
		{0AAE90F3-14E7-4DD8-8FCE-55AF88DC6698}.Debug|x86.ActiveCfg = Debug|Any CPU
		{0AAE90F3-14E7-4DD8-8FCE-55AF88DC6698}.Debug|x86.Build.0 = Debug|Any CPU
		{0AAE90F3-14E7-4DD8-8FCE-55AF88DC6698}.DVD-5|Any CPU.ActiveCfg = Debug|Any CPU
		{0AAE90F3-14E7-4DD8-8FCE-55AF88DC6698}.DVD-5|Any CPU.Build.0 = Debug|Any CPU
		{0AAE90F3-14E7-4DD8-8FCE-55AF88DC6698}.DVD-5|Mixed Platforms.ActiveCfg = Debug|Any CPU
		{0AAE90F3-14E7-4DD8-8FCE-55AF88DC6698}.DVD-5|Mixed Platforms.Build.0 = Debug|Any CPU
		{0AAE90F3-14E7-4DD8-8FCE-55AF88DC6698}.DVD-5|x86.ActiveCfg = Debug|Any CPU
		{0AAE90F3-14E7-4DD8-8FCE-55AF88DC6698}.DVD-5|x86.Build.0 = Debug|Any CPU
		{0AAE90F3-14E7-4DD8-8FCE-55AF88DC6698}.Release|Any CPU.ActiveCfg = Release|Any CPU
		{0AAE90F3-14E7-4DD8-8FCE-55AF88DC6698}.Release|Any CPU.Build.0 = Release|Any CPU
		{0AAE90F3-14E7-4DD8-8FCE-55AF88DC6698}.Release|Mixed Platforms.ActiveCfg = Release|Any CPU
		{0AAE90F3-14E7-4DD8-8FCE-55AF88DC6698}.Release|Mixed Platforms.Build.0 = Release|Any CPU
		{0AAE90F3-14E7-4DD8-8FCE-55AF88DC6698}.Release|x86.ActiveCfg = Release|Any CPU
		{0AAE90F3-14E7-4DD8-8FCE-55AF88DC6698}.Release|x86.Build.0 = Release|Any CPU
		{0AAE90F3-14E7-4DD8-8FCE-55AF88DC6698}.SingleImage|Any CPU.ActiveCfg = Release|Any CPU
		{0AAE90F3-14E7-4DD8-8FCE-55AF88DC6698}.SingleImage|Any CPU.Build.0 = Release|Any CPU
		{0AAE90F3-14E7-4DD8-8FCE-55AF88DC6698}.SingleImage|Mixed Platforms.ActiveCfg = Release|Any CPU
		{0AAE90F3-14E7-4DD8-8FCE-55AF88DC6698}.SingleImage|Mixed Platforms.Build.0 = Release|Any CPU
		{0AAE90F3-14E7-4DD8-8FCE-55AF88DC6698}.SingleImage|x86.ActiveCfg = Release|Any CPU
		{0AAE90F3-14E7-4DD8-8FCE-55AF88DC6698}.SingleImage|x86.Build.0 = Release|Any CPU
		{6F8BE115-A31C-46B7-8C93-58093FAD8CD8}.CD_ROM|Any CPU.ActiveCfg = Release|Any CPU
		{6F8BE115-A31C-46B7-8C93-58093FAD8CD8}.CD_ROM|Any CPU.Build.0 = Release|Any CPU
		{6F8BE115-A31C-46B7-8C93-58093FAD8CD8}.CD_ROM|Mixed Platforms.ActiveCfg = Release|Any CPU
		{6F8BE115-A31C-46B7-8C93-58093FAD8CD8}.CD_ROM|Mixed Platforms.Build.0 = Release|Any CPU
		{6F8BE115-A31C-46B7-8C93-58093FAD8CD8}.CD_ROM|x86.ActiveCfg = Release|Any CPU
		{6F8BE115-A31C-46B7-8C93-58093FAD8CD8}.CD_ROM|x86.Build.0 = Release|Any CPU
		{6F8BE115-A31C-46B7-8C93-58093FAD8CD8}.Debug|Any CPU.ActiveCfg = Debug|Any CPU
		{6F8BE115-A31C-46B7-8C93-58093FAD8CD8}.Debug|Any CPU.Build.0 = Debug|Any CPU
		{6F8BE115-A31C-46B7-8C93-58093FAD8CD8}.Debug|Mixed Platforms.ActiveCfg = Debug|Any CPU
		{6F8BE115-A31C-46B7-8C93-58093FAD8CD8}.Debug|Mixed Platforms.Build.0 = Debug|Any CPU
		{6F8BE115-A31C-46B7-8C93-58093FAD8CD8}.Debug|x86.ActiveCfg = Debug|Any CPU
		{6F8BE115-A31C-46B7-8C93-58093FAD8CD8}.Debug|x86.Build.0 = Debug|Any CPU
		{6F8BE115-A31C-46B7-8C93-58093FAD8CD8}.DVD-5|Any CPU.ActiveCfg = Debug|Any CPU
		{6F8BE115-A31C-46B7-8C93-58093FAD8CD8}.DVD-5|Any CPU.Build.0 = Debug|Any CPU
		{6F8BE115-A31C-46B7-8C93-58093FAD8CD8}.DVD-5|Mixed Platforms.ActiveCfg = Debug|Any CPU
		{6F8BE115-A31C-46B7-8C93-58093FAD8CD8}.DVD-5|Mixed Platforms.Build.0 = Debug|Any CPU
		{6F8BE115-A31C-46B7-8C93-58093FAD8CD8}.DVD-5|x86.ActiveCfg = Debug|Any CPU
		{6F8BE115-A31C-46B7-8C93-58093FAD8CD8}.DVD-5|x86.Build.0 = Debug|Any CPU
		{6F8BE115-A31C-46B7-8C93-58093FAD8CD8}.Release|Any CPU.ActiveCfg = Release|Any CPU
		{6F8BE115-A31C-46B7-8C93-58093FAD8CD8}.Release|Any CPU.Build.0 = Release|Any CPU
		{6F8BE115-A31C-46B7-8C93-58093FAD8CD8}.Release|Mixed Platforms.ActiveCfg = Release|Any CPU
		{6F8BE115-A31C-46B7-8C93-58093FAD8CD8}.Release|Mixed Platforms.Build.0 = Release|Any CPU
		{6F8BE115-A31C-46B7-8C93-58093FAD8CD8}.Release|x86.ActiveCfg = Release|Any CPU
		{6F8BE115-A31C-46B7-8C93-58093FAD8CD8}.Release|x86.Build.0 = Release|Any CPU
		{6F8BE115-A31C-46B7-8C93-58093FAD8CD8}.SingleImage|Any CPU.ActiveCfg = Release|Any CPU
		{6F8BE115-A31C-46B7-8C93-58093FAD8CD8}.SingleImage|Any CPU.Build.0 = Release|Any CPU
		{6F8BE115-A31C-46B7-8C93-58093FAD8CD8}.SingleImage|Mixed Platforms.ActiveCfg = Release|Any CPU
		{6F8BE115-A31C-46B7-8C93-58093FAD8CD8}.SingleImage|Mixed Platforms.Build.0 = Release|Any CPU
		{6F8BE115-A31C-46B7-8C93-58093FAD8CD8}.SingleImage|x86.ActiveCfg = Release|Any CPU
		{6F8BE115-A31C-46B7-8C93-58093FAD8CD8}.SingleImage|x86.Build.0 = Release|Any CPU
		{D6C78A04-6A43-4AA6-B552-E8C331D58460}.CD_ROM|Any CPU.ActiveCfg = Release|Any CPU
		{D6C78A04-6A43-4AA6-B552-E8C331D58460}.CD_ROM|Any CPU.Build.0 = Release|Any CPU
		{D6C78A04-6A43-4AA6-B552-E8C331D58460}.CD_ROM|Mixed Platforms.ActiveCfg = Release|Any CPU
		{D6C78A04-6A43-4AA6-B552-E8C331D58460}.CD_ROM|Mixed Platforms.Build.0 = Release|Any CPU
		{D6C78A04-6A43-4AA6-B552-E8C331D58460}.CD_ROM|x86.ActiveCfg = Release|Any CPU
		{D6C78A04-6A43-4AA6-B552-E8C331D58460}.CD_ROM|x86.Build.0 = Release|Any CPU
		{D6C78A04-6A43-4AA6-B552-E8C331D58460}.Debug|Any CPU.ActiveCfg = Debug|Any CPU
		{D6C78A04-6A43-4AA6-B552-E8C331D58460}.Debug|Any CPU.Build.0 = Debug|Any CPU
		{D6C78A04-6A43-4AA6-B552-E8C331D58460}.Debug|Mixed Platforms.ActiveCfg = Debug|Any CPU
		{D6C78A04-6A43-4AA6-B552-E8C331D58460}.Debug|Mixed Platforms.Build.0 = Debug|Any CPU
		{D6C78A04-6A43-4AA6-B552-E8C331D58460}.Debug|x86.ActiveCfg = Debug|Any CPU
		{D6C78A04-6A43-4AA6-B552-E8C331D58460}.Debug|x86.Build.0 = Debug|Any CPU
		{D6C78A04-6A43-4AA6-B552-E8C331D58460}.DVD-5|Any CPU.ActiveCfg = Debug|Any CPU
		{D6C78A04-6A43-4AA6-B552-E8C331D58460}.DVD-5|Any CPU.Build.0 = Debug|Any CPU
		{D6C78A04-6A43-4AA6-B552-E8C331D58460}.DVD-5|Mixed Platforms.ActiveCfg = Debug|Any CPU
		{D6C78A04-6A43-4AA6-B552-E8C331D58460}.DVD-5|Mixed Platforms.Build.0 = Debug|Any CPU
		{D6C78A04-6A43-4AA6-B552-E8C331D58460}.DVD-5|x86.ActiveCfg = Debug|Any CPU
		{D6C78A04-6A43-4AA6-B552-E8C331D58460}.DVD-5|x86.Build.0 = Debug|Any CPU
		{D6C78A04-6A43-4AA6-B552-E8C331D58460}.Release|Any CPU.ActiveCfg = Release|Any CPU
		{D6C78A04-6A43-4AA6-B552-E8C331D58460}.Release|Any CPU.Build.0 = Release|Any CPU
		{D6C78A04-6A43-4AA6-B552-E8C331D58460}.Release|Mixed Platforms.ActiveCfg = Release|Any CPU
		{D6C78A04-6A43-4AA6-B552-E8C331D58460}.Release|Mixed Platforms.Build.0 = Release|Any CPU
		{D6C78A04-6A43-4AA6-B552-E8C331D58460}.Release|x86.ActiveCfg = Release|Any CPU
		{D6C78A04-6A43-4AA6-B552-E8C331D58460}.Release|x86.Build.0 = Release|Any CPU
		{D6C78A04-6A43-4AA6-B552-E8C331D58460}.SingleImage|Any CPU.ActiveCfg = Release|Any CPU
		{D6C78A04-6A43-4AA6-B552-E8C331D58460}.SingleImage|Any CPU.Build.0 = Release|Any CPU
		{D6C78A04-6A43-4AA6-B552-E8C331D58460}.SingleImage|Mixed Platforms.ActiveCfg = Release|Any CPU
		{D6C78A04-6A43-4AA6-B552-E8C331D58460}.SingleImage|Mixed Platforms.Build.0 = Release|Any CPU
		{D6C78A04-6A43-4AA6-B552-E8C331D58460}.SingleImage|x86.ActiveCfg = Release|Any CPU
		{D6C78A04-6A43-4AA6-B552-E8C331D58460}.SingleImage|x86.Build.0 = Release|Any CPU
		{7B9727BA-C862-46F1-9770-4FC29ABBA9FC}.CD_ROM|Any CPU.ActiveCfg = Release|Any CPU
		{7B9727BA-C862-46F1-9770-4FC29ABBA9FC}.CD_ROM|Any CPU.Build.0 = Release|Any CPU
		{7B9727BA-C862-46F1-9770-4FC29ABBA9FC}.CD_ROM|Mixed Platforms.ActiveCfg = Release|Any CPU
		{7B9727BA-C862-46F1-9770-4FC29ABBA9FC}.CD_ROM|Mixed Platforms.Build.0 = Release|Any CPU
		{7B9727BA-C862-46F1-9770-4FC29ABBA9FC}.CD_ROM|x86.ActiveCfg = Release|Any CPU
		{7B9727BA-C862-46F1-9770-4FC29ABBA9FC}.CD_ROM|x86.Build.0 = Release|Any CPU
		{7B9727BA-C862-46F1-9770-4FC29ABBA9FC}.Debug|Any CPU.ActiveCfg = Debug|Any CPU
		{7B9727BA-C862-46F1-9770-4FC29ABBA9FC}.Debug|Any CPU.Build.0 = Debug|Any CPU
		{7B9727BA-C862-46F1-9770-4FC29ABBA9FC}.Debug|Mixed Platforms.ActiveCfg = Debug|Any CPU
		{7B9727BA-C862-46F1-9770-4FC29ABBA9FC}.Debug|Mixed Platforms.Build.0 = Debug|Any CPU
		{7B9727BA-C862-46F1-9770-4FC29ABBA9FC}.Debug|x86.ActiveCfg = Debug|Any CPU
		{7B9727BA-C862-46F1-9770-4FC29ABBA9FC}.Debug|x86.Build.0 = Debug|Any CPU
		{7B9727BA-C862-46F1-9770-4FC29ABBA9FC}.DVD-5|Any CPU.ActiveCfg = Debug|Any CPU
		{7B9727BA-C862-46F1-9770-4FC29ABBA9FC}.DVD-5|Any CPU.Build.0 = Debug|Any CPU
		{7B9727BA-C862-46F1-9770-4FC29ABBA9FC}.DVD-5|Mixed Platforms.ActiveCfg = Debug|Any CPU
		{7B9727BA-C862-46F1-9770-4FC29ABBA9FC}.DVD-5|Mixed Platforms.Build.0 = Debug|Any CPU
		{7B9727BA-C862-46F1-9770-4FC29ABBA9FC}.DVD-5|x86.ActiveCfg = Debug|Any CPU
		{7B9727BA-C862-46F1-9770-4FC29ABBA9FC}.DVD-5|x86.Build.0 = Debug|Any CPU
		{7B9727BA-C862-46F1-9770-4FC29ABBA9FC}.Release|Any CPU.ActiveCfg = Release|Any CPU
		{7B9727BA-C862-46F1-9770-4FC29ABBA9FC}.Release|Any CPU.Build.0 = Release|Any CPU
		{7B9727BA-C862-46F1-9770-4FC29ABBA9FC}.Release|Mixed Platforms.ActiveCfg = Release|Any CPU
		{7B9727BA-C862-46F1-9770-4FC29ABBA9FC}.Release|Mixed Platforms.Build.0 = Release|Any CPU
		{7B9727BA-C862-46F1-9770-4FC29ABBA9FC}.Release|x86.ActiveCfg = Release|Any CPU
		{7B9727BA-C862-46F1-9770-4FC29ABBA9FC}.Release|x86.Build.0 = Release|Any CPU
		{7B9727BA-C862-46F1-9770-4FC29ABBA9FC}.SingleImage|Any CPU.ActiveCfg = Release|Any CPU
		{7B9727BA-C862-46F1-9770-4FC29ABBA9FC}.SingleImage|Any CPU.Build.0 = Release|Any CPU
		{7B9727BA-C862-46F1-9770-4FC29ABBA9FC}.SingleImage|Mixed Platforms.ActiveCfg = Release|Any CPU
		{7B9727BA-C862-46F1-9770-4FC29ABBA9FC}.SingleImage|Mixed Platforms.Build.0 = Release|Any CPU
		{7B9727BA-C862-46F1-9770-4FC29ABBA9FC}.SingleImage|x86.ActiveCfg = Release|Any CPU
		{7B9727BA-C862-46F1-9770-4FC29ABBA9FC}.SingleImage|x86.Build.0 = Release|Any CPU
		{88118662-E1E1-49FD-8498-67FAACC5726D}.CD_ROM|Any CPU.ActiveCfg = Release|Any CPU
		{88118662-E1E1-49FD-8498-67FAACC5726D}.CD_ROM|Any CPU.Build.0 = Release|Any CPU
		{88118662-E1E1-49FD-8498-67FAACC5726D}.CD_ROM|Mixed Platforms.ActiveCfg = Release|Any CPU
		{88118662-E1E1-49FD-8498-67FAACC5726D}.CD_ROM|Mixed Platforms.Build.0 = Release|Any CPU
		{88118662-E1E1-49FD-8498-67FAACC5726D}.CD_ROM|x86.ActiveCfg = Release|Any CPU
		{88118662-E1E1-49FD-8498-67FAACC5726D}.CD_ROM|x86.Build.0 = Release|Any CPU
		{88118662-E1E1-49FD-8498-67FAACC5726D}.Debug|Any CPU.ActiveCfg = Debug|Any CPU
		{88118662-E1E1-49FD-8498-67FAACC5726D}.Debug|Any CPU.Build.0 = Debug|Any CPU
		{88118662-E1E1-49FD-8498-67FAACC5726D}.Debug|Mixed Platforms.ActiveCfg = Debug|Any CPU
		{88118662-E1E1-49FD-8498-67FAACC5726D}.Debug|Mixed Platforms.Build.0 = Debug|Any CPU
		{88118662-E1E1-49FD-8498-67FAACC5726D}.Debug|x86.ActiveCfg = Debug|Any CPU
		{88118662-E1E1-49FD-8498-67FAACC5726D}.Debug|x86.Build.0 = Debug|Any CPU
		{88118662-E1E1-49FD-8498-67FAACC5726D}.DVD-5|Any CPU.ActiveCfg = Debug|Any CPU
		{88118662-E1E1-49FD-8498-67FAACC5726D}.DVD-5|Any CPU.Build.0 = Debug|Any CPU
		{88118662-E1E1-49FD-8498-67FAACC5726D}.DVD-5|Mixed Platforms.ActiveCfg = Debug|Any CPU
		{88118662-E1E1-49FD-8498-67FAACC5726D}.DVD-5|Mixed Platforms.Build.0 = Debug|Any CPU
		{88118662-E1E1-49FD-8498-67FAACC5726D}.DVD-5|x86.ActiveCfg = Debug|Any CPU
		{88118662-E1E1-49FD-8498-67FAACC5726D}.DVD-5|x86.Build.0 = Debug|Any CPU
		{88118662-E1E1-49FD-8498-67FAACC5726D}.Release|Any CPU.ActiveCfg = Release|Any CPU
		{88118662-E1E1-49FD-8498-67FAACC5726D}.Release|Any CPU.Build.0 = Release|Any CPU
		{88118662-E1E1-49FD-8498-67FAACC5726D}.Release|Mixed Platforms.ActiveCfg = Release|Any CPU
		{88118662-E1E1-49FD-8498-67FAACC5726D}.Release|Mixed Platforms.Build.0 = Release|Any CPU
		{88118662-E1E1-49FD-8498-67FAACC5726D}.Release|x86.ActiveCfg = Release|Any CPU
		{88118662-E1E1-49FD-8498-67FAACC5726D}.Release|x86.Build.0 = Release|Any CPU
		{88118662-E1E1-49FD-8498-67FAACC5726D}.SingleImage|Any CPU.ActiveCfg = Release|Any CPU
		{88118662-E1E1-49FD-8498-67FAACC5726D}.SingleImage|Any CPU.Build.0 = Release|Any CPU
		{88118662-E1E1-49FD-8498-67FAACC5726D}.SingleImage|Mixed Platforms.ActiveCfg = Release|Any CPU
		{88118662-E1E1-49FD-8498-67FAACC5726D}.SingleImage|Mixed Platforms.Build.0 = Release|Any CPU
		{88118662-E1E1-49FD-8498-67FAACC5726D}.SingleImage|x86.ActiveCfg = Release|Any CPU
		{88118662-E1E1-49FD-8498-67FAACC5726D}.SingleImage|x86.Build.0 = Release|Any CPU
		{78FDFA7D-B735-4B7E-BA2D-58376D482FEF}.CD_ROM|Any CPU.ActiveCfg = Release|Any CPU
		{78FDFA7D-B735-4B7E-BA2D-58376D482FEF}.CD_ROM|Any CPU.Build.0 = Release|Any CPU
		{78FDFA7D-B735-4B7E-BA2D-58376D482FEF}.CD_ROM|Mixed Platforms.ActiveCfg = Release|Any CPU
		{78FDFA7D-B735-4B7E-BA2D-58376D482FEF}.CD_ROM|Mixed Platforms.Build.0 = Release|Any CPU
		{78FDFA7D-B735-4B7E-BA2D-58376D482FEF}.CD_ROM|x86.ActiveCfg = Release|Any CPU
		{78FDFA7D-B735-4B7E-BA2D-58376D482FEF}.CD_ROM|x86.Build.0 = Release|Any CPU
		{78FDFA7D-B735-4B7E-BA2D-58376D482FEF}.Debug|Any CPU.ActiveCfg = Debug|Any CPU
		{78FDFA7D-B735-4B7E-BA2D-58376D482FEF}.Debug|Any CPU.Build.0 = Debug|Any CPU
		{78FDFA7D-B735-4B7E-BA2D-58376D482FEF}.Debug|Mixed Platforms.ActiveCfg = Debug|Any CPU
		{78FDFA7D-B735-4B7E-BA2D-58376D482FEF}.Debug|Mixed Platforms.Build.0 = Debug|Any CPU
		{78FDFA7D-B735-4B7E-BA2D-58376D482FEF}.Debug|x86.ActiveCfg = Debug|Any CPU
		{78FDFA7D-B735-4B7E-BA2D-58376D482FEF}.Debug|x86.Build.0 = Debug|Any CPU
		{78FDFA7D-B735-4B7E-BA2D-58376D482FEF}.DVD-5|Any CPU.ActiveCfg = Debug|Any CPU
		{78FDFA7D-B735-4B7E-BA2D-58376D482FEF}.DVD-5|Any CPU.Build.0 = Debug|Any CPU
		{78FDFA7D-B735-4B7E-BA2D-58376D482FEF}.DVD-5|Mixed Platforms.ActiveCfg = Debug|Any CPU
		{78FDFA7D-B735-4B7E-BA2D-58376D482FEF}.DVD-5|Mixed Platforms.Build.0 = Debug|Any CPU
		{78FDFA7D-B735-4B7E-BA2D-58376D482FEF}.DVD-5|x86.ActiveCfg = Debug|Any CPU
		{78FDFA7D-B735-4B7E-BA2D-58376D482FEF}.DVD-5|x86.Build.0 = Debug|Any CPU
		{78FDFA7D-B735-4B7E-BA2D-58376D482FEF}.Release|Any CPU.ActiveCfg = Release|Any CPU
		{78FDFA7D-B735-4B7E-BA2D-58376D482FEF}.Release|Any CPU.Build.0 = Release|Any CPU
		{78FDFA7D-B735-4B7E-BA2D-58376D482FEF}.Release|Mixed Platforms.ActiveCfg = Release|Any CPU
		{78FDFA7D-B735-4B7E-BA2D-58376D482FEF}.Release|Mixed Platforms.Build.0 = Release|Any CPU
		{78FDFA7D-B735-4B7E-BA2D-58376D482FEF}.Release|x86.ActiveCfg = Release|Any CPU
		{78FDFA7D-B735-4B7E-BA2D-58376D482FEF}.Release|x86.Build.0 = Release|Any CPU
		{78FDFA7D-B735-4B7E-BA2D-58376D482FEF}.SingleImage|Any CPU.ActiveCfg = Release|Any CPU
		{78FDFA7D-B735-4B7E-BA2D-58376D482FEF}.SingleImage|Any CPU.Build.0 = Release|Any CPU
		{78FDFA7D-B735-4B7E-BA2D-58376D482FEF}.SingleImage|Mixed Platforms.ActiveCfg = Release|Any CPU
		{78FDFA7D-B735-4B7E-BA2D-58376D482FEF}.SingleImage|Mixed Platforms.Build.0 = Release|Any CPU
		{78FDFA7D-B735-4B7E-BA2D-58376D482FEF}.SingleImage|x86.ActiveCfg = Release|Any CPU
		{78FDFA7D-B735-4B7E-BA2D-58376D482FEF}.SingleImage|x86.Build.0 = Release|Any CPU
		{327DA945-62EB-48C4-838A-B808E70157CD}.CD_ROM|Any CPU.ActiveCfg = Release|Any CPU
		{327DA945-62EB-48C4-838A-B808E70157CD}.CD_ROM|Any CPU.Build.0 = Release|Any CPU
		{327DA945-62EB-48C4-838A-B808E70157CD}.CD_ROM|Mixed Platforms.ActiveCfg = Release|Any CPU
		{327DA945-62EB-48C4-838A-B808E70157CD}.CD_ROM|Mixed Platforms.Build.0 = Release|Any CPU
		{327DA945-62EB-48C4-838A-B808E70157CD}.CD_ROM|x86.ActiveCfg = Release|Any CPU
		{327DA945-62EB-48C4-838A-B808E70157CD}.CD_ROM|x86.Build.0 = Release|Any CPU
		{327DA945-62EB-48C4-838A-B808E70157CD}.Debug|Any CPU.ActiveCfg = Debug|Any CPU
		{327DA945-62EB-48C4-838A-B808E70157CD}.Debug|Any CPU.Build.0 = Debug|Any CPU
		{327DA945-62EB-48C4-838A-B808E70157CD}.Debug|Mixed Platforms.ActiveCfg = Debug|Any CPU
		{327DA945-62EB-48C4-838A-B808E70157CD}.Debug|Mixed Platforms.Build.0 = Debug|Any CPU
		{327DA945-62EB-48C4-838A-B808E70157CD}.Debug|x86.ActiveCfg = Debug|Any CPU
		{327DA945-62EB-48C4-838A-B808E70157CD}.Debug|x86.Build.0 = Debug|Any CPU
		{327DA945-62EB-48C4-838A-B808E70157CD}.DVD-5|Any CPU.ActiveCfg = Debug|Any CPU
		{327DA945-62EB-48C4-838A-B808E70157CD}.DVD-5|Any CPU.Build.0 = Debug|Any CPU
		{327DA945-62EB-48C4-838A-B808E70157CD}.DVD-5|Mixed Platforms.ActiveCfg = Debug|Any CPU
		{327DA945-62EB-48C4-838A-B808E70157CD}.DVD-5|Mixed Platforms.Build.0 = Debug|Any CPU
		{327DA945-62EB-48C4-838A-B808E70157CD}.DVD-5|x86.ActiveCfg = Debug|Any CPU
		{327DA945-62EB-48C4-838A-B808E70157CD}.DVD-5|x86.Build.0 = Debug|Any CPU
		{327DA945-62EB-48C4-838A-B808E70157CD}.Release|Any CPU.ActiveCfg = Release|Any CPU
		{327DA945-62EB-48C4-838A-B808E70157CD}.Release|Any CPU.Build.0 = Release|Any CPU
		{327DA945-62EB-48C4-838A-B808E70157CD}.Release|Mixed Platforms.ActiveCfg = Release|Any CPU
		{327DA945-62EB-48C4-838A-B808E70157CD}.Release|Mixed Platforms.Build.0 = Release|Any CPU
		{327DA945-62EB-48C4-838A-B808E70157CD}.Release|x86.ActiveCfg = Release|Any CPU
		{327DA945-62EB-48C4-838A-B808E70157CD}.Release|x86.Build.0 = Release|Any CPU
		{327DA945-62EB-48C4-838A-B808E70157CD}.SingleImage|Any CPU.ActiveCfg = Release|Any CPU
		{327DA945-62EB-48C4-838A-B808E70157CD}.SingleImage|Any CPU.Build.0 = Release|Any CPU
		{327DA945-62EB-48C4-838A-B808E70157CD}.SingleImage|Mixed Platforms.ActiveCfg = Release|Any CPU
		{327DA945-62EB-48C4-838A-B808E70157CD}.SingleImage|Mixed Platforms.Build.0 = Release|Any CPU
		{327DA945-62EB-48C4-838A-B808E70157CD}.SingleImage|x86.ActiveCfg = Release|Any CPU
		{327DA945-62EB-48C4-838A-B808E70157CD}.SingleImage|x86.Build.0 = Release|Any CPU
		{8EB2A2A0-CD4C-47EC-9099-419F8AE04B47}.CD_ROM|Any CPU.ActiveCfg = Release|Any CPU
		{8EB2A2A0-CD4C-47EC-9099-419F8AE04B47}.CD_ROM|Any CPU.Build.0 = Release|Any CPU
		{8EB2A2A0-CD4C-47EC-9099-419F8AE04B47}.CD_ROM|Mixed Platforms.ActiveCfg = Release|Any CPU
		{8EB2A2A0-CD4C-47EC-9099-419F8AE04B47}.CD_ROM|Mixed Platforms.Build.0 = Release|Any CPU
		{8EB2A2A0-CD4C-47EC-9099-419F8AE04B47}.CD_ROM|x86.ActiveCfg = Release|Any CPU
		{8EB2A2A0-CD4C-47EC-9099-419F8AE04B47}.CD_ROM|x86.Build.0 = Release|Any CPU
		{8EB2A2A0-CD4C-47EC-9099-419F8AE04B47}.Debug|Any CPU.ActiveCfg = Debug|Any CPU
		{8EB2A2A0-CD4C-47EC-9099-419F8AE04B47}.Debug|Any CPU.Build.0 = Debug|Any CPU
		{8EB2A2A0-CD4C-47EC-9099-419F8AE04B47}.Debug|Mixed Platforms.ActiveCfg = Debug|Any CPU
		{8EB2A2A0-CD4C-47EC-9099-419F8AE04B47}.Debug|Mixed Platforms.Build.0 = Debug|Any CPU
		{8EB2A2A0-CD4C-47EC-9099-419F8AE04B47}.Debug|x86.ActiveCfg = Debug|Any CPU
		{8EB2A2A0-CD4C-47EC-9099-419F8AE04B47}.Debug|x86.Build.0 = Debug|Any CPU
		{8EB2A2A0-CD4C-47EC-9099-419F8AE04B47}.DVD-5|Any CPU.ActiveCfg = Debug|Any CPU
		{8EB2A2A0-CD4C-47EC-9099-419F8AE04B47}.DVD-5|Any CPU.Build.0 = Debug|Any CPU
		{8EB2A2A0-CD4C-47EC-9099-419F8AE04B47}.DVD-5|Mixed Platforms.ActiveCfg = Debug|Any CPU
		{8EB2A2A0-CD4C-47EC-9099-419F8AE04B47}.DVD-5|Mixed Platforms.Build.0 = Debug|Any CPU
		{8EB2A2A0-CD4C-47EC-9099-419F8AE04B47}.DVD-5|x86.ActiveCfg = Debug|Any CPU
		{8EB2A2A0-CD4C-47EC-9099-419F8AE04B47}.DVD-5|x86.Build.0 = Debug|Any CPU
		{8EB2A2A0-CD4C-47EC-9099-419F8AE04B47}.Release|Any CPU.ActiveCfg = Release|Any CPU
		{8EB2A2A0-CD4C-47EC-9099-419F8AE04B47}.Release|Any CPU.Build.0 = Release|Any CPU
		{8EB2A2A0-CD4C-47EC-9099-419F8AE04B47}.Release|Mixed Platforms.ActiveCfg = Release|Any CPU
		{8EB2A2A0-CD4C-47EC-9099-419F8AE04B47}.Release|Mixed Platforms.Build.0 = Release|Any CPU
		{8EB2A2A0-CD4C-47EC-9099-419F8AE04B47}.Release|x86.ActiveCfg = Release|Any CPU
		{8EB2A2A0-CD4C-47EC-9099-419F8AE04B47}.Release|x86.Build.0 = Release|Any CPU
		{8EB2A2A0-CD4C-47EC-9099-419F8AE04B47}.SingleImage|Any CPU.ActiveCfg = Release|Any CPU
		{8EB2A2A0-CD4C-47EC-9099-419F8AE04B47}.SingleImage|Any CPU.Build.0 = Release|Any CPU
		{8EB2A2A0-CD4C-47EC-9099-419F8AE04B47}.SingleImage|Mixed Platforms.ActiveCfg = Release|Any CPU
		{8EB2A2A0-CD4C-47EC-9099-419F8AE04B47}.SingleImage|Mixed Platforms.Build.0 = Release|Any CPU
		{8EB2A2A0-CD4C-47EC-9099-419F8AE04B47}.SingleImage|x86.ActiveCfg = Release|Any CPU
		{8EB2A2A0-CD4C-47EC-9099-419F8AE04B47}.SingleImage|x86.Build.0 = Release|Any CPU
	EndGlobalSection
	GlobalSection(SolutionProperties) = preSolution
		HideSolutionNode = FALSE
	EndGlobalSection
	GlobalSection(NestedProjects) = preSolution
		{E88C653D-5518-4B96-9B99-6EFBD46A9141} = {A4B29FE9-48FA-4973-A5A4-B02F9920761A}
		{81713F8F-6D25-4E48-AE82-AC1BD2565442} = {A4B29FE9-48FA-4973-A5A4-B02F9920761A}
		{C4201447-B3C3-4F3A-9E5F-4FF9B5F48570} = {A4B29FE9-48FA-4973-A5A4-B02F9920761A}
		{0FC085A6-D00C-4C2A-80F9-CAB83E9F5DF4} = {CF4B039C-7597-4B14-8CDD-8D449FBF66A1}
		{7B288026-5502-4A39-BF41-77E086F3E4A3} = {A4B29FE9-48FA-4973-A5A4-B02F9920761A}
		{0AAE90F3-14E7-4DD8-8FCE-55AF88DC6698} = {E2D68A3A-A114-4509-B665-5EBA9D8487EB}
		{6F8BE115-A31C-46B7-8C93-58093FAD8CD8} = {72729E4C-164E-470F-ACE4-0127C95E8553}
		{D6C78A04-6A43-4AA6-B552-E8C331D58460} = {A4B29FE9-48FA-4973-A5A4-B02F9920761A}
		{88118662-E1E1-49FD-8498-67FAACC5726D} = {A4B29FE9-48FA-4973-A5A4-B02F9920761A}
		{78FDFA7D-B735-4B7E-BA2D-58376D482FEF} = {72729E4C-164E-470F-ACE4-0127C95E8553}
		{327DA945-62EB-48C4-838A-B808E70157CD} = {61092C0D-45AB-4B61-AE8C-8161B9C0F9C0}
		{8EB2A2A0-CD4C-47EC-9099-419F8AE04B47} = {61092C0D-45AB-4B61-AE8C-8161B9C0F9C0}
	EndGlobalSection
EndGlobal
