
Microsoft Visual Studio Solution File, Format Version 12.00
# Visual Studio 14
VisualStudioVersion = 14.0.23107.0
MinimumVisualStudioVersion = 10.0.40219.1
Project("{2150E333-8FDC-42A3-9474-1A3956D46DE8}") = "Libs", "Libs", "{A4B29FE9-48FA-4973-A5A4-B02F9920761A}"
EndProject
Project("{2150E333-8FDC-42A3-9474-1A3956D46DE8}") = "SLLibs", "SLLibs", "{AA8F1558-9FE4-4C50-9F9F-2DC43EEA5232}"
EndProject
Project("{2150E333-8FDC-42A3-9474-1A3956D46DE8}") = "Cubes", "Cubes", "{CF4B039C-7597-4B14-8CDD-8D449FBF66A1}"
EndProject
Project("{2150E333-8FDC-42A3-9474-1A3956D46DE8}") = "Utils", "Utils", "{1001F659-7BD8-4F28-8CB6-BEE9331DCFE9}"
EndProject
Project("{FAE04EC0-301F-11D3-BF4B-00C04F79EFBC}") = "Web4", "Web4\Web4.csproj", "{A34E819D-607A-45FA-87C2-CFEF760F58F1}"
	ProjectSection(ProjectDependencies) = postProject
		{0AAE90F3-14E7-4DD8-8FCE-55AF88DC6698} = {0AAE90F3-14E7-4DD8-8FCE-55AF88DC6698}
	EndProjectSection
EndProject
Project("{FAE04EC0-301F-11D3-BF4B-00C04F79EFBC}") = "ObjectModel", "ObjectModel\ObjectModel.csproj", "{E88C653D-5518-4B96-9B99-6EFBD46A9141}"
	ProjectSection(ProjectDependencies) = postProject
		{0FD4B1DD-45A8-4F02-BEB0-5881CD512573} = {0FD4B1DD-45A8-4F02-BEB0-5881CD512573}
	EndProjectSection
EndProject
Project("{FAE04EC0-301F-11D3-BF4B-00C04F79EFBC}") = "NewLMComModel", "NewLMComModel\NewLMComModel.csproj", "{81713F8F-6D25-4E48-AE82-AC1BD2565442}"
EndProject
Project("{FAE04EC0-301F-11D3-BF4B-00C04F79EFBC}") = "SLExtension", "SLExtension\SLExtension.csproj", "{0AAE90F3-14E7-4DD8-8FCE-55AF88DC6698}"
EndProject
Project("{FAE04EC0-301F-11D3-BF4B-00C04F79EFBC}") = "EduAuthor", "EduAuthor\EduAuthor.csproj", "{0E71CDCE-D1C8-459E-AC82-2869F3200953}"
EndProject
Project("{FAE04EC0-301F-11D3-BF4B-00C04F79EFBC}") = "LMComExternal", "LMComExternal\LMComExternal.csproj", "{A0024FC2-C528-45F8-9391-4B45889E53D9}"
EndProject
Project("{FAE04EC0-301F-11D3-BF4B-00C04F79EFBC}") = "LMComLib", "LMComLib\LMComLib.csproj", "{C4201447-B3C3-4F3A-9E5F-4FF9B5F48570}"
EndProject
Project("{FAE04EC0-301F-11D3-BF4B-00C04F79EFBC}") = "CubesDeployment", "CubesDeployment\CubesDeployment.csproj", "{0FC085A6-D00C-4C2A-80F9-CAB83E9F5DF4}"
EndProject
Project("{FAE04EC0-301F-11D3-BF4B-00C04F79EFBC}") = "SolutionToolbar", "SolutionToolbar\SolutionToolbar.csproj", "{6F8BE115-A31C-46B7-8C93-58093FAD8CD8}"
EndProject
Project("{FAE04EC0-301F-11D3-BF4B-00C04F79EFBC}") = "SchemaDefinition", "SchemaDefinition\SchemaDefinition.csproj", "{427558D5-EF8D-40CF-90EA-91BBAB759FE6}"
EndProject
Project("{FAE04EC0-301F-11D3-BF4B-00C04F79EFBC}") = "OldToNewViewer", "OldToNewViewer\OldToNewViewer.csproj", "{7F271925-B356-406F-905C-B50228883B24}"
EndProject
Project("{FAE04EC0-301F-11D3-BF4B-00C04F79EFBC}") = "CommonMark.Base", "CommonMark\CommonMark.Base.csproj", "{0FD4B1DD-45A8-4F02-BEB0-5881CD512573}"
EndProject
Project("{FAE04EC0-301F-11D3-BF4B-00C04F79EFBC}") = "ScormExNet35", "ScormExNet35\ScormExNet35.csproj", "{3D1E3BEB-CCF3-4E18-82FA-B7DB4DDFFDF6}"
EndProject
Project("{E24C65DC-7377-472B-9ABA-BC803B73C61A}") = "EduAuthorNew", "http://localhost:59768", "{8984CA52-5F01-4E5D-A6BF-D0A614ABBE00}"
	ProjectSection(WebsiteProperties) = preProject
		UseIISExpress = "true"
		TargetFrameworkMoniker = ".NETFramework,Version%3Dv4.5"
		Debug.AspNetCompiler.VirtualPath = "/localhost_59768"
		Debug.AspNetCompiler.PhysicalPath = "EduAuthorNew\"
		Debug.AspNetCompiler.TargetPath = "PrecompiledWeb\localhost_59768\"
		Debug.AspNetCompiler.Updateable = "true"
		Debug.AspNetCompiler.ForceOverwrite = "true"
		Debug.AspNetCompiler.FixedNames = "false"
		Debug.AspNetCompiler.Debug = "True"
		Release.AspNetCompiler.VirtualPath = "/localhost_59768"
		Release.AspNetCompiler.PhysicalPath = "EduAuthorNew\"
		Release.AspNetCompiler.TargetPath = "PrecompiledWeb\localhost_59768\"
		Release.AspNetCompiler.Updateable = "true"
		Release.AspNetCompiler.ForceOverwrite = "true"
		Release.AspNetCompiler.FixedNames = "false"
		Release.AspNetCompiler.Debug = "False"
		SlnRelativePath = "EduAuthorNew\"
	EndProjectSection
EndProject
Project("{FAE04EC0-301F-11D3-BF4B-00C04F79EFBC}") = "Blended", "Blended\Blended.csproj", "{A83301EA-B271-47E6-8698-E138CFE8B07C}"
EndProject
Project("{FAE04EC0-301F-11D3-BF4B-00C04F79EFBC}") = "EPPlus", "EPPlus\EPPlus.csproj", "{7B288026-5502-4A39-BF41-77E086F3E4A3}"
EndProject
Global
	GlobalSection(SolutionConfigurationPlatforms) = preSolution
		CD_ROM|Any CPU = CD_ROM|Any CPU
		CD_ROM|Mixed Platforms = CD_ROM|Mixed Platforms
		CD_ROM|x86 = CD_ROM|x86
		Debug|Any CPU = Debug|Any CPU
		Debug|Mixed Platforms = Debug|Mixed Platforms
		Debug|x86 = Debug|x86
		DVD-5|Any CPU = DVD-5|Any CPU
		DVD-5|Mixed Platforms = DVD-5|Mixed Platforms
		DVD-5|x86 = DVD-5|x86
		Release|Any CPU = Release|Any CPU
		Release|Mixed Platforms = Release|Mixed Platforms
		Release|x86 = Release|x86
		SingleImage|Any CPU = SingleImage|Any CPU
		SingleImage|Mixed Platforms = SingleImage|Mixed Platforms
		SingleImage|x86 = SingleImage|x86
	EndGlobalSection
	GlobalSection(ProjectConfigurationPlatforms) = postSolution
		{A34E819D-607A-45FA-87C2-CFEF760F58F1}.CD_ROM|Any CPU.ActiveCfg = Release|Any CPU
		{A34E819D-607A-45FA-87C2-CFEF760F58F1}.CD_ROM|Mixed Platforms.ActiveCfg = Debug|Any CPU
		{A34E819D-607A-45FA-87C2-CFEF760F58F1}.CD_ROM|Mixed Platforms.Build.0 = Debug|Any CPU
		{A34E819D-607A-45FA-87C2-CFEF760F58F1}.CD_ROM|x86.ActiveCfg = Debug|Any CPU
		{A34E819D-607A-45FA-87C2-CFEF760F58F1}.Debug|Any CPU.ActiveCfg = Debug|Any CPU
		{A34E819D-607A-45FA-87C2-CFEF760F58F1}.Debug|Any CPU.Build.0 = Debug|Any CPU
		{A34E819D-607A-45FA-87C2-CFEF760F58F1}.Debug|Mixed Platforms.ActiveCfg = Debug|Any CPU
		{A34E819D-607A-45FA-87C2-CFEF760F58F1}.Debug|Mixed Platforms.Build.0 = Debug|Any CPU
		{A34E819D-607A-45FA-87C2-CFEF760F58F1}.Debug|x86.ActiveCfg = Debug|Any CPU
		{A34E819D-607A-45FA-87C2-CFEF760F58F1}.DVD-5|Any CPU.ActiveCfg = Debug|Any CPU
		{A34E819D-607A-45FA-87C2-CFEF760F58F1}.DVD-5|Any CPU.Build.0 = Debug|Any CPU
		{A34E819D-607A-45FA-87C2-CFEF760F58F1}.DVD-5|Mixed Platforms.ActiveCfg = Debug|Any CPU
		{A34E819D-607A-45FA-87C2-CFEF760F58F1}.DVD-5|Mixed Platforms.Build.0 = Debug|Any CPU
		{A34E819D-607A-45FA-87C2-CFEF760F58F1}.DVD-5|x86.ActiveCfg = Debug|Any CPU
		{A34E819D-607A-45FA-87C2-CFEF760F58F1}.Release|Any CPU.ActiveCfg = Debug|Any CPU
		{A34E819D-607A-45FA-87C2-CFEF760F58F1}.Release|Any CPU.Build.0 = Debug|Any CPU
		{A34E819D-607A-45FA-87C2-CFEF760F58F1}.Release|Mixed Platforms.ActiveCfg = Release|Any CPU
		{A34E819D-607A-45FA-87C2-CFEF760F58F1}.Release|Mixed Platforms.Build.0 = Release|Any CPU
		{A34E819D-607A-45FA-87C2-CFEF760F58F1}.Release|x86.ActiveCfg = Release|Any CPU
		{A34E819D-607A-45FA-87C2-CFEF760F58F1}.SingleImage|Any CPU.ActiveCfg = Release|Any CPU
		{A34E819D-607A-45FA-87C2-CFEF760F58F1}.SingleImage|Any CPU.Build.0 = Release|Any CPU
		{A34E819D-607A-45FA-87C2-CFEF760F58F1}.SingleImage|Mixed Platforms.ActiveCfg = Debug|Any CPU
		{A34E819D-607A-45FA-87C2-CFEF760F58F1}.SingleImage|Mixed Platforms.Build.0 = Debug|Any CPU
		{A34E819D-607A-45FA-87C2-CFEF760F58F1}.SingleImage|x86.ActiveCfg = Debug|Any CPU
		{E88C653D-5518-4B96-9B99-6EFBD46A9141}.CD_ROM|Any CPU.ActiveCfg = Release|Any CPU
		{E88C653D-5518-4B96-9B99-6EFBD46A9141}.CD_ROM|Any CPU.Build.0 = Release|Any CPU
		{E88C653D-5518-4B96-9B99-6EFBD46A9141}.CD_ROM|Mixed Platforms.ActiveCfg = Debug|Any CPU
		{E88C653D-5518-4B96-9B99-6EFBD46A9141}.CD_ROM|Mixed Platforms.Build.0 = Debug|Any CPU
		{E88C653D-5518-4B96-9B99-6EFBD46A9141}.CD_ROM|x86.ActiveCfg = Debug|Any CPU
		{E88C653D-5518-4B96-9B99-6EFBD46A9141}.Debug|Any CPU.ActiveCfg = Debug|Any CPU
		{E88C653D-5518-4B96-9B99-6EFBD46A9141}.Debug|Any CPU.Build.0 = Debug|Any CPU
		{E88C653D-5518-4B96-9B99-6EFBD46A9141}.Debug|Mixed Platforms.ActiveCfg = Debug|Any CPU
		{E88C653D-5518-4B96-9B99-6EFBD46A9141}.Debug|Mixed Platforms.Build.0 = Debug|Any CPU
		{E88C653D-5518-4B96-9B99-6EFBD46A9141}.Debug|x86.ActiveCfg = Debug|Any CPU
		{E88C653D-5518-4B96-9B99-6EFBD46A9141}.DVD-5|Any CPU.ActiveCfg = Debug|Any CPU
		{E88C653D-5518-4B96-9B99-6EFBD46A9141}.DVD-5|Any CPU.Build.0 = Debug|Any CPU
		{E88C653D-5518-4B96-9B99-6EFBD46A9141}.DVD-5|Mixed Platforms.ActiveCfg = Debug|Any CPU
		{E88C653D-5518-4B96-9B99-6EFBD46A9141}.DVD-5|Mixed Platforms.Build.0 = Debug|Any CPU
		{E88C653D-5518-4B96-9B99-6EFBD46A9141}.DVD-5|x86.ActiveCfg = Debug|Any CPU
		{E88C653D-5518-4B96-9B99-6EFBD46A9141}.Release|Any CPU.ActiveCfg = Debug|Any CPU
		{E88C653D-5518-4B96-9B99-6EFBD46A9141}.Release|Any CPU.Build.0 = Debug|Any CPU
		{E88C653D-5518-4B96-9B99-6EFBD46A9141}.Release|Mixed Platforms.ActiveCfg = Release|Any CPU
		{E88C653D-5518-4B96-9B99-6EFBD46A9141}.Release|Mixed Platforms.Build.0 = Release|Any CPU
		{E88C653D-5518-4B96-9B99-6EFBD46A9141}.Release|x86.ActiveCfg = Release|Any CPU
		{E88C653D-5518-4B96-9B99-6EFBD46A9141}.SingleImage|Any CPU.ActiveCfg = Release|Any CPU
		{E88C653D-5518-4B96-9B99-6EFBD46A9141}.SingleImage|Any CPU.Build.0 = Release|Any CPU
		{E88C653D-5518-4B96-9B99-6EFBD46A9141}.SingleImage|Mixed Platforms.ActiveCfg = Debug|Any CPU
		{E88C653D-5518-4B96-9B99-6EFBD46A9141}.SingleImage|Mixed Platforms.Build.0 = Debug|Any CPU
		{E88C653D-5518-4B96-9B99-6EFBD46A9141}.SingleImage|x86.ActiveCfg = Debug|Any CPU
		{81713F8F-6D25-4E48-AE82-AC1BD2565442}.CD_ROM|Any CPU.ActiveCfg = Release|Any CPU
		{81713F8F-6D25-4E48-AE82-AC1BD2565442}.CD_ROM|Any CPU.Build.0 = Release|Any CPU
		{81713F8F-6D25-4E48-AE82-AC1BD2565442}.CD_ROM|Mixed Platforms.ActiveCfg = Debug|Any CPU
		{81713F8F-6D25-4E48-AE82-AC1BD2565442}.CD_ROM|Mixed Platforms.Build.0 = Debug|Any CPU
		{81713F8F-6D25-4E48-AE82-AC1BD2565442}.CD_ROM|x86.ActiveCfg = Debug|Any CPU
		{81713F8F-6D25-4E48-AE82-AC1BD2565442}.Debug|Any CPU.ActiveCfg = Debug|Any CPU
		{81713F8F-6D25-4E48-AE82-AC1BD2565442}.Debug|Any CPU.Build.0 = Debug|Any CPU
		{81713F8F-6D25-4E48-AE82-AC1BD2565442}.Debug|Mixed Platforms.ActiveCfg = Debug|Any CPU
		{81713F8F-6D25-4E48-AE82-AC1BD2565442}.Debug|Mixed Platforms.Build.0 = Debug|Any CPU
		{81713F8F-6D25-4E48-AE82-AC1BD2565442}.Debug|x86.ActiveCfg = Debug|Any CPU
		{81713F8F-6D25-4E48-AE82-AC1BD2565442}.DVD-5|Any CPU.ActiveCfg = Debug|Any CPU
		{81713F8F-6D25-4E48-AE82-AC1BD2565442}.DVD-5|Any CPU.Build.0 = Debug|Any CPU
		{81713F8F-6D25-4E48-AE82-AC1BD2565442}.DVD-5|Mixed Platforms.ActiveCfg = Debug|Any CPU
		{81713F8F-6D25-4E48-AE82-AC1BD2565442}.DVD-5|Mixed Platforms.Build.0 = Debug|Any CPU
		{81713F8F-6D25-4E48-AE82-AC1BD2565442}.DVD-5|x86.ActiveCfg = Debug|Any CPU
		{81713F8F-6D25-4E48-AE82-AC1BD2565442}.Release|Any CPU.ActiveCfg = Debug|Any CPU
		{81713F8F-6D25-4E48-AE82-AC1BD2565442}.Release|Any CPU.Build.0 = Debug|Any CPU
		{81713F8F-6D25-4E48-AE82-AC1BD2565442}.Release|Mixed Platforms.ActiveCfg = Release|Any CPU
		{81713F8F-6D25-4E48-AE82-AC1BD2565442}.Release|Mixed Platforms.Build.0 = Release|Any CPU
		{81713F8F-6D25-4E48-AE82-AC1BD2565442}.Release|x86.ActiveCfg = Release|Any CPU
		{81713F8F-6D25-4E48-AE82-AC1BD2565442}.SingleImage|Any CPU.ActiveCfg = Release|Any CPU
		{81713F8F-6D25-4E48-AE82-AC1BD2565442}.SingleImage|Any CPU.Build.0 = Release|Any CPU
		{81713F8F-6D25-4E48-AE82-AC1BD2565442}.SingleImage|Mixed Platforms.ActiveCfg = Debug|Any CPU
		{81713F8F-6D25-4E48-AE82-AC1BD2565442}.SingleImage|Mixed Platforms.Build.0 = Debug|Any CPU
		{81713F8F-6D25-4E48-AE82-AC1BD2565442}.SingleImage|x86.ActiveCfg = Debug|Any CPU
		{0AAE90F3-14E7-4DD8-8FCE-55AF88DC6698}.CD_ROM|Any CPU.ActiveCfg = Release|Any CPU
		{0AAE90F3-14E7-4DD8-8FCE-55AF88DC6698}.CD_ROM|Mixed Platforms.ActiveCfg = Debug|Any CPU
		{0AAE90F3-14E7-4DD8-8FCE-55AF88DC6698}.CD_ROM|Mixed Platforms.Build.0 = Debug|Any CPU
		{0AAE90F3-14E7-4DD8-8FCE-55AF88DC6698}.CD_ROM|x86.ActiveCfg = Debug|Any CPU
		{0AAE90F3-14E7-4DD8-8FCE-55AF88DC6698}.Debug|Any CPU.ActiveCfg = Debug|Any CPU
		{0AAE90F3-14E7-4DD8-8FCE-55AF88DC6698}.Debug|Any CPU.Build.0 = Debug|Any CPU
		{0AAE90F3-14E7-4DD8-8FCE-55AF88DC6698}.Debug|Mixed Platforms.ActiveCfg = Debug|Any CPU
		{0AAE90F3-14E7-4DD8-8FCE-55AF88DC6698}.Debug|Mixed Platforms.Build.0 = Debug|Any CPU
		{0AAE90F3-14E7-4DD8-8FCE-55AF88DC6698}.Debug|x86.ActiveCfg = Debug|Any CPU
		{0AAE90F3-14E7-4DD8-8FCE-55AF88DC6698}.DVD-5|Any CPU.ActiveCfg = Debug|Any CPU
		{0AAE90F3-14E7-4DD8-8FCE-55AF88DC6698}.DVD-5|Any CPU.Build.0 = Debug|Any CPU
		{0AAE90F3-14E7-4DD8-8FCE-55AF88DC6698}.DVD-5|Mixed Platforms.ActiveCfg = Debug|Any CPU
		{0AAE90F3-14E7-4DD8-8FCE-55AF88DC6698}.DVD-5|Mixed Platforms.Build.0 = Debug|Any CPU
		{0AAE90F3-14E7-4DD8-8FCE-55AF88DC6698}.DVD-5|x86.ActiveCfg = Debug|Any CPU
		{0AAE90F3-14E7-4DD8-8FCE-55AF88DC6698}.Release|Any CPU.ActiveCfg = Debug|Any CPU
		{0AAE90F3-14E7-4DD8-8FCE-55AF88DC6698}.Release|Mixed Platforms.ActiveCfg = Release|Any CPU
		{0AAE90F3-14E7-4DD8-8FCE-55AF88DC6698}.Release|Mixed Platforms.Build.0 = Release|Any CPU
		{0AAE90F3-14E7-4DD8-8FCE-55AF88DC6698}.Release|x86.ActiveCfg = Release|Any CPU
		{0AAE90F3-14E7-4DD8-8FCE-55AF88DC6698}.SingleImage|Any CPU.ActiveCfg = Release|Any CPU
		{0AAE90F3-14E7-4DD8-8FCE-55AF88DC6698}.SingleImage|Any CPU.Build.0 = Release|Any CPU
		{0AAE90F3-14E7-4DD8-8FCE-55AF88DC6698}.SingleImage|Mixed Platforms.ActiveCfg = Debug|Any CPU
		{0AAE90F3-14E7-4DD8-8FCE-55AF88DC6698}.SingleImage|Mixed Platforms.Build.0 = Debug|Any CPU
		{0AAE90F3-14E7-4DD8-8FCE-55AF88DC6698}.SingleImage|x86.ActiveCfg = Debug|Any CPU
		{0E71CDCE-D1C8-459E-AC82-2869F3200953}.CD_ROM|Any CPU.ActiveCfg = Release|Any CPU
		{0E71CDCE-D1C8-459E-AC82-2869F3200953}.CD_ROM|Mixed Platforms.ActiveCfg = Debug|Any CPU
		{0E71CDCE-D1C8-459E-AC82-2869F3200953}.CD_ROM|Mixed Platforms.Build.0 = Debug|Any CPU
		{0E71CDCE-D1C8-459E-AC82-2869F3200953}.CD_ROM|x86.ActiveCfg = Debug|Any CPU
		{0E71CDCE-D1C8-459E-AC82-2869F3200953}.Debug|Any CPU.ActiveCfg = Debug|Any CPU
		{0E71CDCE-D1C8-459E-AC82-2869F3200953}.Debug|Any CPU.Build.0 = Debug|Any CPU
		{0E71CDCE-D1C8-459E-AC82-2869F3200953}.Debug|Mixed Platforms.ActiveCfg = Debug|Any CPU
		{0E71CDCE-D1C8-459E-AC82-2869F3200953}.Debug|Mixed Platforms.Build.0 = Debug|Any CPU
		{0E71CDCE-D1C8-459E-AC82-2869F3200953}.Debug|x86.ActiveCfg = Debug|Any CPU
		{0E71CDCE-D1C8-459E-AC82-2869F3200953}.DVD-5|Any CPU.ActiveCfg = Debug|Any CPU
		{0E71CDCE-D1C8-459E-AC82-2869F3200953}.DVD-5|Any CPU.Build.0 = Debug|Any CPU
		{0E71CDCE-D1C8-459E-AC82-2869F3200953}.DVD-5|Mixed Platforms.ActiveCfg = Debug|Any CPU
		{0E71CDCE-D1C8-459E-AC82-2869F3200953}.DVD-5|Mixed Platforms.Build.0 = Debug|Any CPU
		{0E71CDCE-D1C8-459E-AC82-2869F3200953}.DVD-5|x86.ActiveCfg = Debug|Any CPU
		{0E71CDCE-D1C8-459E-AC82-2869F3200953}.Release|Any CPU.ActiveCfg = Release|Any CPU
		{0E71CDCE-D1C8-459E-AC82-2869F3200953}.Release|Any CPU.Build.0 = Release|Any CPU
		{0E71CDCE-D1C8-459E-AC82-2869F3200953}.Release|Mixed Platforms.ActiveCfg = Release|Any CPU
		{0E71CDCE-D1C8-459E-AC82-2869F3200953}.Release|Mixed Platforms.Build.0 = Release|Any CPU
		{0E71CDCE-D1C8-459E-AC82-2869F3200953}.Release|x86.ActiveCfg = Release|Any CPU
		{0E71CDCE-D1C8-459E-AC82-2869F3200953}.SingleImage|Any CPU.ActiveCfg = Release|Any CPU
		{0E71CDCE-D1C8-459E-AC82-2869F3200953}.SingleImage|Any CPU.Build.0 = Release|Any CPU
		{0E71CDCE-D1C8-459E-AC82-2869F3200953}.SingleImage|Mixed Platforms.ActiveCfg = Debug|Any CPU
		{0E71CDCE-D1C8-459E-AC82-2869F3200953}.SingleImage|Mixed Platforms.Build.0 = Debug|Any CPU
		{0E71CDCE-D1C8-459E-AC82-2869F3200953}.SingleImage|x86.ActiveCfg = Debug|Any CPU
		{A0024FC2-C528-45F8-9391-4B45889E53D9}.CD_ROM|Any CPU.ActiveCfg = Release|Any CPU
		{A0024FC2-C528-45F8-9391-4B45889E53D9}.CD_ROM|Any CPU.Build.0 = Release|Any CPU
		{A0024FC2-C528-45F8-9391-4B45889E53D9}.CD_ROM|Mixed Platforms.ActiveCfg = Debug|Any CPU
		{A0024FC2-C528-45F8-9391-4B45889E53D9}.CD_ROM|Mixed Platforms.Build.0 = Debug|Any CPU
		{A0024FC2-C528-45F8-9391-4B45889E53D9}.CD_ROM|x86.ActiveCfg = Debug|Any CPU
		{A0024FC2-C528-45F8-9391-4B45889E53D9}.Debug|Any CPU.ActiveCfg = Debug|Any CPU
		{A0024FC2-C528-45F8-9391-4B45889E53D9}.Debug|Mixed Platforms.ActiveCfg = Debug|Any CPU
		{A0024FC2-C528-45F8-9391-4B45889E53D9}.Debug|Mixed Platforms.Build.0 = Debug|Any CPU
		{A0024FC2-C528-45F8-9391-4B45889E53D9}.Debug|x86.ActiveCfg = Debug|Any CPU
		{A0024FC2-C528-45F8-9391-4B45889E53D9}.DVD-5|Any CPU.ActiveCfg = Debug|Any CPU
		{A0024FC2-C528-45F8-9391-4B45889E53D9}.DVD-5|Any CPU.Build.0 = Debug|Any CPU
		{A0024FC2-C528-45F8-9391-4B45889E53D9}.DVD-5|Mixed Platforms.ActiveCfg = Debug|Any CPU
		{A0024FC2-C528-45F8-9391-4B45889E53D9}.DVD-5|Mixed Platforms.Build.0 = Debug|Any CPU
		{A0024FC2-C528-45F8-9391-4B45889E53D9}.DVD-5|x86.ActiveCfg = Debug|Any CPU
		{A0024FC2-C528-45F8-9391-4B45889E53D9}.Release|Any CPU.ActiveCfg = Release|Any CPU
		{A0024FC2-C528-45F8-9391-4B45889E53D9}.Release|Any CPU.Build.0 = Release|Any CPU
		{A0024FC2-C528-45F8-9391-4B45889E53D9}.Release|Mixed Platforms.ActiveCfg = Release|Any CPU
		{A0024FC2-C528-45F8-9391-4B45889E53D9}.Release|Mixed Platforms.Build.0 = Release|Any CPU
		{A0024FC2-C528-45F8-9391-4B45889E53D9}.Release|x86.ActiveCfg = Release|Any CPU
		{A0024FC2-C528-45F8-9391-4B45889E53D9}.SingleImage|Any CPU.ActiveCfg = Release|Any CPU
		{A0024FC2-C528-45F8-9391-4B45889E53D9}.SingleImage|Any CPU.Build.0 = Release|Any CPU
		{A0024FC2-C528-45F8-9391-4B45889E53D9}.SingleImage|Mixed Platforms.ActiveCfg = Debug|Any CPU
		{A0024FC2-C528-45F8-9391-4B45889E53D9}.SingleImage|Mixed Platforms.Build.0 = Debug|Any CPU
		{A0024FC2-C528-45F8-9391-4B45889E53D9}.SingleImage|x86.ActiveCfg = Debug|Any CPU
		{C4201447-B3C3-4F3A-9E5F-4FF9B5F48570}.CD_ROM|Any CPU.ActiveCfg = Release|Any CPU
		{C4201447-B3C3-4F3A-9E5F-4FF9B5F48570}.CD_ROM|Any CPU.Build.0 = Release|Any CPU
		{C4201447-B3C3-4F3A-9E5F-4FF9B5F48570}.CD_ROM|Mixed Platforms.ActiveCfg = Debug|Any CPU
		{C4201447-B3C3-4F3A-9E5F-4FF9B5F48570}.CD_ROM|Mixed Platforms.Build.0 = Debug|Any CPU
		{C4201447-B3C3-4F3A-9E5F-4FF9B5F48570}.CD_ROM|x86.ActiveCfg = Debug|Any CPU
		{C4201447-B3C3-4F3A-9E5F-4FF9B5F48570}.Debug|Any CPU.ActiveCfg = Debug|Any CPU
		{C4201447-B3C3-4F3A-9E5F-4FF9B5F48570}.Debug|Any CPU.Build.0 = Debug|Any CPU
		{C4201447-B3C3-4F3A-9E5F-4FF9B5F48570}.Debug|Mixed Platforms.ActiveCfg = Debug|Any CPU
		{C4201447-B3C3-4F3A-9E5F-4FF9B5F48570}.Debug|Mixed Platforms.Build.0 = Debug|Any CPU
		{C4201447-B3C3-4F3A-9E5F-4FF9B5F48570}.Debug|x86.ActiveCfg = Debug|Any CPU
		{C4201447-B3C3-4F3A-9E5F-4FF9B5F48570}.DVD-5|Any CPU.ActiveCfg = Debug|Any CPU
		{C4201447-B3C3-4F3A-9E5F-4FF9B5F48570}.DVD-5|Any CPU.Build.0 = Debug|Any CPU
		{C4201447-B3C3-4F3A-9E5F-4FF9B5F48570}.DVD-5|Mixed Platforms.ActiveCfg = Debug|Any CPU
		{C4201447-B3C3-4F3A-9E5F-4FF9B5F48570}.DVD-5|Mixed Platforms.Build.0 = Debug|Any CPU
		{C4201447-B3C3-4F3A-9E5F-4FF9B5F48570}.DVD-5|x86.ActiveCfg = Debug|Any CPU
		{C4201447-B3C3-4F3A-9E5F-4FF9B5F48570}.Release|Any CPU.ActiveCfg = Release|Any CPU
		{C4201447-B3C3-4F3A-9E5F-4FF9B5F48570}.Release|Any CPU.Build.0 = Release|Any CPU
		{C4201447-B3C3-4F3A-9E5F-4FF9B5F48570}.Release|Mixed Platforms.ActiveCfg = Release|Any CPU
		{C4201447-B3C3-4F3A-9E5F-4FF9B5F48570}.Release|Mixed Platforms.Build.0 = Release|Any CPU
		{C4201447-B3C3-4F3A-9E5F-4FF9B5F48570}.Release|x86.ActiveCfg = Release|Any CPU
		{C4201447-B3C3-4F3A-9E5F-4FF9B5F48570}.SingleImage|Any CPU.ActiveCfg = Release|Any CPU
		{C4201447-B3C3-4F3A-9E5F-4FF9B5F48570}.SingleImage|Any CPU.Build.0 = Release|Any CPU
		{C4201447-B3C3-4F3A-9E5F-4FF9B5F48570}.SingleImage|Mixed Platforms.ActiveCfg = Debug|Any CPU
		{C4201447-B3C3-4F3A-9E5F-4FF9B5F48570}.SingleImage|Mixed Platforms.Build.0 = Debug|Any CPU
		{C4201447-B3C3-4F3A-9E5F-4FF9B5F48570}.SingleImage|x86.ActiveCfg = Debug|Any CPU
		{0FC085A6-D00C-4C2A-80F9-CAB83E9F5DF4}.CD_ROM|Any CPU.ActiveCfg = Release|Any CPU
		{0FC085A6-D00C-4C2A-80F9-CAB83E9F5DF4}.CD_ROM|Any CPU.Build.0 = Release|Any CPU
		{0FC085A6-D00C-4C2A-80F9-CAB83E9F5DF4}.CD_ROM|Mixed Platforms.ActiveCfg = Debug|Any CPU
		{0FC085A6-D00C-4C2A-80F9-CAB83E9F5DF4}.CD_ROM|Mixed Platforms.Build.0 = Debug|Any CPU
		{0FC085A6-D00C-4C2A-80F9-CAB83E9F5DF4}.CD_ROM|x86.ActiveCfg = Debug|Any CPU
		{0FC085A6-D00C-4C2A-80F9-CAB83E9F5DF4}.Debug|Any CPU.ActiveCfg = Debug|Any CPU
		{0FC085A6-D00C-4C2A-80F9-CAB83E9F5DF4}.Debug|Any CPU.Build.0 = Debug|Any CPU
		{0FC085A6-D00C-4C2A-80F9-CAB83E9F5DF4}.Debug|Mixed Platforms.ActiveCfg = Debug|Any CPU
		{0FC085A6-D00C-4C2A-80F9-CAB83E9F5DF4}.Debug|Mixed Platforms.Build.0 = Debug|Any CPU
		{0FC085A6-D00C-4C2A-80F9-CAB83E9F5DF4}.Debug|x86.ActiveCfg = Debug|Any CPU
		{0FC085A6-D00C-4C2A-80F9-CAB83E9F5DF4}.DVD-5|Any CPU.ActiveCfg = Debug|Any CPU
		{0FC085A6-D00C-4C2A-80F9-CAB83E9F5DF4}.DVD-5|Any CPU.Build.0 = Debug|Any CPU
		{0FC085A6-D00C-4C2A-80F9-CAB83E9F5DF4}.DVD-5|Mixed Platforms.ActiveCfg = Debug|Any CPU
		{0FC085A6-D00C-4C2A-80F9-CAB83E9F5DF4}.DVD-5|Mixed Platforms.Build.0 = Debug|Any CPU
		{0FC085A6-D00C-4C2A-80F9-CAB83E9F5DF4}.DVD-5|x86.ActiveCfg = Debug|Any CPU
		{0FC085A6-D00C-4C2A-80F9-CAB83E9F5DF4}.Release|Any CPU.ActiveCfg = Release|Any CPU
		{0FC085A6-D00C-4C2A-80F9-CAB83E9F5DF4}.Release|Any CPU.Build.0 = Release|Any CPU
		{0FC085A6-D00C-4C2A-80F9-CAB83E9F5DF4}.Release|Mixed Platforms.ActiveCfg = Release|Any CPU
		{0FC085A6-D00C-4C2A-80F9-CAB83E9F5DF4}.Release|Mixed Platforms.Build.0 = Release|Any CPU
		{0FC085A6-D00C-4C2A-80F9-CAB83E9F5DF4}.Release|x86.ActiveCfg = Release|Any CPU
		{0FC085A6-D00C-4C2A-80F9-CAB83E9F5DF4}.SingleImage|Any CPU.ActiveCfg = Release|Any CPU
		{0FC085A6-D00C-4C2A-80F9-CAB83E9F5DF4}.SingleImage|Any CPU.Build.0 = Release|Any CPU
		{0FC085A6-D00C-4C2A-80F9-CAB83E9F5DF4}.SingleImage|Mixed Platforms.ActiveCfg = Debug|Any CPU
		{0FC085A6-D00C-4C2A-80F9-CAB83E9F5DF4}.SingleImage|Mixed Platforms.Build.0 = Debug|Any CPU
		{0FC085A6-D00C-4C2A-80F9-CAB83E9F5DF4}.SingleImage|x86.ActiveCfg = Debug|Any CPU
		{6F8BE115-A31C-46B7-8C93-58093FAD8CD8}.CD_ROM|Any CPU.ActiveCfg = Release|Any CPU
		{6F8BE115-A31C-46B7-8C93-58093FAD8CD8}.CD_ROM|Any CPU.Build.0 = Release|Any CPU
		{6F8BE115-A31C-46B7-8C93-58093FAD8CD8}.CD_ROM|Mixed Platforms.ActiveCfg = Debug|Any CPU
		{6F8BE115-A31C-46B7-8C93-58093FAD8CD8}.CD_ROM|Mixed Platforms.Build.0 = Debug|Any CPU
		{6F8BE115-A31C-46B7-8C93-58093FAD8CD8}.CD_ROM|x86.ActiveCfg = Debug|Any CPU
		{6F8BE115-A31C-46B7-8C93-58093FAD8CD8}.Debug|Any CPU.ActiveCfg = Debug|Any CPU
		{6F8BE115-A31C-46B7-8C93-58093FAD8CD8}.Debug|Any CPU.Build.0 = Debug|Any CPU
		{6F8BE115-A31C-46B7-8C93-58093FAD8CD8}.Debug|Mixed Platforms.ActiveCfg = Debug|Any CPU
		{6F8BE115-A31C-46B7-8C93-58093FAD8CD8}.Debug|Mixed Platforms.Build.0 = Debug|Any CPU
		{6F8BE115-A31C-46B7-8C93-58093FAD8CD8}.Debug|x86.ActiveCfg = Debug|Any CPU
		{6F8BE115-A31C-46B7-8C93-58093FAD8CD8}.DVD-5|Any CPU.ActiveCfg = Debug|Any CPU
		{6F8BE115-A31C-46B7-8C93-58093FAD8CD8}.DVD-5|Any CPU.Build.0 = Debug|Any CPU
		{6F8BE115-A31C-46B7-8C93-58093FAD8CD8}.DVD-5|Mixed Platforms.ActiveCfg = Debug|Any CPU
		{6F8BE115-A31C-46B7-8C93-58093FAD8CD8}.DVD-5|Mixed Platforms.Build.0 = Debug|Any CPU
		{6F8BE115-A31C-46B7-8C93-58093FAD8CD8}.DVD-5|x86.ActiveCfg = Debug|Any CPU
		{6F8BE115-A31C-46B7-8C93-58093FAD8CD8}.Release|Any CPU.ActiveCfg = Release|Any CPU
		{6F8BE115-A31C-46B7-8C93-58093FAD8CD8}.Release|Any CPU.Build.0 = Release|Any CPU
		{6F8BE115-A31C-46B7-8C93-58093FAD8CD8}.Release|Mixed Platforms.ActiveCfg = Release|Any CPU
		{6F8BE115-A31C-46B7-8C93-58093FAD8CD8}.Release|Mixed Platforms.Build.0 = Release|Any CPU
		{6F8BE115-A31C-46B7-8C93-58093FAD8CD8}.Release|x86.ActiveCfg = Release|Any CPU
		{6F8BE115-A31C-46B7-8C93-58093FAD8CD8}.SingleImage|Any CPU.ActiveCfg = Release|Any CPU
		{6F8BE115-A31C-46B7-8C93-58093FAD8CD8}.SingleImage|Any CPU.Build.0 = Release|Any CPU
		{6F8BE115-A31C-46B7-8C93-58093FAD8CD8}.SingleImage|Mixed Platforms.ActiveCfg = Debug|Any CPU
		{6F8BE115-A31C-46B7-8C93-58093FAD8CD8}.SingleImage|Mixed Platforms.Build.0 = Debug|Any CPU
		{6F8BE115-A31C-46B7-8C93-58093FAD8CD8}.SingleImage|x86.ActiveCfg = Debug|Any CPU
		{427558D5-EF8D-40CF-90EA-91BBAB759FE6}.CD_ROM|Any CPU.ActiveCfg = Release|Any CPU
		{427558D5-EF8D-40CF-90EA-91BBAB759FE6}.CD_ROM|Any CPU.Build.0 = Release|Any CPU
		{427558D5-EF8D-40CF-90EA-91BBAB759FE6}.CD_ROM|Mixed Platforms.ActiveCfg = Debug|Any CPU
		{427558D5-EF8D-40CF-90EA-91BBAB759FE6}.CD_ROM|Mixed Platforms.Build.0 = Debug|Any CPU
		{427558D5-EF8D-40CF-90EA-91BBAB759FE6}.CD_ROM|x86.ActiveCfg = Debug|Any CPU
		{427558D5-EF8D-40CF-90EA-91BBAB759FE6}.Debug|Any CPU.ActiveCfg = Debug|Any CPU
		{427558D5-EF8D-40CF-90EA-91BBAB759FE6}.Debug|Mixed Platforms.ActiveCfg = Debug|Any CPU
		{427558D5-EF8D-40CF-90EA-91BBAB759FE6}.Debug|Mixed Platforms.Build.0 = Debug|Any CPU
		{427558D5-EF8D-40CF-90EA-91BBAB759FE6}.Debug|x86.ActiveCfg = Debug|Any CPU
		{427558D5-EF8D-40CF-90EA-91BBAB759FE6}.DVD-5|Any CPU.ActiveCfg = Debug|Any CPU
		{427558D5-EF8D-40CF-90EA-91BBAB759FE6}.DVD-5|Any CPU.Build.0 = Debug|Any CPU
		{427558D5-EF8D-40CF-90EA-91BBAB759FE6}.DVD-5|Mixed Platforms.ActiveCfg = Debug|Any CPU
		{427558D5-EF8D-40CF-90EA-91BBAB759FE6}.DVD-5|Mixed Platforms.Build.0 = Debug|Any CPU
		{427558D5-EF8D-40CF-90EA-91BBAB759FE6}.DVD-5|x86.ActiveCfg = Debug|Any CPU
		{427558D5-EF8D-40CF-90EA-91BBAB759FE6}.Release|Any CPU.ActiveCfg = Release|Any CPU
		{427558D5-EF8D-40CF-90EA-91BBAB759FE6}.Release|Any CPU.Build.0 = Release|Any CPU
		{427558D5-EF8D-40CF-90EA-91BBAB759FE6}.Release|Mixed Platforms.ActiveCfg = Release|Any CPU
		{427558D5-EF8D-40CF-90EA-91BBAB759FE6}.Release|Mixed Platforms.Build.0 = Release|Any CPU
		{427558D5-EF8D-40CF-90EA-91BBAB759FE6}.Release|x86.ActiveCfg = Release|Any CPU
		{427558D5-EF8D-40CF-90EA-91BBAB759FE6}.SingleImage|Any CPU.ActiveCfg = Release|Any CPU
		{427558D5-EF8D-40CF-90EA-91BBAB759FE6}.SingleImage|Any CPU.Build.0 = Release|Any CPU
		{427558D5-EF8D-40CF-90EA-91BBAB759FE6}.SingleImage|Mixed Platforms.ActiveCfg = Debug|Any CPU
		{427558D5-EF8D-40CF-90EA-91BBAB759FE6}.SingleImage|Mixed Platforms.Build.0 = Debug|Any CPU
		{427558D5-EF8D-40CF-90EA-91BBAB759FE6}.SingleImage|x86.ActiveCfg = Debug|Any CPU
		{7F271925-B356-406F-905C-B50228883B24}.CD_ROM|Any CPU.ActiveCfg = Release|Any CPU
		{7F271925-B356-406F-905C-B50228883B24}.CD_ROM|Any CPU.Build.0 = Release|Any CPU
		{7F271925-B356-406F-905C-B50228883B24}.CD_ROM|Mixed Platforms.ActiveCfg = Debug|Any CPU
		{7F271925-B356-406F-905C-B50228883B24}.CD_ROM|Mixed Platforms.Build.0 = Debug|Any CPU
		{7F271925-B356-406F-905C-B50228883B24}.CD_ROM|x86.ActiveCfg = Debug|Any CPU
		{7F271925-B356-406F-905C-B50228883B24}.Debug|Any CPU.ActiveCfg = Debug|Any CPU
		{7F271925-B356-406F-905C-B50228883B24}.Debug|Any CPU.Build.0 = Debug|Any CPU
		{7F271925-B356-406F-905C-B50228883B24}.Debug|Mixed Platforms.ActiveCfg = Debug|Any CPU
		{7F271925-B356-406F-905C-B50228883B24}.Debug|Mixed Platforms.Build.0 = Debug|Any CPU
		{7F271925-B356-406F-905C-B50228883B24}.Debug|x86.ActiveCfg = Debug|Any CPU
		{7F271925-B356-406F-905C-B50228883B24}.DVD-5|Any CPU.ActiveCfg = Debug|Any CPU
		{7F271925-B356-406F-905C-B50228883B24}.DVD-5|Any CPU.Build.0 = Debug|Any CPU
		{7F271925-B356-406F-905C-B50228883B24}.DVD-5|Mixed Platforms.ActiveCfg = Debug|Any CPU
		{7F271925-B356-406F-905C-B50228883B24}.DVD-5|Mixed Platforms.Build.0 = Debug|Any CPU
		{7F271925-B356-406F-905C-B50228883B24}.DVD-5|x86.ActiveCfg = Debug|Any CPU
		{7F271925-B356-406F-905C-B50228883B24}.Release|Any CPU.ActiveCfg = Release|Any CPU
		{7F271925-B356-406F-905C-B50228883B24}.Release|Any CPU.Build.0 = Release|Any CPU
		{7F271925-B356-406F-905C-B50228883B24}.Release|Mixed Platforms.ActiveCfg = Release|Any CPU
		{7F271925-B356-406F-905C-B50228883B24}.Release|Mixed Platforms.Build.0 = Release|Any CPU
		{7F271925-B356-406F-905C-B50228883B24}.Release|x86.ActiveCfg = Release|Any CPU
		{7F271925-B356-406F-905C-B50228883B24}.SingleImage|Any CPU.ActiveCfg = Release|Any CPU
		{7F271925-B356-406F-905C-B50228883B24}.SingleImage|Any CPU.Build.0 = Release|Any CPU
		{7F271925-B356-406F-905C-B50228883B24}.SingleImage|Mixed Platforms.ActiveCfg = Debug|Any CPU
		{7F271925-B356-406F-905C-B50228883B24}.SingleImage|Mixed Platforms.Build.0 = Debug|Any CPU
		{7F271925-B356-406F-905C-B50228883B24}.SingleImage|x86.ActiveCfg = Debug|Any CPU
		{0FD4B1DD-45A8-4F02-BEB0-5881CD512573}.CD_ROM|Any CPU.ActiveCfg = Release|Any CPU
		{0FD4B1DD-45A8-4F02-BEB0-5881CD512573}.CD_ROM|Any CPU.Build.0 = Release|Any CPU
		{0FD4B1DD-45A8-4F02-BEB0-5881CD512573}.CD_ROM|Mixed Platforms.ActiveCfg = Release|Any CPU
		{0FD4B1DD-45A8-4F02-BEB0-5881CD512573}.CD_ROM|Mixed Platforms.Build.0 = Release|Any CPU
		{0FD4B1DD-45A8-4F02-BEB0-5881CD512573}.CD_ROM|x86.ActiveCfg = Release|Any CPU
		{0FD4B1DD-45A8-4F02-BEB0-5881CD512573}.Debug|Any CPU.ActiveCfg = Debug|Any CPU
		{0FD4B1DD-45A8-4F02-BEB0-5881CD512573}.Debug|Any CPU.Build.0 = Debug|Any CPU
		{0FD4B1DD-45A8-4F02-BEB0-5881CD512573}.Debug|Mixed Platforms.ActiveCfg = Debug|Any CPU
		{0FD4B1DD-45A8-4F02-BEB0-5881CD512573}.Debug|Mixed Platforms.Build.0 = Debug|Any CPU
		{0FD4B1DD-45A8-4F02-BEB0-5881CD512573}.Debug|x86.ActiveCfg = Debug|Any CPU
		{0FD4B1DD-45A8-4F02-BEB0-5881CD512573}.DVD-5|Any CPU.ActiveCfg = Debug|Any CPU
		{0FD4B1DD-45A8-4F02-BEB0-5881CD512573}.DVD-5|Any CPU.Build.0 = Debug|Any CPU
		{0FD4B1DD-45A8-4F02-BEB0-5881CD512573}.DVD-5|Mixed Platforms.ActiveCfg = Debug|Any CPU
		{0FD4B1DD-45A8-4F02-BEB0-5881CD512573}.DVD-5|Mixed Platforms.Build.0 = Debug|Any CPU
		{0FD4B1DD-45A8-4F02-BEB0-5881CD512573}.DVD-5|x86.ActiveCfg = Debug|Any CPU
		{0FD4B1DD-45A8-4F02-BEB0-5881CD512573}.Release|Any CPU.ActiveCfg = Release|Any CPU
		{0FD4B1DD-45A8-4F02-BEB0-5881CD512573}.Release|Any CPU.Build.0 = Release|Any CPU
		{0FD4B1DD-45A8-4F02-BEB0-5881CD512573}.Release|Mixed Platforms.ActiveCfg = Release|Any CPU
		{0FD4B1DD-45A8-4F02-BEB0-5881CD512573}.Release|Mixed Platforms.Build.0 = Release|Any CPU
		{0FD4B1DD-45A8-4F02-BEB0-5881CD512573}.Release|x86.ActiveCfg = Release|Any CPU
		{0FD4B1DD-45A8-4F02-BEB0-5881CD512573}.SingleImage|Any CPU.ActiveCfg = Release|Any CPU
		{0FD4B1DD-45A8-4F02-BEB0-5881CD512573}.SingleImage|Any CPU.Build.0 = Release|Any CPU
		{0FD4B1DD-45A8-4F02-BEB0-5881CD512573}.SingleImage|Mixed Platforms.ActiveCfg = Release|Any CPU
		{0FD4B1DD-45A8-4F02-BEB0-5881CD512573}.SingleImage|Mixed Platforms.Build.0 = Release|Any CPU
		{0FD4B1DD-45A8-4F02-BEB0-5881CD512573}.SingleImage|x86.ActiveCfg = Release|Any CPU
		{3D1E3BEB-CCF3-4E18-82FA-B7DB4DDFFDF6}.CD_ROM|Any CPU.ActiveCfg = Release|Any CPU
		{3D1E3BEB-CCF3-4E18-82FA-B7DB4DDFFDF6}.CD_ROM|Any CPU.Build.0 = Release|Any CPU
		{3D1E3BEB-CCF3-4E18-82FA-B7DB4DDFFDF6}.CD_ROM|Mixed Platforms.ActiveCfg = Release|Any CPU
		{3D1E3BEB-CCF3-4E18-82FA-B7DB4DDFFDF6}.CD_ROM|x86.ActiveCfg = Release|Any CPU
		{3D1E3BEB-CCF3-4E18-82FA-B7DB4DDFFDF6}.CD_ROM|x86.Build.0 = Release|Any CPU
		{3D1E3BEB-CCF3-4E18-82FA-B7DB4DDFFDF6}.Debug|Any CPU.ActiveCfg = Debug|Any CPU
		{3D1E3BEB-CCF3-4E18-82FA-B7DB4DDFFDF6}.Debug|Any CPU.Build.0 = Debug|Any CPU
		{3D1E3BEB-CCF3-4E18-82FA-B7DB4DDFFDF6}.Debug|Mixed Platforms.ActiveCfg = Debug|Any CPU
		{3D1E3BEB-CCF3-4E18-82FA-B7DB4DDFFDF6}.Debug|Mixed Platforms.Build.0 = Debug|Any CPU
		{3D1E3BEB-CCF3-4E18-82FA-B7DB4DDFFDF6}.Debug|x86.ActiveCfg = Debug|Any CPU
		{3D1E3BEB-CCF3-4E18-82FA-B7DB4DDFFDF6}.Debug|x86.Build.0 = Debug|Any CPU
		{3D1E3BEB-CCF3-4E18-82FA-B7DB4DDFFDF6}.DVD-5|Any CPU.ActiveCfg = Debug|Any CPU
		{3D1E3BEB-CCF3-4E18-82FA-B7DB4DDFFDF6}.DVD-5|Any CPU.Build.0 = Debug|Any CPU
		{3D1E3BEB-CCF3-4E18-82FA-B7DB4DDFFDF6}.DVD-5|Mixed Platforms.ActiveCfg = Debug|Any CPU
		{3D1E3BEB-CCF3-4E18-82FA-B7DB4DDFFDF6}.DVD-5|Mixed Platforms.Build.0 = Debug|Any CPU
		{3D1E3BEB-CCF3-4E18-82FA-B7DB4DDFFDF6}.DVD-5|x86.ActiveCfg = Debug|Any CPU
		{3D1E3BEB-CCF3-4E18-82FA-B7DB4DDFFDF6}.DVD-5|x86.Build.0 = Debug|Any CPU
		{3D1E3BEB-CCF3-4E18-82FA-B7DB4DDFFDF6}.Release|Any CPU.ActiveCfg = Release|Any CPU
		{3D1E3BEB-CCF3-4E18-82FA-B7DB4DDFFDF6}.Release|Any CPU.Build.0 = Release|Any CPU
		{3D1E3BEB-CCF3-4E18-82FA-B7DB4DDFFDF6}.Release|Mixed Platforms.ActiveCfg = Release|Any CPU
		{3D1E3BEB-CCF3-4E18-82FA-B7DB4DDFFDF6}.Release|Mixed Platforms.Build.0 = Release|Any CPU
		{3D1E3BEB-CCF3-4E18-82FA-B7DB4DDFFDF6}.Release|x86.ActiveCfg = Release|Any CPU
		{3D1E3BEB-CCF3-4E18-82FA-B7DB4DDFFDF6}.Release|x86.Build.0 = Release|Any CPU
		{3D1E3BEB-CCF3-4E18-82FA-B7DB4DDFFDF6}.SingleImage|Any CPU.ActiveCfg = Release|Any CPU
		{3D1E3BEB-CCF3-4E18-82FA-B7DB4DDFFDF6}.SingleImage|Any CPU.Build.0 = Release|Any CPU
		{3D1E3BEB-CCF3-4E18-82FA-B7DB4DDFFDF6}.SingleImage|Mixed Platforms.ActiveCfg = Release|Any CPU
		{3D1E3BEB-CCF3-4E18-82FA-B7DB4DDFFDF6}.SingleImage|x86.ActiveCfg = Release|Any CPU
		{3D1E3BEB-CCF3-4E18-82FA-B7DB4DDFFDF6}.SingleImage|x86.Build.0 = Release|Any CPU
		{8984CA52-5F01-4E5D-A6BF-D0A614ABBE00}.CD_ROM|Any CPU.ActiveCfg = Debug|Any CPU
		{8984CA52-5F01-4E5D-A6BF-D0A614ABBE00}.CD_ROM|Any CPU.Build.0 = Debug|Any CPU
		{8984CA52-5F01-4E5D-A6BF-D0A614ABBE00}.CD_ROM|Mixed Platforms.ActiveCfg = Debug|Any CPU
		{8984CA52-5F01-4E5D-A6BF-D0A614ABBE00}.CD_ROM|Mixed Platforms.Build.0 = Debug|Any CPU
		{8984CA52-5F01-4E5D-A6BF-D0A614ABBE00}.CD_ROM|x86.ActiveCfg = Debug|Any CPU
		{8984CA52-5F01-4E5D-A6BF-D0A614ABBE00}.CD_ROM|x86.Build.0 = Debug|Any CPU
		{8984CA52-5F01-4E5D-A6BF-D0A614ABBE00}.Debug|Any CPU.ActiveCfg = Debug|Any CPU
		{8984CA52-5F01-4E5D-A6BF-D0A614ABBE00}.Debug|Any CPU.Build.0 = Debug|Any CPU
		{8984CA52-5F01-4E5D-A6BF-D0A614ABBE00}.Debug|Mixed Platforms.ActiveCfg = Debug|Any CPU
		{8984CA52-5F01-4E5D-A6BF-D0A614ABBE00}.Debug|Mixed Platforms.Build.0 = Debug|Any CPU
		{8984CA52-5F01-4E5D-A6BF-D0A614ABBE00}.Debug|x86.ActiveCfg = Debug|Any CPU
		{8984CA52-5F01-4E5D-A6BF-D0A614ABBE00}.Debug|x86.Build.0 = Debug|Any CPU
		{8984CA52-5F01-4E5D-A6BF-D0A614ABBE00}.DVD-5|Any CPU.ActiveCfg = Debug|Any CPU
		{8984CA52-5F01-4E5D-A6BF-D0A614ABBE00}.DVD-5|Any CPU.Build.0 = Debug|Any CPU
		{8984CA52-5F01-4E5D-A6BF-D0A614ABBE00}.DVD-5|Mixed Platforms.ActiveCfg = Debug|Any CPU
		{8984CA52-5F01-4E5D-A6BF-D0A614ABBE00}.DVD-5|Mixed Platforms.Build.0 = Debug|Any CPU
		{8984CA52-5F01-4E5D-A6BF-D0A614ABBE00}.DVD-5|x86.ActiveCfg = Debug|Any CPU
		{8984CA52-5F01-4E5D-A6BF-D0A614ABBE00}.DVD-5|x86.Build.0 = Debug|Any CPU
		{8984CA52-5F01-4E5D-A6BF-D0A614ABBE00}.Release|Any CPU.ActiveCfg = Debug|Any CPU
		{8984CA52-5F01-4E5D-A6BF-D0A614ABBE00}.Release|Any CPU.Build.0 = Debug|Any CPU
		{8984CA52-5F01-4E5D-A6BF-D0A614ABBE00}.Release|Mixed Platforms.ActiveCfg = Debug|Any CPU
		{8984CA52-5F01-4E5D-A6BF-D0A614ABBE00}.Release|Mixed Platforms.Build.0 = Debug|Any CPU
		{8984CA52-5F01-4E5D-A6BF-D0A614ABBE00}.Release|x86.ActiveCfg = Debug|Any CPU
		{8984CA52-5F01-4E5D-A6BF-D0A614ABBE00}.Release|x86.Build.0 = Debug|Any CPU
		{8984CA52-5F01-4E5D-A6BF-D0A614ABBE00}.SingleImage|Any CPU.ActiveCfg = Debug|Any CPU
		{8984CA52-5F01-4E5D-A6BF-D0A614ABBE00}.SingleImage|Any CPU.Build.0 = Debug|Any CPU
		{8984CA52-5F01-4E5D-A6BF-D0A614ABBE00}.SingleImage|Mixed Platforms.ActiveCfg = Debug|Any CPU
		{8984CA52-5F01-4E5D-A6BF-D0A614ABBE00}.SingleImage|x86.ActiveCfg = Debug|Any CPU
		{8984CA52-5F01-4E5D-A6BF-D0A614ABBE00}.SingleImage|x86.Build.0 = Debug|Any CPU
		{A83301EA-B271-47E6-8698-E138CFE8B07C}.CD_ROM|Any CPU.ActiveCfg = Release|Any CPU
		{A83301EA-B271-47E6-8698-E138CFE8B07C}.CD_ROM|Any CPU.Build.0 = Release|Any CPU
		{A83301EA-B271-47E6-8698-E138CFE8B07C}.CD_ROM|Mixed Platforms.ActiveCfg = Debug|Any CPU
		{A83301EA-B271-47E6-8698-E138CFE8B07C}.CD_ROM|Mixed Platforms.Build.0 = Debug|Any CPU
		{A83301EA-B271-47E6-8698-E138CFE8B07C}.CD_ROM|x86.ActiveCfg = Release|Any CPU
		{A83301EA-B271-47E6-8698-E138CFE8B07C}.CD_ROM|x86.Build.0 = Release|Any CPU
		{A83301EA-B271-47E6-8698-E138CFE8B07C}.Debug|Any CPU.ActiveCfg = Debug|Any CPU
		{A83301EA-B271-47E6-8698-E138CFE8B07C}.Debug|Any CPU.Build.0 = Debug|Any CPU
		{A83301EA-B271-47E6-8698-E138CFE8B07C}.Debug|Mixed Platforms.ActiveCfg = Debug|Any CPU
		{A83301EA-B271-47E6-8698-E138CFE8B07C}.Debug|Mixed Platforms.Build.0 = Debug|Any CPU
		{A83301EA-B271-47E6-8698-E138CFE8B07C}.Debug|x86.ActiveCfg = Debug|Any CPU
		{A83301EA-B271-47E6-8698-E138CFE8B07C}.Debug|x86.Build.0 = Debug|Any CPU
		{A83301EA-B271-47E6-8698-E138CFE8B07C}.DVD-5|Any CPU.ActiveCfg = Debug|Any CPU
		{A83301EA-B271-47E6-8698-E138CFE8B07C}.DVD-5|Any CPU.Build.0 = Debug|Any CPU
		{A83301EA-B271-47E6-8698-E138CFE8B07C}.DVD-5|Mixed Platforms.ActiveCfg = Debug|Any CPU
		{A83301EA-B271-47E6-8698-E138CFE8B07C}.DVD-5|Mixed Platforms.Build.0 = Debug|Any CPU
		{A83301EA-B271-47E6-8698-E138CFE8B07C}.DVD-5|x86.ActiveCfg = Debug|Any CPU
		{A83301EA-B271-47E6-8698-E138CFE8B07C}.DVD-5|x86.Build.0 = Debug|Any CPU
		{A83301EA-B271-47E6-8698-E138CFE8B07C}.Release|Any CPU.ActiveCfg = Release|Any CPU
		{A83301EA-B271-47E6-8698-E138CFE8B07C}.Release|Any CPU.Build.0 = Release|Any CPU
		{A83301EA-B271-47E6-8698-E138CFE8B07C}.Release|Mixed Platforms.ActiveCfg = Release|Any CPU
		{A83301EA-B271-47E6-8698-E138CFE8B07C}.Release|Mixed Platforms.Build.0 = Release|Any CPU
		{A83301EA-B271-47E6-8698-E138CFE8B07C}.Release|x86.ActiveCfg = Release|Any CPU
		{A83301EA-B271-47E6-8698-E138CFE8B07C}.Release|x86.Build.0 = Release|Any CPU
		{A83301EA-B271-47E6-8698-E138CFE8B07C}.SingleImage|Any CPU.ActiveCfg = Release|Any CPU
		{A83301EA-B271-47E6-8698-E138CFE8B07C}.SingleImage|Any CPU.Build.0 = Release|Any CPU
		{A83301EA-B271-47E6-8698-E138CFE8B07C}.SingleImage|Mixed Platforms.ActiveCfg = Release|Any CPU
		{A83301EA-B271-47E6-8698-E138CFE8B07C}.SingleImage|Mixed Platforms.Build.0 = Release|Any CPU
		{A83301EA-B271-47E6-8698-E138CFE8B07C}.SingleImage|x86.ActiveCfg = Release|Any CPU
		{A83301EA-B271-47E6-8698-E138CFE8B07C}.SingleImage|x86.Build.0 = Release|Any CPU
		{7B288026-5502-4A39-BF41-77E086F3E4A3}.CD_ROM|Any CPU.ActiveCfg = Release|Any CPU
		{7B288026-5502-4A39-BF41-77E086F3E4A3}.CD_ROM|Any CPU.Build.0 = Release|Any CPU
		{7B288026-5502-4A39-BF41-77E086F3E4A3}.CD_ROM|Mixed Platforms.ActiveCfg = Release|Any CPU
		{7B288026-5502-4A39-BF41-77E086F3E4A3}.CD_ROM|Mixed Platforms.Build.0 = Release|Any CPU
		{7B288026-5502-4A39-BF41-77E086F3E4A3}.CD_ROM|x86.ActiveCfg = Release|Any CPU
		{7B288026-5502-4A39-BF41-77E086F3E4A3}.CD_ROM|x86.Build.0 = Release|Any CPU
		{7B288026-5502-4A39-BF41-77E086F3E4A3}.Debug|Any CPU.ActiveCfg = Debug|Any CPU
		{7B288026-5502-4A39-BF41-77E086F3E4A3}.Debug|Any CPU.Build.0 = Debug|Any CPU
		{7B288026-5502-4A39-BF41-77E086F3E4A3}.Debug|Mixed Platforms.ActiveCfg = Debug|Any CPU
		{7B288026-5502-4A39-BF41-77E086F3E4A3}.Debug|Mixed Platforms.Build.0 = Debug|Any CPU
		{7B288026-5502-4A39-BF41-77E086F3E4A3}.Debug|x86.ActiveCfg = Debug|Any CPU
		{7B288026-5502-4A39-BF41-77E086F3E4A3}.Debug|x86.Build.0 = Debug|Any CPU
		{7B288026-5502-4A39-BF41-77E086F3E4A3}.DVD-5|Any CPU.ActiveCfg = Debug|Any CPU
		{7B288026-5502-4A39-BF41-77E086F3E4A3}.DVD-5|Any CPU.Build.0 = Debug|Any CPU
		{7B288026-5502-4A39-BF41-77E086F3E4A3}.DVD-5|Mixed Platforms.ActiveCfg = Debug|Any CPU
		{7B288026-5502-4A39-BF41-77E086F3E4A3}.DVD-5|Mixed Platforms.Build.0 = Debug|Any CPU
		{7B288026-5502-4A39-BF41-77E086F3E4A3}.DVD-5|x86.ActiveCfg = Debug|Any CPU
		{7B288026-5502-4A39-BF41-77E086F3E4A3}.DVD-5|x86.Build.0 = Debug|Any CPU
		{7B288026-5502-4A39-BF41-77E086F3E4A3}.Release|Any CPU.ActiveCfg = Release|Any CPU
		{7B288026-5502-4A39-BF41-77E086F3E4A3}.Release|Any CPU.Build.0 = Release|Any CPU
		{7B288026-5502-4A39-BF41-77E086F3E4A3}.Release|Mixed Platforms.ActiveCfg = Release|Any CPU
		{7B288026-5502-4A39-BF41-77E086F3E4A3}.Release|Mixed Platforms.Build.0 = Release|Any CPU
		{7B288026-5502-4A39-BF41-77E086F3E4A3}.Release|x86.ActiveCfg = Release|Any CPU
		{7B288026-5502-4A39-BF41-77E086F3E4A3}.Release|x86.Build.0 = Release|Any CPU
		{7B288026-5502-4A39-BF41-77E086F3E4A3}.SingleImage|Any CPU.ActiveCfg = Release|Any CPU
		{7B288026-5502-4A39-BF41-77E086F3E4A3}.SingleImage|Any CPU.Build.0 = Release|Any CPU
		{7B288026-5502-4A39-BF41-77E086F3E4A3}.SingleImage|Mixed Platforms.ActiveCfg = Debug|Any CPU
		{7B288026-5502-4A39-BF41-77E086F3E4A3}.SingleImage|Mixed Platforms.Build.0 = Debug|Any CPU
		{7B288026-5502-4A39-BF41-77E086F3E4A3}.SingleImage|x86.ActiveCfg = Release|Any CPU
		{7B288026-5502-4A39-BF41-77E086F3E4A3}.SingleImage|x86.Build.0 = Release|Any CPU
	EndGlobalSection
	GlobalSection(SolutionProperties) = preSolution
		HideSolutionNode = FALSE
	EndGlobalSection
	GlobalSection(NestedProjects) = preSolution
		{E88C653D-5518-4B96-9B99-6EFBD46A9141} = {A4B29FE9-48FA-4973-A5A4-B02F9920761A}
		{81713F8F-6D25-4E48-AE82-AC1BD2565442} = {A4B29FE9-48FA-4973-A5A4-B02F9920761A}
		{0AAE90F3-14E7-4DD8-8FCE-55AF88DC6698} = {AA8F1558-9FE4-4C50-9F9F-2DC43EEA5232}
		{0E71CDCE-D1C8-459E-AC82-2869F3200953} = {A4B29FE9-48FA-4973-A5A4-B02F9920761A}
		{A0024FC2-C528-45F8-9391-4B45889E53D9} = {A4B29FE9-48FA-4973-A5A4-B02F9920761A}
		{C4201447-B3C3-4F3A-9E5F-4FF9B5F48570} = {A4B29FE9-48FA-4973-A5A4-B02F9920761A}
		{0FC085A6-D00C-4C2A-80F9-CAB83E9F5DF4} = {CF4B039C-7597-4B14-8CDD-8D449FBF66A1}
		{6F8BE115-A31C-46B7-8C93-58093FAD8CD8} = {1001F659-7BD8-4F28-8CB6-BEE9331DCFE9}
		{427558D5-EF8D-40CF-90EA-91BBAB759FE6} = {A4B29FE9-48FA-4973-A5A4-B02F9920761A}
		{7F271925-B356-406F-905C-B50228883B24} = {1001F659-7BD8-4F28-8CB6-BEE9331DCFE9}
		{0FD4B1DD-45A8-4F02-BEB0-5881CD512573} = {A4B29FE9-48FA-4973-A5A4-B02F9920761A}
		{3D1E3BEB-CCF3-4E18-82FA-B7DB4DDFFDF6} = {A4B29FE9-48FA-4973-A5A4-B02F9920761A}
	EndGlobalSection
EndGlobal
